
Microsoft Visual Studio Solution File, Format Version 12.00
# Visual Studio 14
VisualStudioVersion = 14.0.25123.0
MinimumVisualStudioVersion = 10.0.40219.1
Project("{2150E333-8FDC-42A3-9474-1A3956D46DE8}") = "Tests", "Tests", "{8A2AF4EE-D9F8-4BD4-B858-F144C8448303}"
EndProject
Project("{FAE04EC0-301F-11D3-BF4B-00C04F79EFBC}") = "Creator", "Creator\Creator.csproj", "{10C7093E-9C35-48DC-B23B-DFBF5994591E}"
EndProject
Global
	GlobalSection(SolutionConfigurationPlatforms) = preSolution
		Debug|Any CPU = Debug|Any CPU
		Release|Any CPU = Release|Any CPU
	EndGlobalSection
	GlobalSection(ProjectConfigurationPlatforms) = postSolution
		{10C7093E-9C35-48DC-B23B-DFBF5994591E}.Debug|Any CPU.ActiveCfg = Debug|Any CPU
		{10C7093E-9C35-48DC-B23B-DFBF5994591E}.Debug|Any CPU.Build.0 = Debug|Any CPU
		{10C7093E-9C35-48DC-B23B-DFBF5994591E}.Release|Any CPU.ActiveCfg = Release|Any CPU
		{10C7093E-9C35-48DC-B23B-DFBF5994591E}.Release|Any CPU.Build.0 = Release|Any CPU
	EndGlobalSection
	GlobalSection(SolutionProperties) = preSolution
		HideSolutionNode = FALSE
	EndGlobalSection
	GlobalSection(NestedProjects) = preSolution
		{10C7093E-9C35-48DC-B23B-DFBF5994591E} = {8A2AF4EE-D9F8-4BD4-B858-F144C8448303}
	EndGlobalSection
EndGlobal
