
Microsoft Visual Studio Solution File, Format Version 12.00
# Visual Studio 14
VisualStudioVersion = 14.0.25420.1
MinimumVisualStudioVersion = 10.0.40219.1
Project("{FAE04EC0-301F-11D3-BF4B-00C04F79EFBC}") = "Variant1", "Variant1\Variant1.csproj", "{A7C8B34F-8259-4D94-91D0-0256858B007E}"
EndProject
Global
	GlobalSection(SolutionConfigurationPlatforms) = preSolution
		Debug|Any CPU = Debug|Any CPU
		Release|Any CPU = Release|Any CPU
	EndGlobalSection
	GlobalSection(ProjectConfigurationPlatforms) = postSolution
		{A7C8B34F-8259-4D94-91D0-0256858B007E}.Debug|Any CPU.ActiveCfg = Debug|Any CPU
		{A7C8B34F-8259-4D94-91D0-0256858B007E}.Debug|Any CPU.Build.0 = Debug|Any CPU
		{A7C8B34F-8259-4D94-91D0-0256858B007E}.Release|Any CPU.ActiveCfg = Release|Any CPU
		{A7C8B34F-8259-4D94-91D0-0256858B007E}.Release|Any CPU.Build.0 = Release|Any CPU
	EndGlobalSection
	GlobalSection(SolutionProperties) = preSolution
		HideSolutionNode = FALSE
	EndGlobalSection
EndGlobal
