
Microsoft Visual Studio Solution File, Format Version 12.00
# Visual Studio 15
VisualStudioVersion = 15.0.26430.16
MinimumVisualStudioVersion = 10.0.40219.1
Project("{FAE04EC0-301F-11D3-BF4B-00C04F79EFBC}") = "ThreadMonitor", "ThreadMonitor\ThreadMonitor.csproj", "{F9C12014-B9A5-4A0A-9E32-5E233A2CB904}"
EndProject
Project("{2150E333-8FDC-42A3-9474-1A3956D46DE8}") = "PSharp", "PSharp", "{6A075B14-5CA9-4B66-997B-CFE8E626104E}"
EndProject
Project("{9A19103F-16F7-4668-BE54-9A1E7A4F7556}") = "Core", "..\..\Core\Core.csproj", "{6DEBC6DB-D866-46DE-A55F-21DAA3BC458D}"
EndProject
Project("{9A19103F-16F7-4668-BE54-9A1E7A4F7556}") = "TestingServices", "..\..\TestingServices\TestingServices.csproj", "{31896F2D-63AE-4AC5-BBA2-5DE9BE60892E}"
EndProject
Project("{FAE04EC0-301F-11D3-BF4B-00C04F79EFBC}") = "RaceDetector", "RaceDetector\RaceDetector.csproj", "{FEC49B4E-0785-4EA8-82B6-8F1D246ABC9F}"
EndProject
Global
	GlobalSection(SolutionConfigurationPlatforms) = preSolution
		Debug|Any CPU = Debug|Any CPU
		Debug|x64 = Debug|x64
		Release|Any CPU = Release|Any CPU
		Release|x64 = Release|x64
		VsixCustomTool|Any CPU = VsixCustomTool|Any CPU
		VsixCustomTool|x64 = VsixCustomTool|x64
	EndGlobalSection
	GlobalSection(ProjectConfigurationPlatforms) = postSolution
		{F9C12014-B9A5-4A0A-9E32-5E233A2CB904}.Debug|Any CPU.ActiveCfg = Debug|Any CPU
		{F9C12014-B9A5-4A0A-9E32-5E233A2CB904}.Debug|Any CPU.Build.0 = Debug|Any CPU
		{F9C12014-B9A5-4A0A-9E32-5E233A2CB904}.Debug|x64.ActiveCfg = Debug|x64
		{F9C12014-B9A5-4A0A-9E32-5E233A2CB904}.Debug|x64.Build.0 = Debug|x64
		{F9C12014-B9A5-4A0A-9E32-5E233A2CB904}.Release|Any CPU.ActiveCfg = Release|Any CPU
		{F9C12014-B9A5-4A0A-9E32-5E233A2CB904}.Release|Any CPU.Build.0 = Release|Any CPU
		{F9C12014-B9A5-4A0A-9E32-5E233A2CB904}.Release|x64.ActiveCfg = Release|x64
		{F9C12014-B9A5-4A0A-9E32-5E233A2CB904}.Release|x64.Build.0 = Release|x64
		{F9C12014-B9A5-4A0A-9E32-5E233A2CB904}.VsixCustomTool|Any CPU.ActiveCfg = Release|Any CPU
		{F9C12014-B9A5-4A0A-9E32-5E233A2CB904}.VsixCustomTool|Any CPU.Build.0 = Release|Any CPU
		{F9C12014-B9A5-4A0A-9E32-5E233A2CB904}.VsixCustomTool|x64.ActiveCfg = Release|x64
		{F9C12014-B9A5-4A0A-9E32-5E233A2CB904}.VsixCustomTool|x64.Build.0 = Release|x64
		{6DEBC6DB-D866-46DE-A55F-21DAA3BC458D}.Debug|Any CPU.ActiveCfg = Debug|Any CPU
		{6DEBC6DB-D866-46DE-A55F-21DAA3BC458D}.Debug|Any CPU.Build.0 = Debug|Any CPU
		{6DEBC6DB-D866-46DE-A55F-21DAA3BC458D}.Debug|x64.ActiveCfg = Debug|Any CPU
		{6DEBC6DB-D866-46DE-A55F-21DAA3BC458D}.Debug|x64.Build.0 = Debug|Any CPU
		{6DEBC6DB-D866-46DE-A55F-21DAA3BC458D}.Release|Any CPU.ActiveCfg = Release|Any CPU
		{6DEBC6DB-D866-46DE-A55F-21DAA3BC458D}.Release|Any CPU.Build.0 = Release|Any CPU
		{6DEBC6DB-D866-46DE-A55F-21DAA3BC458D}.Release|x64.ActiveCfg = Release|Any CPU
		{6DEBC6DB-D866-46DE-A55F-21DAA3BC458D}.Release|x64.Build.0 = Release|Any CPU
		{6DEBC6DB-D866-46DE-A55F-21DAA3BC458D}.VsixCustomTool|Any CPU.ActiveCfg = Release|Any CPU
		{6DEBC6DB-D866-46DE-A55F-21DAA3BC458D}.VsixCustomTool|Any CPU.Build.0 = Release|Any CPU
		{6DEBC6DB-D866-46DE-A55F-21DAA3BC458D}.VsixCustomTool|x64.ActiveCfg = Release|Any CPU
		{6DEBC6DB-D866-46DE-A55F-21DAA3BC458D}.VsixCustomTool|x64.Build.0 = Release|Any CPU
		{31896F2D-63AE-4AC5-BBA2-5DE9BE60892E}.Debug|Any CPU.ActiveCfg = Debug|Any CPU
		{31896F2D-63AE-4AC5-BBA2-5DE9BE60892E}.Debug|Any CPU.Build.0 = Debug|Any CPU
		{31896F2D-63AE-4AC5-BBA2-5DE9BE60892E}.Debug|x64.ActiveCfg = Debug|Any CPU
		{31896F2D-63AE-4AC5-BBA2-5DE9BE60892E}.Debug|x64.Build.0 = Debug|Any CPU
		{31896F2D-63AE-4AC5-BBA2-5DE9BE60892E}.Release|Any CPU.ActiveCfg = Release|Any CPU
		{31896F2D-63AE-4AC5-BBA2-5DE9BE60892E}.Release|Any CPU.Build.0 = Release|Any CPU
		{31896F2D-63AE-4AC5-BBA2-5DE9BE60892E}.Release|x64.ActiveCfg = Release|Any CPU
		{31896F2D-63AE-4AC5-BBA2-5DE9BE60892E}.Release|x64.Build.0 = Release|Any CPU
		{31896F2D-63AE-4AC5-BBA2-5DE9BE60892E}.VsixCustomTool|Any CPU.ActiveCfg = Release|Any CPU
		{31896F2D-63AE-4AC5-BBA2-5DE9BE60892E}.VsixCustomTool|Any CPU.Build.0 = Release|Any CPU
		{31896F2D-63AE-4AC5-BBA2-5DE9BE60892E}.VsixCustomTool|x64.ActiveCfg = Release|Any CPU
		{31896F2D-63AE-4AC5-BBA2-5DE9BE60892E}.VsixCustomTool|x64.Build.0 = Release|Any CPU
		{FEC49B4E-0785-4EA8-82B6-8F1D246ABC9F}.Debug|Any CPU.ActiveCfg = Debug|Any CPU
		{FEC49B4E-0785-4EA8-82B6-8F1D246ABC9F}.Debug|Any CPU.Build.0 = Debug|Any CPU
		{FEC49B4E-0785-4EA8-82B6-8F1D246ABC9F}.Debug|x64.ActiveCfg = Debug|x64
		{FEC49B4E-0785-4EA8-82B6-8F1D246ABC9F}.Debug|x64.Build.0 = Debug|x64
		{FEC49B4E-0785-4EA8-82B6-8F1D246ABC9F}.Release|Any CPU.ActiveCfg = Release|Any CPU
		{FEC49B4E-0785-4EA8-82B6-8F1D246ABC9F}.Release|Any CPU.Build.0 = Release|Any CPU
		{FEC49B4E-0785-4EA8-82B6-8F1D246ABC9F}.Release|x64.ActiveCfg = Release|x64
		{FEC49B4E-0785-4EA8-82B6-8F1D246ABC9F}.Release|x64.Build.0 = Release|x64
		{FEC49B4E-0785-4EA8-82B6-8F1D246ABC9F}.VsixCustomTool|Any CPU.ActiveCfg = Release|Any CPU
		{FEC49B4E-0785-4EA8-82B6-8F1D246ABC9F}.VsixCustomTool|Any CPU.Build.0 = Release|Any CPU
		{FEC49B4E-0785-4EA8-82B6-8F1D246ABC9F}.VsixCustomTool|x64.ActiveCfg = Release|x64
		{FEC49B4E-0785-4EA8-82B6-8F1D246ABC9F}.VsixCustomTool|x64.Build.0 = Release|x64
	EndGlobalSection
	GlobalSection(SolutionProperties) = preSolution
		HideSolutionNode = FALSE
	EndGlobalSection
	GlobalSection(NestedProjects) = preSolution
		{6DEBC6DB-D866-46DE-A55F-21DAA3BC458D} = {6A075B14-5CA9-4B66-997B-CFE8E626104E}
		{31896F2D-63AE-4AC5-BBA2-5DE9BE60892E} = {6A075B14-5CA9-4B66-997B-CFE8E626104E}
	EndGlobalSection
EndGlobal
