
Microsoft Visual Studio Solution File, Format Version 12.00
# Visual Studio 14
VisualStudioVersion = 14.0.24720.0
MinimumVisualStudioVersion = 10.0.40219.1
Project("{2150E333-8FDC-42A3-9474-1A3956D46DE8}") = "PSharpAsLibrary", "PSharpAsLibrary", "{9F303C8B-A686-4BB2-BE75-29B00CF1DBA3}"
EndProject
Project("{FAE04EC0-301F-11D3-BF4B-00C04F79EFBC}") = "BoundedAsync", "BoundedAsync\BoundedAsync.csproj", "{A19C3F73-4BDA-4BB2-88CF-0EA3D7AFEFEA}"
EndProject
Project("{FAE04EC0-301F-11D3-BF4B-00C04F79EFBC}") = "FailureDetector", "FailureDetector\FailureDetector.csproj", "{95ABF93A-014F-45DF-B437-BB4AF99B251F}"
EndProject
Project("{FAE04EC0-301F-11D3-BF4B-00C04F79EFBC}") = "German", "German\German.csproj", "{CC95520D-F5BE-40B7-8161-3DCC89B9FE66}"
EndProject
Project("{FAE04EC0-301F-11D3-BF4B-00C04F79EFBC}") = "MultiPaxos", "MultiPaxos\MultiPaxos.csproj", "{A7A1F4B6-D6C3-4A90-AC2F-EC0D1B82BF50}"
EndProject
Project("{FAE04EC0-301F-11D3-BF4B-00C04F79EFBC}") = "Raft", "Raft\Raft.csproj", "{30E6C291-9479-437D-9E51-C0855B5C9447}"
EndProject
Project("{FAE04EC0-301F-11D3-BF4B-00C04F79EFBC}") = "ReplicatingStorage", "ReplicatingStorage\ReplicatingStorage.csproj", "{4F4ECEC3-A83A-4A27-AC55-D6888D314BA9}"
EndProject
Project("{FAE04EC0-301F-11D3-BF4B-00C04F79EFBC}") = "TwoPhaseCommit", "TwoPhaseCommit\TwoPhaseCommit.csproj", "{E68017E7-D94B-413E-BEF4-F29D5A61790E}"
EndProject
Project("{FAE04EC0-301F-11D3-BF4B-00C04F79EFBC}") = "ChainReplication", "ChainReplication\ChainReplication.csproj", "{C83734C9-6156-4AA7-AAD3-960058D49D50}"
EndProject
Project("{FAE04EC0-301F-11D3-BF4B-00C04F79EFBC}") = "Chord", "Chord\Chord.csproj", "{C851A75E-F49D-4A5D-9BF4-BB7746292BE6}"
EndProject
Project("{FAE04EC0-301F-11D3-BF4B-00C04F79EFBC}") = "PingPong", "PingPong\PingPong.csproj", "{10C7093E-9C35-48DC-B23B-DFBF5994591E}"
EndProject
Project("{FAE04EC0-301F-11D3-BF4B-00C04F79EFBC}") = "LeaderElection", "LeaderElection\LeaderElection.csproj", "{3532A6E8-E854-4088-8B0B-B1AFA21D671A}"
EndProject
Project("{FAE04EC0-301F-11D3-BF4B-00C04F79EFBC}") = "PiCompute", "PiCompute\PiCompute.csproj", "{1F3C8513-160E-4980-95DE-A6A2AD80ABA5}"
EndProject
Global
	GlobalSection(SolutionConfigurationPlatforms) = preSolution
		Debug|Any CPU = Debug|Any CPU
		Release|Any CPU = Release|Any CPU
	EndGlobalSection
	GlobalSection(ProjectConfigurationPlatforms) = postSolution
		{A19C3F73-4BDA-4BB2-88CF-0EA3D7AFEFEA}.Debug|Any CPU.ActiveCfg = Debug|Any CPU
		{A19C3F73-4BDA-4BB2-88CF-0EA3D7AFEFEA}.Debug|Any CPU.Build.0 = Debug|Any CPU
		{A19C3F73-4BDA-4BB2-88CF-0EA3D7AFEFEA}.Release|Any CPU.ActiveCfg = Release|Any CPU
		{A19C3F73-4BDA-4BB2-88CF-0EA3D7AFEFEA}.Release|Any CPU.Build.0 = Release|Any CPU
		{95ABF93A-014F-45DF-B437-BB4AF99B251F}.Debug|Any CPU.ActiveCfg = Debug|Any CPU
		{95ABF93A-014F-45DF-B437-BB4AF99B251F}.Debug|Any CPU.Build.0 = Debug|Any CPU
		{95ABF93A-014F-45DF-B437-BB4AF99B251F}.Release|Any CPU.ActiveCfg = Release|Any CPU
		{95ABF93A-014F-45DF-B437-BB4AF99B251F}.Release|Any CPU.Build.0 = Release|Any CPU
		{CC95520D-F5BE-40B7-8161-3DCC89B9FE66}.Debug|Any CPU.ActiveCfg = Debug|Any CPU
		{CC95520D-F5BE-40B7-8161-3DCC89B9FE66}.Debug|Any CPU.Build.0 = Debug|Any CPU
		{CC95520D-F5BE-40B7-8161-3DCC89B9FE66}.Release|Any CPU.ActiveCfg = Release|Any CPU
		{CC95520D-F5BE-40B7-8161-3DCC89B9FE66}.Release|Any CPU.Build.0 = Release|Any CPU
		{A7A1F4B6-D6C3-4A90-AC2F-EC0D1B82BF50}.Debug|Any CPU.ActiveCfg = Debug|Any CPU
		{A7A1F4B6-D6C3-4A90-AC2F-EC0D1B82BF50}.Debug|Any CPU.Build.0 = Debug|Any CPU
		{A7A1F4B6-D6C3-4A90-AC2F-EC0D1B82BF50}.Release|Any CPU.ActiveCfg = Release|Any CPU
		{A7A1F4B6-D6C3-4A90-AC2F-EC0D1B82BF50}.Release|Any CPU.Build.0 = Release|Any CPU
		{30E6C291-9479-437D-9E51-C0855B5C9447}.Debug|Any CPU.ActiveCfg = Debug|Any CPU
		{30E6C291-9479-437D-9E51-C0855B5C9447}.Debug|Any CPU.Build.0 = Debug|Any CPU
		{30E6C291-9479-437D-9E51-C0855B5C9447}.Release|Any CPU.ActiveCfg = Release|Any CPU
		{30E6C291-9479-437D-9E51-C0855B5C9447}.Release|Any CPU.Build.0 = Release|Any CPU
		{4F4ECEC3-A83A-4A27-AC55-D6888D314BA9}.Debug|Any CPU.ActiveCfg = Debug|Any CPU
		{4F4ECEC3-A83A-4A27-AC55-D6888D314BA9}.Debug|Any CPU.Build.0 = Debug|Any CPU
		{4F4ECEC3-A83A-4A27-AC55-D6888D314BA9}.Release|Any CPU.ActiveCfg = Release|Any CPU
		{4F4ECEC3-A83A-4A27-AC55-D6888D314BA9}.Release|Any CPU.Build.0 = Release|Any CPU
		{E68017E7-D94B-413E-BEF4-F29D5A61790E}.Debug|Any CPU.ActiveCfg = Debug|Any CPU
		{E68017E7-D94B-413E-BEF4-F29D5A61790E}.Debug|Any CPU.Build.0 = Debug|Any CPU
		{E68017E7-D94B-413E-BEF4-F29D5A61790E}.Release|Any CPU.ActiveCfg = Release|Any CPU
		{E68017E7-D94B-413E-BEF4-F29D5A61790E}.Release|Any CPU.Build.0 = Release|Any CPU
		{C83734C9-6156-4AA7-AAD3-960058D49D50}.Debug|Any CPU.ActiveCfg = Debug|Any CPU
		{C83734C9-6156-4AA7-AAD3-960058D49D50}.Debug|Any CPU.Build.0 = Debug|Any CPU
		{C83734C9-6156-4AA7-AAD3-960058D49D50}.Release|Any CPU.ActiveCfg = Release|Any CPU
		{C83734C9-6156-4AA7-AAD3-960058D49D50}.Release|Any CPU.Build.0 = Release|Any CPU
		{C851A75E-F49D-4A5D-9BF4-BB7746292BE6}.Debug|Any CPU.ActiveCfg = Debug|Any CPU
		{C851A75E-F49D-4A5D-9BF4-BB7746292BE6}.Debug|Any CPU.Build.0 = Debug|Any CPU
		{C851A75E-F49D-4A5D-9BF4-BB7746292BE6}.Release|Any CPU.ActiveCfg = Release|Any CPU
		{C851A75E-F49D-4A5D-9BF4-BB7746292BE6}.Release|Any CPU.Build.0 = Release|Any CPU
		{10C7093E-9C35-48DC-B23B-DFBF5994591E}.Debug|Any CPU.ActiveCfg = Debug|Any CPU
		{10C7093E-9C35-48DC-B23B-DFBF5994591E}.Debug|Any CPU.Build.0 = Debug|Any CPU
		{10C7093E-9C35-48DC-B23B-DFBF5994591E}.Release|Any CPU.ActiveCfg = Release|Any CPU
		{10C7093E-9C35-48DC-B23B-DFBF5994591E}.Release|Any CPU.Build.0 = Release|Any CPU
		{3532A6E8-E854-4088-8B0B-B1AFA21D671A}.Debug|Any CPU.ActiveCfg = Debug|Any CPU
		{3532A6E8-E854-4088-8B0B-B1AFA21D671A}.Debug|Any CPU.Build.0 = Debug|Any CPU
		{3532A6E8-E854-4088-8B0B-B1AFA21D671A}.Release|Any CPU.ActiveCfg = Release|Any CPU
		{3532A6E8-E854-4088-8B0B-B1AFA21D671A}.Release|Any CPU.Build.0 = Release|Any CPU
		{1F3C8513-160E-4980-95DE-A6A2AD80ABA5}.Debug|Any CPU.ActiveCfg = Debug|Any CPU
		{1F3C8513-160E-4980-95DE-A6A2AD80ABA5}.Debug|Any CPU.Build.0 = Debug|Any CPU
		{1F3C8513-160E-4980-95DE-A6A2AD80ABA5}.Release|Any CPU.ActiveCfg = Release|Any CPU
		{1F3C8513-160E-4980-95DE-A6A2AD80ABA5}.Release|Any CPU.Build.0 = Release|Any CPU
	EndGlobalSection
	GlobalSection(SolutionProperties) = preSolution
		HideSolutionNode = FALSE
	EndGlobalSection
	GlobalSection(NestedProjects) = preSolution
		{A19C3F73-4BDA-4BB2-88CF-0EA3D7AFEFEA} = {9F303C8B-A686-4BB2-BE75-29B00CF1DBA3}
		{95ABF93A-014F-45DF-B437-BB4AF99B251F} = {9F303C8B-A686-4BB2-BE75-29B00CF1DBA3}
		{CC95520D-F5BE-40B7-8161-3DCC89B9FE66} = {9F303C8B-A686-4BB2-BE75-29B00CF1DBA3}
		{A7A1F4B6-D6C3-4A90-AC2F-EC0D1B82BF50} = {9F303C8B-A686-4BB2-BE75-29B00CF1DBA3}
		{30E6C291-9479-437D-9E51-C0855B5C9447} = {9F303C8B-A686-4BB2-BE75-29B00CF1DBA3}
		{4F4ECEC3-A83A-4A27-AC55-D6888D314BA9} = {9F303C8B-A686-4BB2-BE75-29B00CF1DBA3}
		{E68017E7-D94B-413E-BEF4-F29D5A61790E} = {9F303C8B-A686-4BB2-BE75-29B00CF1DBA3}
		{C83734C9-6156-4AA7-AAD3-960058D49D50} = {9F303C8B-A686-4BB2-BE75-29B00CF1DBA3}
		{C851A75E-F49D-4A5D-9BF4-BB7746292BE6} = {9F303C8B-A686-4BB2-BE75-29B00CF1DBA3}
		{10C7093E-9C35-48DC-B23B-DFBF5994591E} = {9F303C8B-A686-4BB2-BE75-29B00CF1DBA3}
		{3532A6E8-E854-4088-8B0B-B1AFA21D671A} = {9F303C8B-A686-4BB2-BE75-29B00CF1DBA3}
		{1F3C8513-160E-4980-95DE-A6A2AD80ABA5} = {9F303C8B-A686-4BB2-BE75-29B00CF1DBA3}
	EndGlobalSection
EndGlobal
