
Microsoft Visual Studio Solution File, Format Version 12.00
# Visual Studio 15
VisualStudioVersion = 15.0.28307.757
MinimumVisualStudioVersion = 10.0.40219.1
Project("{9A19103F-16F7-4668-BE54-9A1E7A4F7556}") = "DHittingTestingClient", "DHittingTestingClient.csproj", "{8BB04FFD-4271-4745-886B-2385209B2F56}"
EndProject
Project("{FAE04EC0-301F-11D3-BF4B-00C04F79EFBC}") = "DHittingTests", "..\DHittingTests\DHittingTests.csproj", "{363B7FA9-2F00-4328-B8A4-5D417D9E875E}"
EndProject
Global
	GlobalSection(SolutionConfigurationPlatforms) = preSolution
		Debug|Any CPU = Debug|Any CPU
		Release|Any CPU = Release|Any CPU
	EndGlobalSection
	GlobalSection(ProjectConfigurationPlatforms) = postSolution
		{8BB04FFD-4271-4745-886B-2385209B2F56}.Debug|Any CPU.ActiveCfg = Debug|Any CPU
		{8BB04FFD-4271-4745-886B-2385209B2F56}.Debug|Any CPU.Build.0 = Debug|Any CPU
		{8BB04FFD-4271-4745-886B-2385209B2F56}.Release|Any CPU.ActiveCfg = Release|Any CPU
		{8BB04FFD-4271-4745-886B-2385209B2F56}.Release|Any CPU.Build.0 = Release|Any CPU
		{363B7FA9-2F00-4328-B8A4-5D417D9E875E}.Debug|Any CPU.ActiveCfg = Debug|Any CPU
		{363B7FA9-2F00-4328-B8A4-5D417D9E875E}.Debug|Any CPU.Build.0 = Debug|Any CPU
		{363B7FA9-2F00-4328-B8A4-5D417D9E875E}.Release|Any CPU.ActiveCfg = Release|Any CPU
		{363B7FA9-2F00-4328-B8A4-5D417D9E875E}.Release|Any CPU.Build.0 = Release|Any CPU
	EndGlobalSection
	GlobalSection(SolutionProperties) = preSolution
		HideSolutionNode = FALSE
	EndGlobalSection
	GlobalSection(ExtensibilityGlobals) = postSolution
		SolutionGuid = {624880A4-496A-47C9-B7D6-9CFD26ADA6A1}
	EndGlobalSection
EndGlobal
