
Microsoft Visual Studio Solution File, Format Version 12.00
# Visual Studio 14
VisualStudioVersion = 14.0.25420.1
MinimumVisualStudioVersion = 10.0.40219.1
Project("{2150E333-8FDC-42A3-9474-1A3956D46DE8}") = "Libraries", "Libraries", "{6F835BCA-788A-4C38-933B-DBE71F40797F}"
EndProject
Project("{2150E333-8FDC-42A3-9474-1A3956D46DE8}") = "Tests", "Tests", "{8A2AF4EE-D9F8-4BD4-B858-F144C8448303}"
EndProject
Project("{2150E333-8FDC-42A3-9474-1A3956D46DE8}") = "AddOns", "AddOns", "{C3ACE0E7-34EA-4C55-BF73-53D973C4CE12}"
EndProject
Project("{2150E333-8FDC-42A3-9474-1A3956D46DE8}") = "Tools", "Tools", "{1A773927-9427-43C5-A10A-6BB7F3C211AA}"
EndProject
Project("{FAE04EC0-301F-11D3-BF4B-00C04F79EFBC}") = "Core", "Libraries\Core\Core.csproj", "{2E330C40-60EA-4A94-8813-9747B93A1795}"
EndProject
Project("{FAE04EC0-301F-11D3-BF4B-00C04F79EFBC}") = "LanguageServices", "Libraries\LanguageServices\LanguageServices.csproj", "{06CCBE95-2E41-4188-BB97-AEE702C1BD25}"
EndProject
Project("{FAE04EC0-301F-11D3-BF4B-00C04F79EFBC}") = "TestingServices", "Libraries\TestingServices\TestingServices.csproj", "{D88418AB-C8B8-4FB2-9FBA-F0E994E42F37}"
EndProject
Project("{FAE04EC0-301F-11D3-BF4B-00C04F79EFBC}") = "StaticAnalysis", "Libraries\StaticAnalysis\StaticAnalysis.csproj", "{DA00A188-9D9E-4D4F-901C-C2A2CBC84CB6}"
EndProject
Project("{FAE04EC0-301F-11D3-BF4B-00C04F79EFBC}") = "DataFlowAnalysis", "AddOns\DataFlowAnalysis\DataFlowAnalysis.csproj", "{6CF10554-1535-4FE0-A949-EEA5025D8604}"
EndProject
Project("{2150E333-8FDC-42A3-9474-1A3956D46DE8}") = "Testing", "Testing", "{C1659EFB-75FE-4428-845C-E7A4B451C970}"
EndProject
Project("{2150E333-8FDC-42A3-9474-1A3956D46DE8}") = "Compilation", "Compilation", "{FBEC43B7-819D-4CD7-B868-3854C1E714D4}"
EndProject
Project("{FAE04EC0-301F-11D3-BF4B-00C04F79EFBC}") = "Compiler", "Tools\Compilation\Compiler\Compiler.csproj", "{C3EF9C6F-9B39-4A8A-A196-6A403F265E25}"
EndProject
Project("{FAE04EC0-301F-11D3-BF4B-00C04F79EFBC}") = "SyntaxRewriter", "Tools\Compilation\SyntaxRewriter\SyntaxRewriter.csproj", "{09842F43-E27A-4DFC-8DE6-61DDACB788CD}"
EndProject
Project("{FAE04EC0-301F-11D3-BF4B-00C04F79EFBC}") = "Replayer", "Tools\Testing\Replayer\Replayer.csproj", "{4E2102B1-1172-4DF1-9387-0126089BDAFE}"
EndProject
Project("{FAE04EC0-301F-11D3-BF4B-00C04F79EFBC}") = "Tester", "Tools\Testing\Tester\Tester.csproj", "{F30AE100-BE49-4944-B5A2-6D8D4310CC0B}"
EndProject
Project("{FAE04EC0-301F-11D3-BF4B-00C04F79EFBC}") = "TraceViewer", "Tools\Testing\TraceViewer\TraceViewer.csproj", "{17DD1184-C1F7-41B6-8DFD-F159CE7D78CC}"
EndProject
Project("{FAE04EC0-301F-11D3-BF4B-00C04F79EFBC}") = "CoverageReportMerger", "Tools\Testing\CoverageReportMerger\CoverageReportMerger.csproj", "{00B4E016-7218-48B5-81F6-975544EFA374}"
EndProject
Project("{FAE04EC0-301F-11D3-BF4B-00C04F79EFBC}") = "SyntaxRewriterProcess", "Tools\Compilation\SyntaxRewriterProcess\SyntaxRewriterProcess.csproj", "{012662C4-0382-4CCE-8AFE-308D87332F81}"
EndProject
Project("{FAE04EC0-301F-11D3-BF4B-00C04F79EFBC}") = "Core.Tests.Unit", "Tests\Core.Tests.Unit\Core.Tests.Unit.csproj", "{5EF5C09B-E16D-4F7C-8246-29F1A7AB4961}"
EndProject
Project("{FAE04EC0-301F-11D3-BF4B-00C04F79EFBC}") = "LanguageServices.Tests.Unit", "Tests\LanguageServices.Tests.Unit\LanguageServices.Tests.Unit.csproj", "{7808DB8F-51DD-4712-A6F6-45FE7BC60412}"
EndProject
Project("{FAE04EC0-301F-11D3-BF4B-00C04F79EFBC}") = "StaticAnalysis.Tests.Unit", "Tests\StaticAnalysis.Tests.Unit\StaticAnalysis.Tests.Unit.csproj", "{9230EB49-8195-4050-B364-01A8459DB49F}"
EndProject
Project("{FAE04EC0-301F-11D3-BF4B-00C04F79EFBC}") = "TestingServices.Tests.Unit", "Tests\TestingServices.Tests.Unit\TestingServices.Tests.Unit.csproj", "{B34878DE-AB7D-4EA2-9867-A2AB42FF8CFB}"
EndProject
Global
	GlobalSection(SolutionConfigurationPlatforms) = preSolution
		Debug|Any CPU = Debug|Any CPU
		Release|Any CPU = Release|Any CPU
		VsixCustomTool|Any CPU = VsixCustomTool|Any CPU
	EndGlobalSection
	GlobalSection(ProjectConfigurationPlatforms) = postSolution
		{2E330C40-60EA-4A94-8813-9747B93A1795}.Debug|Any CPU.ActiveCfg = Debug|Any CPU
		{2E330C40-60EA-4A94-8813-9747B93A1795}.Debug|Any CPU.Build.0 = Debug|Any CPU
		{2E330C40-60EA-4A94-8813-9747B93A1795}.Release|Any CPU.ActiveCfg = Release|Any CPU
		{2E330C40-60EA-4A94-8813-9747B93A1795}.Release|Any CPU.Build.0 = Release|Any CPU
		{2E330C40-60EA-4A94-8813-9747B93A1795}.VsixCustomTool|Any CPU.ActiveCfg = VsixCustomTool|Any CPU
		{2E330C40-60EA-4A94-8813-9747B93A1795}.VsixCustomTool|Any CPU.Build.0 = VsixCustomTool|Any CPU
		{06CCBE95-2E41-4188-BB97-AEE702C1BD25}.Debug|Any CPU.ActiveCfg = Debug|Any CPU
		{06CCBE95-2E41-4188-BB97-AEE702C1BD25}.Debug|Any CPU.Build.0 = Debug|Any CPU
		{06CCBE95-2E41-4188-BB97-AEE702C1BD25}.Release|Any CPU.ActiveCfg = Release|Any CPU
		{06CCBE95-2E41-4188-BB97-AEE702C1BD25}.Release|Any CPU.Build.0 = Release|Any CPU
		{06CCBE95-2E41-4188-BB97-AEE702C1BD25}.VsixCustomTool|Any CPU.ActiveCfg = VsixCustomTool|Any CPU
		{06CCBE95-2E41-4188-BB97-AEE702C1BD25}.VsixCustomTool|Any CPU.Build.0 = VsixCustomTool|Any CPU
		{D88418AB-C8B8-4FB2-9FBA-F0E994E42F37}.Debug|Any CPU.ActiveCfg = Debug|Any CPU
		{D88418AB-C8B8-4FB2-9FBA-F0E994E42F37}.Debug|Any CPU.Build.0 = Debug|Any CPU
		{D88418AB-C8B8-4FB2-9FBA-F0E994E42F37}.Release|Any CPU.ActiveCfg = Release|Any CPU
		{D88418AB-C8B8-4FB2-9FBA-F0E994E42F37}.Release|Any CPU.Build.0 = Release|Any CPU
		{D88418AB-C8B8-4FB2-9FBA-F0E994E42F37}.VsixCustomTool|Any CPU.ActiveCfg = VsixCustomTool|Any CPU
		{D88418AB-C8B8-4FB2-9FBA-F0E994E42F37}.VsixCustomTool|Any CPU.Build.0 = VsixCustomTool|Any CPU
		{DA00A188-9D9E-4D4F-901C-C2A2CBC84CB6}.Debug|Any CPU.ActiveCfg = Debug|Any CPU
		{DA00A188-9D9E-4D4F-901C-C2A2CBC84CB6}.Debug|Any CPU.Build.0 = Debug|Any CPU
		{DA00A188-9D9E-4D4F-901C-C2A2CBC84CB6}.Release|Any CPU.ActiveCfg = Release|Any CPU
		{DA00A188-9D9E-4D4F-901C-C2A2CBC84CB6}.Release|Any CPU.Build.0 = Release|Any CPU
		{DA00A188-9D9E-4D4F-901C-C2A2CBC84CB6}.VsixCustomTool|Any CPU.ActiveCfg = VsixCustomTool|Any CPU
		{DA00A188-9D9E-4D4F-901C-C2A2CBC84CB6}.VsixCustomTool|Any CPU.Build.0 = VsixCustomTool|Any CPU
		{6CF10554-1535-4FE0-A949-EEA5025D8604}.Debug|Any CPU.ActiveCfg = Debug|Any CPU
		{6CF10554-1535-4FE0-A949-EEA5025D8604}.Debug|Any CPU.Build.0 = Debug|Any CPU
		{6CF10554-1535-4FE0-A949-EEA5025D8604}.Release|Any CPU.ActiveCfg = Release|Any CPU
		{6CF10554-1535-4FE0-A949-EEA5025D8604}.Release|Any CPU.Build.0 = Release|Any CPU
		{6CF10554-1535-4FE0-A949-EEA5025D8604}.VsixCustomTool|Any CPU.ActiveCfg = VsixCustomTool|Any CPU
		{6CF10554-1535-4FE0-A949-EEA5025D8604}.VsixCustomTool|Any CPU.Build.0 = VsixCustomTool|Any CPU
		{C3EF9C6F-9B39-4A8A-A196-6A403F265E25}.Debug|Any CPU.ActiveCfg = Debug|Any CPU
		{C3EF9C6F-9B39-4A8A-A196-6A403F265E25}.Debug|Any CPU.Build.0 = Debug|Any CPU
		{C3EF9C6F-9B39-4A8A-A196-6A403F265E25}.Release|Any CPU.ActiveCfg = Release|Any CPU
		{C3EF9C6F-9B39-4A8A-A196-6A403F265E25}.Release|Any CPU.Build.0 = Release|Any CPU
		{C3EF9C6F-9B39-4A8A-A196-6A403F265E25}.VsixCustomTool|Any CPU.ActiveCfg = VsixCustomTool|Any CPU
		{C3EF9C6F-9B39-4A8A-A196-6A403F265E25}.VsixCustomTool|Any CPU.Build.0 = VsixCustomTool|Any CPU
		{09842F43-E27A-4DFC-8DE6-61DDACB788CD}.Debug|Any CPU.ActiveCfg = Debug|Any CPU
		{09842F43-E27A-4DFC-8DE6-61DDACB788CD}.Debug|Any CPU.Build.0 = Debug|Any CPU
		{09842F43-E27A-4DFC-8DE6-61DDACB788CD}.Release|Any CPU.ActiveCfg = Release|Any CPU
		{09842F43-E27A-4DFC-8DE6-61DDACB788CD}.Release|Any CPU.Build.0 = Release|Any CPU
		{09842F43-E27A-4DFC-8DE6-61DDACB788CD}.VsixCustomTool|Any CPU.ActiveCfg = VsixCustomTool|Any CPU
		{09842F43-E27A-4DFC-8DE6-61DDACB788CD}.VsixCustomTool|Any CPU.Build.0 = VsixCustomTool|Any CPU
		{4E2102B1-1172-4DF1-9387-0126089BDAFE}.Debug|Any CPU.ActiveCfg = Debug|Any CPU
		{4E2102B1-1172-4DF1-9387-0126089BDAFE}.Debug|Any CPU.Build.0 = Debug|Any CPU
		{4E2102B1-1172-4DF1-9387-0126089BDAFE}.Release|Any CPU.ActiveCfg = Release|Any CPU
		{4E2102B1-1172-4DF1-9387-0126089BDAFE}.Release|Any CPU.Build.0 = Release|Any CPU
		{4E2102B1-1172-4DF1-9387-0126089BDAFE}.VsixCustomTool|Any CPU.ActiveCfg = VsixCustomTool|Any CPU
		{4E2102B1-1172-4DF1-9387-0126089BDAFE}.VsixCustomTool|Any CPU.Build.0 = VsixCustomTool|Any CPU
		{F30AE100-BE49-4944-B5A2-6D8D4310CC0B}.Debug|Any CPU.ActiveCfg = Debug|Any CPU
		{F30AE100-BE49-4944-B5A2-6D8D4310CC0B}.Debug|Any CPU.Build.0 = Debug|Any CPU
		{F30AE100-BE49-4944-B5A2-6D8D4310CC0B}.Release|Any CPU.ActiveCfg = Release|Any CPU
		{F30AE100-BE49-4944-B5A2-6D8D4310CC0B}.Release|Any CPU.Build.0 = Release|Any CPU
		{F30AE100-BE49-4944-B5A2-6D8D4310CC0B}.VsixCustomTool|Any CPU.ActiveCfg = VsixCustomTool|Any CPU
		{F30AE100-BE49-4944-B5A2-6D8D4310CC0B}.VsixCustomTool|Any CPU.Build.0 = VsixCustomTool|Any CPU
		{17DD1184-C1F7-41B6-8DFD-F159CE7D78CC}.Debug|Any CPU.ActiveCfg = Debug|Any CPU
		{17DD1184-C1F7-41B6-8DFD-F159CE7D78CC}.Debug|Any CPU.Build.0 = Debug|Any CPU
		{17DD1184-C1F7-41B6-8DFD-F159CE7D78CC}.Release|Any CPU.ActiveCfg = Release|Any CPU
		{17DD1184-C1F7-41B6-8DFD-F159CE7D78CC}.Release|Any CPU.Build.0 = Release|Any CPU
		{17DD1184-C1F7-41B6-8DFD-F159CE7D78CC}.VsixCustomTool|Any CPU.ActiveCfg = VsixCustomTool|Any CPU
		{17DD1184-C1F7-41B6-8DFD-F159CE7D78CC}.VsixCustomTool|Any CPU.Build.0 = VsixCustomTool|Any CPU
		{00B4E016-7218-48B5-81F6-975544EFA374}.Debug|Any CPU.ActiveCfg = Debug|Any CPU
		{00B4E016-7218-48B5-81F6-975544EFA374}.Debug|Any CPU.Build.0 = Debug|Any CPU
		{00B4E016-7218-48B5-81F6-975544EFA374}.Release|Any CPU.ActiveCfg = Release|Any CPU
		{00B4E016-7218-48B5-81F6-975544EFA374}.Release|Any CPU.Build.0 = Release|Any CPU
		{00B4E016-7218-48B5-81F6-975544EFA374}.VsixCustomTool|Any CPU.ActiveCfg = Release|Any CPU
		{00B4E016-7218-48B5-81F6-975544EFA374}.VsixCustomTool|Any CPU.Build.0 = Release|Any CPU
		{012662C4-0382-4CCE-8AFE-308D87332F81}.Debug|Any CPU.ActiveCfg = Debug|Any CPU
		{012662C4-0382-4CCE-8AFE-308D87332F81}.Debug|Any CPU.Build.0 = Debug|Any CPU
		{012662C4-0382-4CCE-8AFE-308D87332F81}.Release|Any CPU.ActiveCfg = Release|Any CPU
		{012662C4-0382-4CCE-8AFE-308D87332F81}.Release|Any CPU.Build.0 = Release|Any CPU
		{012662C4-0382-4CCE-8AFE-308D87332F81}.VsixCustomTool|Any CPU.ActiveCfg = VsixCustomTool|Any CPU
		{012662C4-0382-4CCE-8AFE-308D87332F81}.VsixCustomTool|Any CPU.Build.0 = VsixCustomTool|Any CPU
		{5EF5C09B-E16D-4F7C-8246-29F1A7AB4961}.Debug|Any CPU.ActiveCfg = Debug|Any CPU
		{5EF5C09B-E16D-4F7C-8246-29F1A7AB4961}.Debug|Any CPU.Build.0 = Debug|Any CPU
		{5EF5C09B-E16D-4F7C-8246-29F1A7AB4961}.Release|Any CPU.ActiveCfg = Release|Any CPU
		{5EF5C09B-E16D-4F7C-8246-29F1A7AB4961}.Release|Any CPU.Build.0 = Release|Any CPU
		{5EF5C09B-E16D-4F7C-8246-29F1A7AB4961}.VsixCustomTool|Any CPU.ActiveCfg = Release|Any CPU
		{5EF5C09B-E16D-4F7C-8246-29F1A7AB4961}.VsixCustomTool|Any CPU.Build.0 = Release|Any CPU
		{7808DB8F-51DD-4712-A6F6-45FE7BC60412}.Debug|Any CPU.ActiveCfg = Debug|Any CPU
		{7808DB8F-51DD-4712-A6F6-45FE7BC60412}.Debug|Any CPU.Build.0 = Debug|Any CPU
		{7808DB8F-51DD-4712-A6F6-45FE7BC60412}.Release|Any CPU.ActiveCfg = Release|Any CPU
		{7808DB8F-51DD-4712-A6F6-45FE7BC60412}.Release|Any CPU.Build.0 = Release|Any CPU
		{7808DB8F-51DD-4712-A6F6-45FE7BC60412}.VsixCustomTool|Any CPU.ActiveCfg = Release|Any CPU
		{7808DB8F-51DD-4712-A6F6-45FE7BC60412}.VsixCustomTool|Any CPU.Build.0 = Release|Any CPU
		{9230EB49-8195-4050-B364-01A8459DB49F}.Debug|Any CPU.ActiveCfg = Debug|Any CPU
		{9230EB49-8195-4050-B364-01A8459DB49F}.Debug|Any CPU.Build.0 = Debug|Any CPU
		{9230EB49-8195-4050-B364-01A8459DB49F}.Release|Any CPU.ActiveCfg = Release|Any CPU
		{9230EB49-8195-4050-B364-01A8459DB49F}.Release|Any CPU.Build.0 = Release|Any CPU
		{9230EB49-8195-4050-B364-01A8459DB49F}.VsixCustomTool|Any CPU.ActiveCfg = Release|Any CPU
		{9230EB49-8195-4050-B364-01A8459DB49F}.VsixCustomTool|Any CPU.Build.0 = Release|Any CPU
		{B34878DE-AB7D-4EA2-9867-A2AB42FF8CFB}.Debug|Any CPU.ActiveCfg = Debug|Any CPU
		{B34878DE-AB7D-4EA2-9867-A2AB42FF8CFB}.Debug|Any CPU.Build.0 = Debug|Any CPU
		{B34878DE-AB7D-4EA2-9867-A2AB42FF8CFB}.Release|Any CPU.ActiveCfg = Release|Any CPU
		{B34878DE-AB7D-4EA2-9867-A2AB42FF8CFB}.Release|Any CPU.Build.0 = Release|Any CPU
		{B34878DE-AB7D-4EA2-9867-A2AB42FF8CFB}.VsixCustomTool|Any CPU.ActiveCfg = Release|Any CPU
		{B34878DE-AB7D-4EA2-9867-A2AB42FF8CFB}.VsixCustomTool|Any CPU.Build.0 = Release|Any CPU
	EndGlobalSection
	GlobalSection(SolutionProperties) = preSolution
		HideSolutionNode = FALSE
	EndGlobalSection
	GlobalSection(NestedProjects) = preSolution
		{2E330C40-60EA-4A94-8813-9747B93A1795} = {6F835BCA-788A-4C38-933B-DBE71F40797F}
		{06CCBE95-2E41-4188-BB97-AEE702C1BD25} = {6F835BCA-788A-4C38-933B-DBE71F40797F}
		{D88418AB-C8B8-4FB2-9FBA-F0E994E42F37} = {6F835BCA-788A-4C38-933B-DBE71F40797F}
		{DA00A188-9D9E-4D4F-901C-C2A2CBC84CB6} = {6F835BCA-788A-4C38-933B-DBE71F40797F}
		{6CF10554-1535-4FE0-A949-EEA5025D8604} = {C3ACE0E7-34EA-4C55-BF73-53D973C4CE12}
		{C1659EFB-75FE-4428-845C-E7A4B451C970} = {1A773927-9427-43C5-A10A-6BB7F3C211AA}
		{FBEC43B7-819D-4CD7-B868-3854C1E714D4} = {1A773927-9427-43C5-A10A-6BB7F3C211AA}
		{C3EF9C6F-9B39-4A8A-A196-6A403F265E25} = {FBEC43B7-819D-4CD7-B868-3854C1E714D4}
		{09842F43-E27A-4DFC-8DE6-61DDACB788CD} = {FBEC43B7-819D-4CD7-B868-3854C1E714D4}
		{4E2102B1-1172-4DF1-9387-0126089BDAFE} = {C1659EFB-75FE-4428-845C-E7A4B451C970}
		{F30AE100-BE49-4944-B5A2-6D8D4310CC0B} = {C1659EFB-75FE-4428-845C-E7A4B451C970}
		{17DD1184-C1F7-41B6-8DFD-F159CE7D78CC} = {C1659EFB-75FE-4428-845C-E7A4B451C970}
		{00B4E016-7218-48B5-81F6-975544EFA374} = {C1659EFB-75FE-4428-845C-E7A4B451C970}
		{012662C4-0382-4CCE-8AFE-308D87332F81} = {FBEC43B7-819D-4CD7-B868-3854C1E714D4}
		{5EF5C09B-E16D-4F7C-8246-29F1A7AB4961} = {8A2AF4EE-D9F8-4BD4-B858-F144C8448303}
		{7808DB8F-51DD-4712-A6F6-45FE7BC60412} = {8A2AF4EE-D9F8-4BD4-B858-F144C8448303}
		{9230EB49-8195-4050-B364-01A8459DB49F} = {8A2AF4EE-D9F8-4BD4-B858-F144C8448303}
		{B34878DE-AB7D-4EA2-9867-A2AB42FF8CFB} = {8A2AF4EE-D9F8-4BD4-B858-F144C8448303}
	EndGlobalSection
EndGlobal
