
Microsoft Visual Studio Solution File, Format Version 12.00
# Visual Studio 15
VisualStudioVersion = 15.0.27130.2010
MinimumVisualStudioVersion = 10.0.40219.1
Project("{2150E333-8FDC-42A3-9474-1A3956D46DE8}") = "Build", "Build", "{458F6344-4ADE-475F-8A31-4DF3D01CF364}"
	ProjectSection(SolutionItems) = preProject
		Build\common.props = Build\common.props
		Build\dependencies.props = Build\dependencies.props
		Build\key.props = Build\key.props
		Build\version.props = Build\version.props
	EndProjectSection
EndProject
Project("{2150E333-8FDC-42A3-9474-1A3956D46DE8}") = "Source", "Source", "{83369B7E-5C21-4D49-A14C-E8A6A4892807}"
EndProject
Project("{2150E333-8FDC-42A3-9474-1A3956D46DE8}") = "Tests", "Tests", "{2012300C-6E5D-47A0-9D57-B3F0A73AA1D4}"
EndProject
Project("{2150E333-8FDC-42A3-9474-1A3956D46DE8}") = "AddOns", "AddOns", "{65338B9B-4990-4C3A-9BB1-2B9E30115157}"
EndProject
Project("{2150E333-8FDC-42A3-9474-1A3956D46DE8}") = "Compilation", "Compilation", "{DE643885-060D-4CF0-A5F2-5065AD97E22C}"
EndProject
Project("{2150E333-8FDC-42A3-9474-1A3956D46DE8}") = "Testing", "Testing", "{DF864130-1926-4B4E-92AF-B5D5C3AB152D}"
EndProject
Project("{2150E333-8FDC-42A3-9474-1A3956D46DE8}") = "Visualization", "Visualization", "{7F2B5F90-3922-43FD-A0F0-81D7C7DB92C0}"
EndProject
Project("{9A19103F-16F7-4668-BE54-9A1E7A4F7556}") = "DataFlowAnalysis", "Source\AddOns\DataFlowAnalysis\DataFlowAnalysis.csproj", "{E7E05651-1177-46C6-9878-C509C6887595}"
EndProject
Project("{9A19103F-16F7-4668-BE54-9A1E7A4F7556}") = "Core", "Source\Core\Core.csproj", "{E75DB9C9-7842-4AE4-A29D-624F6B49F607}"
EndProject
Project("{9A19103F-16F7-4668-BE54-9A1E7A4F7556}") = "LanguageServices", "Source\LanguageServices\LanguageServices.csproj", "{ADC2EC6E-E62E-4F23-A284-E586D6C6F317}"
EndProject
Project("{9A19103F-16F7-4668-BE54-9A1E7A4F7556}") = "StaticAnalysis", "Source\StaticAnalysis\StaticAnalysis.csproj", "{6C2F2903-AE81-46C4-AA98-4E847CD4211C}"
EndProject
Project("{9A19103F-16F7-4668-BE54-9A1E7A4F7556}") = "TestingServices", "Source\TestingServices\TestingServices.csproj", "{C28B3E1F-A955-49A1-8CAE-2B0374F9444A}"
EndProject
Project("{FAE04EC0-301F-11D3-BF4B-00C04F79EFBC}") = "TraceViewer", "Tools\Visualization\TraceViewer\TraceViewer.csproj", "{17DD1184-C1F7-41B6-8DFD-F159CE7D78CC}"
EndProject
Project("{9A19103F-16F7-4668-BE54-9A1E7A4F7556}") = "CoverageReportMerger", "Tools\Testing\CoverageReportMerger\CoverageReportMerger.csproj", "{AB7728CE-164F-4D09-82DB-3CE6389D897C}"
EndProject
Project("{9A19103F-16F7-4668-BE54-9A1E7A4F7556}") = "Replayer", "Tools\Testing\Replayer\Replayer.csproj", "{82BA322D-C3E2-493E-8BEE-BB48414C34DF}"
EndProject
Project("{9A19103F-16F7-4668-BE54-9A1E7A4F7556}") = "Tester", "Tools\Testing\Tester\Tester.csproj", "{E6C9AF6D-091C-4DAF-BCB6-BFFB0CF12843}"
EndProject
Project("{9A19103F-16F7-4668-BE54-9A1E7A4F7556}") = "Compiler", "Tools\Compilation\Compiler\Compiler.csproj", "{5C52D3AC-4D2B-42A3-9F2C-0262429D5422}"
EndProject
Project("{9A19103F-16F7-4668-BE54-9A1E7A4F7556}") = "SyntaxRewriter", "Tools\Compilation\SyntaxRewriter\SyntaxRewriter.csproj", "{AF354199-9267-4985-80F9-95F605655FAC}"
EndProject
Project("{9A19103F-16F7-4668-BE54-9A1E7A4F7556}") = "SyntaxRewriterProcess", "Tools\Compilation\SyntaxRewriterProcess\SyntaxRewriterProcess.csproj", "{942CBB98-CA0F-437F-B9C8-AB744DE03938}"
EndProject
Project("{9A19103F-16F7-4668-BE54-9A1E7A4F7556}") = "Core.Tests.Performance", "Tests\Core.Tests.Performance\Core.Tests.Performance.csproj", "{3F8C726A-6466-4421-94E3-F106B7C8E113}"
EndProject
Project("{9A19103F-16F7-4668-BE54-9A1E7A4F7556}") = "Core.Tests.Unit", "Tests\Core.Tests.Unit\Core.Tests.Unit.csproj", "{911F1779-3558-4590-836C-C75112D65FD8}"
EndProject
Project("{9A19103F-16F7-4668-BE54-9A1E7A4F7556}") = "LanguageServices.Tests.Unit", "Tests\LanguageServices.Tests.Unit\LanguageServices.Tests.Unit.csproj", "{C271677B-2089-4760-9F2B-F06701979920}"
EndProject
Project("{9A19103F-16F7-4668-BE54-9A1E7A4F7556}") = "StaticAnalysis.Tests.Unit", "Tests\StaticAnalysis.Tests.Unit\StaticAnalysis.Tests.Unit.csproj", "{9DF50717-ECD3-42D5-9065-AE2D758BE58A}"
EndProject
Project("{9A19103F-16F7-4668-BE54-9A1E7A4F7556}") = "TestingServices.Tests.Integration", "Tests\TestingServices.Tests.Integration\TestingServices.Tests.Integration.csproj", "{76D50149-6984-4597-880B-F7F92AA118EB}"
EndProject
Project("{9A19103F-16F7-4668-BE54-9A1E7A4F7556}") = "TestingServices.Tests.Unit", "Tests\TestingServices.Tests.Unit\TestingServices.Tests.Unit.csproj", "{DABC68C1-79D3-4324-A750-7CF72E0A0ACF}"
EndProject
Project("{2150E333-8FDC-42A3-9474-1A3956D46DE8}") = "Tools", "Tools", "{9BC0914F-3068-4148-B778-4CA27D828D39}"
EndProject
Project("{9A19103F-16F7-4668-BE54-9A1E7A4F7556}") = "SharedObjects", "Source\SharedObjects\SharedObjects.csproj", "{B1A04084-448F-4765-9068-C8C7D5F0C6C6}"
EndProject
Project("{9A19103F-16F7-4668-BE54-9A1E7A4F7556}") = "SharedObjects.Tests.Unit", "Tests\SharedObjects.Tests.Unit\SharedObjects.Tests.Unit.csproj", "{4240DE34-A775-4B3E-A67A-37E50AC9850B}"
EndProject
Project("{9A19103F-16F7-4668-BE54-9A1E7A4F7556}") = "SchedulingStrategies", "Source\SchedulingStrategies\SchedulingStrategies.csproj", "{2A3D4399-787C-4F97-8591-6A8021775AE0}"
EndProject
Project("{9A19103F-16F7-4668-BE54-9A1E7A4F7556}") = "ServiceFabric", "Source\AddOns\ServiceFabric\Runtime\ServiceFabric.csproj", "{FEA85222-5599-4DE3-A4AD-286C6B5A698B}"
EndProject
Project("{9A19103F-16F7-4668-BE54-9A1E7A4F7556}") = "ResourceManager.SF", "Source\AddOns\ServiceFabric\ResourceManager\Service\ResourceManager.SF.csproj", "{0A746374-CF0D-43E3-B960-8665A7800022}"
EndProject
Project("{FAE04EC0-301F-11D3-BF4B-00C04F79EFBC}") = "StateManagerMock", "Source\AddOns\ServiceFabric\StateManagerMock\StateManagerMock.csproj", "{B1A703F2-EF2B-4083-9A41-ABF897F94B7E}"
EndProject
Project("{2150E333-8FDC-42A3-9474-1A3956D46DE8}") = "Samples", "Samples", "{99BBC3D0-DB63-48B6-8A60-7DDB63CFA25E}"
EndProject
Project("{9A19103F-16F7-4668-BE54-9A1E7A4F7556}") = "ReactiveQueueService", "Source\AddOns\ServiceFabric\Samples\ReactiveQueueApp\Service\ReactiveQueueService.csproj", "{B12D6A30-9773-4748-990C-C97D8B18740B}"
EndProject
Project("{A07B5EB6-E848-4116-A8D0-A826331D98C6}") = "ReactiveQueueApp", "Source\AddOns\ServiceFabric\Samples\ReactiveQueueApp\App\ReactiveQueueApp.sfproj", "{7588D4AD-282A-44DC-9035-E420E3151BC0}"
EndProject
Project("{9A19103F-16F7-4668-BE54-9A1E7A4F7556}") = "PingPong", "Source\AddOns\ServiceFabric\Samples\PingPong\PingPong.csproj", "{EC40A01A-17BA-4269-9376-07004FAC77F3}"
EndProject
Project("{9A19103F-16F7-4668-BE54-9A1E7A4F7556}") = "PoolDriver", "Source\AddOns\ServiceFabric\Samples\DemoApp\Service\PoolDriver\PoolDriver.csproj", "{93FA3598-0088-4B0F-83F7-40E0A2E7E757}"
EndProject
Project("{9A19103F-16F7-4668-BE54-9A1E7A4F7556}") = "PoolManager", "Source\AddOns\ServiceFabric\Samples\DemoApp\Service\PoolManager\PoolManager.csproj", "{53B214E8-2A24-4433-BFE8-6F39D19D89D3}"
EndProject
Project("{9A19103F-16F7-4668-BE54-9A1E7A4F7556}") = "VMManager", "Source\AddOns\ServiceFabric\Samples\DemoApp\Service\VMManager\VMManager.csproj", "{42608C60-EFEF-4F94-BA7F-9E2D10F5AE24}"
EndProject
Project("{2150E333-8FDC-42A3-9474-1A3956D46DE8}") = "PoolServices", "PoolServices", "{FE5B9A61-E336-45AF-8749-41D28F8065DB}"
EndProject
Project("{A07B5EB6-E848-4116-A8D0-A826331D98C6}") = "DemoApp", "Source\AddOns\ServiceFabric\Samples\DemoApp\Application\DemoApp.sfproj", "{540905E1-B7A7-44C8-92B0-710C6F7690DC}"
EndProject
Project("{9A19103F-16F7-4668-BE54-9A1E7A4F7556}") = "PoolServicesContract", "Source\AddOns\ServiceFabric\Samples\DemoApp\Service\Contracts\PoolServicesContract.csproj", "{85D05D93-25F0-4468-AC4F-3571F4E2A02D}"
EndProject
Global
	GlobalSection(SolutionConfigurationPlatforms) = preSolution
		Debug|Any CPU = Debug|Any CPU
		Debug|x64 = Debug|x64
		Release|Any CPU = Release|Any CPU
		Release|x64 = Release|x64
	EndGlobalSection
	GlobalSection(ProjectConfigurationPlatforms) = postSolution
		{E7E05651-1177-46C6-9878-C509C6887595}.Debug|Any CPU.ActiveCfg = Debug|Any CPU
		{E7E05651-1177-46C6-9878-C509C6887595}.Debug|Any CPU.Build.0 = Debug|Any CPU
		{E7E05651-1177-46C6-9878-C509C6887595}.Debug|x64.ActiveCfg = Debug|x64
		{E7E05651-1177-46C6-9878-C509C6887595}.Debug|x64.Build.0 = Debug|x64
		{E7E05651-1177-46C6-9878-C509C6887595}.Release|Any CPU.ActiveCfg = Release|Any CPU
		{E7E05651-1177-46C6-9878-C509C6887595}.Release|Any CPU.Build.0 = Release|Any CPU
		{E7E05651-1177-46C6-9878-C509C6887595}.Release|x64.ActiveCfg = Release|x64
		{E7E05651-1177-46C6-9878-C509C6887595}.Release|x64.Build.0 = Release|x64
		{E75DB9C9-7842-4AE4-A29D-624F6B49F607}.Debug|Any CPU.ActiveCfg = Debug|Any CPU
		{E75DB9C9-7842-4AE4-A29D-624F6B49F607}.Debug|Any CPU.Build.0 = Debug|Any CPU
		{E75DB9C9-7842-4AE4-A29D-624F6B49F607}.Debug|x64.ActiveCfg = Debug|x64
		{E75DB9C9-7842-4AE4-A29D-624F6B49F607}.Debug|x64.Build.0 = Debug|x64
		{E75DB9C9-7842-4AE4-A29D-624F6B49F607}.Release|Any CPU.ActiveCfg = Release|Any CPU
		{E75DB9C9-7842-4AE4-A29D-624F6B49F607}.Release|Any CPU.Build.0 = Release|Any CPU
		{E75DB9C9-7842-4AE4-A29D-624F6B49F607}.Release|x64.ActiveCfg = Release|x64
		{E75DB9C9-7842-4AE4-A29D-624F6B49F607}.Release|x64.Build.0 = Release|x64
		{ADC2EC6E-E62E-4F23-A284-E586D6C6F317}.Debug|Any CPU.ActiveCfg = Debug|Any CPU
		{ADC2EC6E-E62E-4F23-A284-E586D6C6F317}.Debug|Any CPU.Build.0 = Debug|Any CPU
		{ADC2EC6E-E62E-4F23-A284-E586D6C6F317}.Debug|x64.ActiveCfg = Debug|x64
		{ADC2EC6E-E62E-4F23-A284-E586D6C6F317}.Debug|x64.Build.0 = Debug|x64
		{ADC2EC6E-E62E-4F23-A284-E586D6C6F317}.Release|Any CPU.ActiveCfg = Release|Any CPU
		{ADC2EC6E-E62E-4F23-A284-E586D6C6F317}.Release|Any CPU.Build.0 = Release|Any CPU
		{ADC2EC6E-E62E-4F23-A284-E586D6C6F317}.Release|x64.ActiveCfg = Release|x64
		{ADC2EC6E-E62E-4F23-A284-E586D6C6F317}.Release|x64.Build.0 = Release|x64
		{6C2F2903-AE81-46C4-AA98-4E847CD4211C}.Debug|Any CPU.ActiveCfg = Debug|Any CPU
		{6C2F2903-AE81-46C4-AA98-4E847CD4211C}.Debug|Any CPU.Build.0 = Debug|Any CPU
		{6C2F2903-AE81-46C4-AA98-4E847CD4211C}.Debug|x64.ActiveCfg = Debug|x64
		{6C2F2903-AE81-46C4-AA98-4E847CD4211C}.Debug|x64.Build.0 = Debug|x64
		{6C2F2903-AE81-46C4-AA98-4E847CD4211C}.Release|Any CPU.ActiveCfg = Release|Any CPU
		{6C2F2903-AE81-46C4-AA98-4E847CD4211C}.Release|Any CPU.Build.0 = Release|Any CPU
		{6C2F2903-AE81-46C4-AA98-4E847CD4211C}.Release|x64.ActiveCfg = Release|x64
		{6C2F2903-AE81-46C4-AA98-4E847CD4211C}.Release|x64.Build.0 = Release|x64
		{C28B3E1F-A955-49A1-8CAE-2B0374F9444A}.Debug|Any CPU.ActiveCfg = Debug|Any CPU
		{C28B3E1F-A955-49A1-8CAE-2B0374F9444A}.Debug|Any CPU.Build.0 = Debug|Any CPU
		{C28B3E1F-A955-49A1-8CAE-2B0374F9444A}.Debug|x64.ActiveCfg = Debug|x64
		{C28B3E1F-A955-49A1-8CAE-2B0374F9444A}.Debug|x64.Build.0 = Debug|x64
		{C28B3E1F-A955-49A1-8CAE-2B0374F9444A}.Release|Any CPU.ActiveCfg = Release|Any CPU
		{C28B3E1F-A955-49A1-8CAE-2B0374F9444A}.Release|Any CPU.Build.0 = Release|Any CPU
		{C28B3E1F-A955-49A1-8CAE-2B0374F9444A}.Release|x64.ActiveCfg = Release|x64
		{C28B3E1F-A955-49A1-8CAE-2B0374F9444A}.Release|x64.Build.0 = Release|x64
		{17DD1184-C1F7-41B6-8DFD-F159CE7D78CC}.Debug|Any CPU.ActiveCfg = Debug|Any CPU
		{17DD1184-C1F7-41B6-8DFD-F159CE7D78CC}.Debug|Any CPU.Build.0 = Debug|Any CPU
		{17DD1184-C1F7-41B6-8DFD-F159CE7D78CC}.Debug|x64.ActiveCfg = Debug|x64
		{17DD1184-C1F7-41B6-8DFD-F159CE7D78CC}.Debug|x64.Build.0 = Debug|x64
		{17DD1184-C1F7-41B6-8DFD-F159CE7D78CC}.Release|Any CPU.ActiveCfg = Release|Any CPU
		{17DD1184-C1F7-41B6-8DFD-F159CE7D78CC}.Release|Any CPU.Build.0 = Release|Any CPU
		{17DD1184-C1F7-41B6-8DFD-F159CE7D78CC}.Release|x64.ActiveCfg = Release|x64
		{17DD1184-C1F7-41B6-8DFD-F159CE7D78CC}.Release|x64.Build.0 = Release|x64
		{AB7728CE-164F-4D09-82DB-3CE6389D897C}.Debug|Any CPU.ActiveCfg = Debug|Any CPU
		{AB7728CE-164F-4D09-82DB-3CE6389D897C}.Debug|Any CPU.Build.0 = Debug|Any CPU
		{AB7728CE-164F-4D09-82DB-3CE6389D897C}.Debug|x64.ActiveCfg = Debug|x64
		{AB7728CE-164F-4D09-82DB-3CE6389D897C}.Debug|x64.Build.0 = Debug|x64
		{AB7728CE-164F-4D09-82DB-3CE6389D897C}.Release|Any CPU.ActiveCfg = Release|Any CPU
		{AB7728CE-164F-4D09-82DB-3CE6389D897C}.Release|Any CPU.Build.0 = Release|Any CPU
		{AB7728CE-164F-4D09-82DB-3CE6389D897C}.Release|x64.ActiveCfg = Release|x64
		{AB7728CE-164F-4D09-82DB-3CE6389D897C}.Release|x64.Build.0 = Release|x64
		{82BA322D-C3E2-493E-8BEE-BB48414C34DF}.Debug|Any CPU.ActiveCfg = Debug|Any CPU
		{82BA322D-C3E2-493E-8BEE-BB48414C34DF}.Debug|Any CPU.Build.0 = Debug|Any CPU
		{82BA322D-C3E2-493E-8BEE-BB48414C34DF}.Debug|x64.ActiveCfg = Debug|x64
		{82BA322D-C3E2-493E-8BEE-BB48414C34DF}.Debug|x64.Build.0 = Debug|x64
		{82BA322D-C3E2-493E-8BEE-BB48414C34DF}.Release|Any CPU.ActiveCfg = Release|Any CPU
		{82BA322D-C3E2-493E-8BEE-BB48414C34DF}.Release|Any CPU.Build.0 = Release|Any CPU
		{82BA322D-C3E2-493E-8BEE-BB48414C34DF}.Release|x64.ActiveCfg = Release|x64
		{82BA322D-C3E2-493E-8BEE-BB48414C34DF}.Release|x64.Build.0 = Release|x64
		{E6C9AF6D-091C-4DAF-BCB6-BFFB0CF12843}.Debug|Any CPU.ActiveCfg = Debug|Any CPU
		{E6C9AF6D-091C-4DAF-BCB6-BFFB0CF12843}.Debug|Any CPU.Build.0 = Debug|Any CPU
		{E6C9AF6D-091C-4DAF-BCB6-BFFB0CF12843}.Debug|x64.ActiveCfg = Debug|x64
		{E6C9AF6D-091C-4DAF-BCB6-BFFB0CF12843}.Debug|x64.Build.0 = Debug|x64
		{E6C9AF6D-091C-4DAF-BCB6-BFFB0CF12843}.Release|Any CPU.ActiveCfg = Release|Any CPU
		{E6C9AF6D-091C-4DAF-BCB6-BFFB0CF12843}.Release|Any CPU.Build.0 = Release|Any CPU
		{E6C9AF6D-091C-4DAF-BCB6-BFFB0CF12843}.Release|x64.ActiveCfg = Release|x64
		{E6C9AF6D-091C-4DAF-BCB6-BFFB0CF12843}.Release|x64.Build.0 = Release|x64
		{5C52D3AC-4D2B-42A3-9F2C-0262429D5422}.Debug|Any CPU.ActiveCfg = Debug|Any CPU
		{5C52D3AC-4D2B-42A3-9F2C-0262429D5422}.Debug|Any CPU.Build.0 = Debug|Any CPU
		{5C52D3AC-4D2B-42A3-9F2C-0262429D5422}.Debug|x64.ActiveCfg = Debug|x64
		{5C52D3AC-4D2B-42A3-9F2C-0262429D5422}.Debug|x64.Build.0 = Debug|x64
		{5C52D3AC-4D2B-42A3-9F2C-0262429D5422}.Release|Any CPU.ActiveCfg = Release|Any CPU
		{5C52D3AC-4D2B-42A3-9F2C-0262429D5422}.Release|Any CPU.Build.0 = Release|Any CPU
		{5C52D3AC-4D2B-42A3-9F2C-0262429D5422}.Release|x64.ActiveCfg = Release|x64
		{5C52D3AC-4D2B-42A3-9F2C-0262429D5422}.Release|x64.Build.0 = Release|x64
		{AF354199-9267-4985-80F9-95F605655FAC}.Debug|Any CPU.ActiveCfg = Debug|Any CPU
		{AF354199-9267-4985-80F9-95F605655FAC}.Debug|Any CPU.Build.0 = Debug|Any CPU
		{AF354199-9267-4985-80F9-95F605655FAC}.Debug|x64.ActiveCfg = Debug|x64
		{AF354199-9267-4985-80F9-95F605655FAC}.Debug|x64.Build.0 = Debug|x64
		{AF354199-9267-4985-80F9-95F605655FAC}.Release|Any CPU.ActiveCfg = Release|Any CPU
		{AF354199-9267-4985-80F9-95F605655FAC}.Release|Any CPU.Build.0 = Release|Any CPU
		{AF354199-9267-4985-80F9-95F605655FAC}.Release|x64.ActiveCfg = Release|x64
		{AF354199-9267-4985-80F9-95F605655FAC}.Release|x64.Build.0 = Release|x64
		{942CBB98-CA0F-437F-B9C8-AB744DE03938}.Debug|Any CPU.ActiveCfg = Debug|Any CPU
		{942CBB98-CA0F-437F-B9C8-AB744DE03938}.Debug|Any CPU.Build.0 = Debug|Any CPU
		{942CBB98-CA0F-437F-B9C8-AB744DE03938}.Debug|x64.ActiveCfg = Debug|x64
		{942CBB98-CA0F-437F-B9C8-AB744DE03938}.Debug|x64.Build.0 = Debug|x64
		{942CBB98-CA0F-437F-B9C8-AB744DE03938}.Release|Any CPU.ActiveCfg = Release|Any CPU
		{942CBB98-CA0F-437F-B9C8-AB744DE03938}.Release|Any CPU.Build.0 = Release|Any CPU
		{942CBB98-CA0F-437F-B9C8-AB744DE03938}.Release|x64.ActiveCfg = Release|x64
		{942CBB98-CA0F-437F-B9C8-AB744DE03938}.Release|x64.Build.0 = Release|x64
		{3F8C726A-6466-4421-94E3-F106B7C8E113}.Debug|Any CPU.ActiveCfg = Debug|Any CPU
		{3F8C726A-6466-4421-94E3-F106B7C8E113}.Debug|Any CPU.Build.0 = Debug|Any CPU
		{3F8C726A-6466-4421-94E3-F106B7C8E113}.Debug|x64.ActiveCfg = Debug|x64
		{3F8C726A-6466-4421-94E3-F106B7C8E113}.Debug|x64.Build.0 = Debug|x64
		{3F8C726A-6466-4421-94E3-F106B7C8E113}.Release|Any CPU.ActiveCfg = Release|Any CPU
		{3F8C726A-6466-4421-94E3-F106B7C8E113}.Release|Any CPU.Build.0 = Release|Any CPU
		{3F8C726A-6466-4421-94E3-F106B7C8E113}.Release|x64.ActiveCfg = Release|x64
		{3F8C726A-6466-4421-94E3-F106B7C8E113}.Release|x64.Build.0 = Release|x64
		{911F1779-3558-4590-836C-C75112D65FD8}.Debug|Any CPU.ActiveCfg = Debug|Any CPU
		{911F1779-3558-4590-836C-C75112D65FD8}.Debug|Any CPU.Build.0 = Debug|Any CPU
		{911F1779-3558-4590-836C-C75112D65FD8}.Debug|x64.ActiveCfg = Debug|x64
		{911F1779-3558-4590-836C-C75112D65FD8}.Debug|x64.Build.0 = Debug|x64
		{911F1779-3558-4590-836C-C75112D65FD8}.Release|Any CPU.ActiveCfg = Release|Any CPU
		{911F1779-3558-4590-836C-C75112D65FD8}.Release|Any CPU.Build.0 = Release|Any CPU
		{911F1779-3558-4590-836C-C75112D65FD8}.Release|x64.ActiveCfg = Release|x64
		{911F1779-3558-4590-836C-C75112D65FD8}.Release|x64.Build.0 = Release|x64
		{C271677B-2089-4760-9F2B-F06701979920}.Debug|Any CPU.ActiveCfg = Debug|Any CPU
		{C271677B-2089-4760-9F2B-F06701979920}.Debug|Any CPU.Build.0 = Debug|Any CPU
		{C271677B-2089-4760-9F2B-F06701979920}.Debug|x64.ActiveCfg = Debug|x64
		{C271677B-2089-4760-9F2B-F06701979920}.Debug|x64.Build.0 = Debug|x64
		{C271677B-2089-4760-9F2B-F06701979920}.Release|Any CPU.ActiveCfg = Release|Any CPU
		{C271677B-2089-4760-9F2B-F06701979920}.Release|Any CPU.Build.0 = Release|Any CPU
		{C271677B-2089-4760-9F2B-F06701979920}.Release|x64.ActiveCfg = Release|x64
		{C271677B-2089-4760-9F2B-F06701979920}.Release|x64.Build.0 = Release|x64
		{9DF50717-ECD3-42D5-9065-AE2D758BE58A}.Debug|Any CPU.ActiveCfg = Debug|Any CPU
		{9DF50717-ECD3-42D5-9065-AE2D758BE58A}.Debug|Any CPU.Build.0 = Debug|Any CPU
		{9DF50717-ECD3-42D5-9065-AE2D758BE58A}.Debug|x64.ActiveCfg = Debug|x64
		{9DF50717-ECD3-42D5-9065-AE2D758BE58A}.Debug|x64.Build.0 = Debug|x64
		{9DF50717-ECD3-42D5-9065-AE2D758BE58A}.Release|Any CPU.ActiveCfg = Release|Any CPU
		{9DF50717-ECD3-42D5-9065-AE2D758BE58A}.Release|Any CPU.Build.0 = Release|Any CPU
		{9DF50717-ECD3-42D5-9065-AE2D758BE58A}.Release|x64.ActiveCfg = Release|x64
		{9DF50717-ECD3-42D5-9065-AE2D758BE58A}.Release|x64.Build.0 = Release|x64
		{76D50149-6984-4597-880B-F7F92AA118EB}.Debug|Any CPU.ActiveCfg = Debug|Any CPU
		{76D50149-6984-4597-880B-F7F92AA118EB}.Debug|Any CPU.Build.0 = Debug|Any CPU
		{76D50149-6984-4597-880B-F7F92AA118EB}.Debug|x64.ActiveCfg = Debug|x64
		{76D50149-6984-4597-880B-F7F92AA118EB}.Debug|x64.Build.0 = Debug|x64
		{76D50149-6984-4597-880B-F7F92AA118EB}.Release|Any CPU.ActiveCfg = Release|Any CPU
		{76D50149-6984-4597-880B-F7F92AA118EB}.Release|Any CPU.Build.0 = Release|Any CPU
		{76D50149-6984-4597-880B-F7F92AA118EB}.Release|x64.ActiveCfg = Release|x64
		{76D50149-6984-4597-880B-F7F92AA118EB}.Release|x64.Build.0 = Release|x64
		{DABC68C1-79D3-4324-A750-7CF72E0A0ACF}.Debug|Any CPU.ActiveCfg = Debug|Any CPU
		{DABC68C1-79D3-4324-A750-7CF72E0A0ACF}.Debug|Any CPU.Build.0 = Debug|Any CPU
		{DABC68C1-79D3-4324-A750-7CF72E0A0ACF}.Debug|x64.ActiveCfg = Debug|x64
		{DABC68C1-79D3-4324-A750-7CF72E0A0ACF}.Debug|x64.Build.0 = Debug|x64
		{DABC68C1-79D3-4324-A750-7CF72E0A0ACF}.Release|Any CPU.ActiveCfg = Release|Any CPU
		{DABC68C1-79D3-4324-A750-7CF72E0A0ACF}.Release|Any CPU.Build.0 = Release|Any CPU
		{DABC68C1-79D3-4324-A750-7CF72E0A0ACF}.Release|x64.ActiveCfg = Release|x64
		{DABC68C1-79D3-4324-A750-7CF72E0A0ACF}.Release|x64.Build.0 = Release|x64
		{B1A04084-448F-4765-9068-C8C7D5F0C6C6}.Debug|Any CPU.ActiveCfg = Debug|Any CPU
		{B1A04084-448F-4765-9068-C8C7D5F0C6C6}.Debug|Any CPU.Build.0 = Debug|Any CPU
		{B1A04084-448F-4765-9068-C8C7D5F0C6C6}.Debug|x64.ActiveCfg = Debug|x64
		{B1A04084-448F-4765-9068-C8C7D5F0C6C6}.Debug|x64.Build.0 = Debug|x64
		{B1A04084-448F-4765-9068-C8C7D5F0C6C6}.Release|Any CPU.ActiveCfg = Release|Any CPU
		{B1A04084-448F-4765-9068-C8C7D5F0C6C6}.Release|Any CPU.Build.0 = Release|Any CPU
		{B1A04084-448F-4765-9068-C8C7D5F0C6C6}.Release|x64.ActiveCfg = Release|x64
		{B1A04084-448F-4765-9068-C8C7D5F0C6C6}.Release|x64.Build.0 = Release|x64
		{4240DE34-A775-4B3E-A67A-37E50AC9850B}.Debug|Any CPU.ActiveCfg = Debug|Any CPU
		{4240DE34-A775-4B3E-A67A-37E50AC9850B}.Debug|Any CPU.Build.0 = Debug|Any CPU
		{4240DE34-A775-4B3E-A67A-37E50AC9850B}.Debug|x64.ActiveCfg = Debug|x64
		{4240DE34-A775-4B3E-A67A-37E50AC9850B}.Debug|x64.Build.0 = Debug|x64
		{4240DE34-A775-4B3E-A67A-37E50AC9850B}.Release|Any CPU.ActiveCfg = Release|Any CPU
		{4240DE34-A775-4B3E-A67A-37E50AC9850B}.Release|Any CPU.Build.0 = Release|Any CPU
		{4240DE34-A775-4B3E-A67A-37E50AC9850B}.Release|x64.ActiveCfg = Release|x64
		{4240DE34-A775-4B3E-A67A-37E50AC9850B}.Release|x64.Build.0 = Release|x64
		{2A3D4399-787C-4F97-8591-6A8021775AE0}.Debug|Any CPU.ActiveCfg = Debug|Any CPU
		{2A3D4399-787C-4F97-8591-6A8021775AE0}.Debug|Any CPU.Build.0 = Debug|Any CPU
		{2A3D4399-787C-4F97-8591-6A8021775AE0}.Debug|x64.ActiveCfg = Debug|x64
		{2A3D4399-787C-4F97-8591-6A8021775AE0}.Debug|x64.Build.0 = Debug|x64
		{2A3D4399-787C-4F97-8591-6A8021775AE0}.Release|Any CPU.ActiveCfg = Release|Any CPU
		{2A3D4399-787C-4F97-8591-6A8021775AE0}.Release|Any CPU.Build.0 = Release|Any CPU
		{2A3D4399-787C-4F97-8591-6A8021775AE0}.Release|x64.ActiveCfg = Release|x64
		{2A3D4399-787C-4F97-8591-6A8021775AE0}.Release|x64.Build.0 = Release|x64
		{FEA85222-5599-4DE3-A4AD-286C6B5A698B}.Debug|Any CPU.ActiveCfg = Debug|Any CPU
		{FEA85222-5599-4DE3-A4AD-286C6B5A698B}.Debug|Any CPU.Build.0 = Debug|Any CPU
		{FEA85222-5599-4DE3-A4AD-286C6B5A698B}.Debug|x64.ActiveCfg = Debug|x64
		{FEA85222-5599-4DE3-A4AD-286C6B5A698B}.Debug|x64.Build.0 = Debug|x64
		{FEA85222-5599-4DE3-A4AD-286C6B5A698B}.Release|Any CPU.ActiveCfg = Release|Any CPU
		{FEA85222-5599-4DE3-A4AD-286C6B5A698B}.Release|Any CPU.Build.0 = Release|Any CPU
		{FEA85222-5599-4DE3-A4AD-286C6B5A698B}.Release|x64.ActiveCfg = Release|x64
		{FEA85222-5599-4DE3-A4AD-286C6B5A698B}.Release|x64.Build.0 = Release|x64
		{0A746374-CF0D-43E3-B960-8665A7800022}.Debug|Any CPU.ActiveCfg = Debug|Any CPU
		{0A746374-CF0D-43E3-B960-8665A7800022}.Debug|Any CPU.Build.0 = Debug|Any CPU
		{0A746374-CF0D-43E3-B960-8665A7800022}.Debug|x64.ActiveCfg = Debug|x64
		{0A746374-CF0D-43E3-B960-8665A7800022}.Debug|x64.Build.0 = Debug|x64
		{0A746374-CF0D-43E3-B960-8665A7800022}.Release|Any CPU.ActiveCfg = Release|Any CPU
		{0A746374-CF0D-43E3-B960-8665A7800022}.Release|Any CPU.Build.0 = Release|Any CPU
		{0A746374-CF0D-43E3-B960-8665A7800022}.Release|x64.ActiveCfg = Release|x64
		{0A746374-CF0D-43E3-B960-8665A7800022}.Release|x64.Build.0 = Release|x64
		{B1A703F2-EF2B-4083-9A41-ABF897F94B7E}.Debug|Any CPU.ActiveCfg = Debug|Any CPU
		{B1A703F2-EF2B-4083-9A41-ABF897F94B7E}.Debug|Any CPU.Build.0 = Debug|Any CPU
		{B1A703F2-EF2B-4083-9A41-ABF897F94B7E}.Debug|x64.ActiveCfg = Debug|Any CPU
		{B1A703F2-EF2B-4083-9A41-ABF897F94B7E}.Debug|x64.Build.0 = Debug|Any CPU
		{B1A703F2-EF2B-4083-9A41-ABF897F94B7E}.Release|Any CPU.ActiveCfg = Release|Any CPU
		{B1A703F2-EF2B-4083-9A41-ABF897F94B7E}.Release|Any CPU.Build.0 = Release|Any CPU
		{B1A703F2-EF2B-4083-9A41-ABF897F94B7E}.Release|x64.ActiveCfg = Release|Any CPU
		{B1A703F2-EF2B-4083-9A41-ABF897F94B7E}.Release|x64.Build.0 = Release|Any CPU
		{B12D6A30-9773-4748-990C-C97D8B18740B}.Debug|Any CPU.ActiveCfg = Debug|Any CPU
		{B12D6A30-9773-4748-990C-C97D8B18740B}.Debug|Any CPU.Build.0 = Debug|Any CPU
		{B12D6A30-9773-4748-990C-C97D8B18740B}.Debug|x64.ActiveCfg = Debug|x64
		{B12D6A30-9773-4748-990C-C97D8B18740B}.Debug|x64.Build.0 = Debug|x64
		{B12D6A30-9773-4748-990C-C97D8B18740B}.Release|Any CPU.ActiveCfg = Release|Any CPU
		{B12D6A30-9773-4748-990C-C97D8B18740B}.Release|Any CPU.Build.0 = Release|Any CPU
		{B12D6A30-9773-4748-990C-C97D8B18740B}.Release|x64.ActiveCfg = Release|x64
		{B12D6A30-9773-4748-990C-C97D8B18740B}.Release|x64.Build.0 = Release|x64
		{7588D4AD-282A-44DC-9035-E420E3151BC0}.Debug|Any CPU.ActiveCfg = Debug|x64
		{7588D4AD-282A-44DC-9035-E420E3151BC0}.Debug|x64.ActiveCfg = Debug|x64
		{7588D4AD-282A-44DC-9035-E420E3151BC0}.Debug|x64.Build.0 = Debug|x64
		{7588D4AD-282A-44DC-9035-E420E3151BC0}.Debug|x64.Deploy.0 = Debug|x64
		{7588D4AD-282A-44DC-9035-E420E3151BC0}.Release|Any CPU.ActiveCfg = Release|x64
		{7588D4AD-282A-44DC-9035-E420E3151BC0}.Release|x64.ActiveCfg = Release|x64
		{7588D4AD-282A-44DC-9035-E420E3151BC0}.Release|x64.Build.0 = Release|x64
		{7588D4AD-282A-44DC-9035-E420E3151BC0}.Release|x64.Deploy.0 = Release|x64
		{EC40A01A-17BA-4269-9376-07004FAC77F3}.Debug|Any CPU.ActiveCfg = Debug|Any CPU
		{EC40A01A-17BA-4269-9376-07004FAC77F3}.Debug|Any CPU.Build.0 = Debug|Any CPU
		{EC40A01A-17BA-4269-9376-07004FAC77F3}.Debug|x64.ActiveCfg = Debug|Any CPU
		{EC40A01A-17BA-4269-9376-07004FAC77F3}.Debug|x64.Build.0 = Debug|Any CPU
		{EC40A01A-17BA-4269-9376-07004FAC77F3}.Release|Any CPU.ActiveCfg = Release|Any CPU
		{EC40A01A-17BA-4269-9376-07004FAC77F3}.Release|Any CPU.Build.0 = Release|Any CPU
		{EC40A01A-17BA-4269-9376-07004FAC77F3}.Release|x64.ActiveCfg = Release|Any CPU
		{EC40A01A-17BA-4269-9376-07004FAC77F3}.Release|x64.Build.0 = Release|Any CPU
		{93FA3598-0088-4B0F-83F7-40E0A2E7E757}.Debug|Any CPU.ActiveCfg = Debug|Any CPU
		{93FA3598-0088-4B0F-83F7-40E0A2E7E757}.Debug|Any CPU.Build.0 = Debug|Any CPU
		{93FA3598-0088-4B0F-83F7-40E0A2E7E757}.Debug|x64.ActiveCfg = Debug|x64
		{93FA3598-0088-4B0F-83F7-40E0A2E7E757}.Debug|x64.Build.0 = Debug|x64
		{93FA3598-0088-4B0F-83F7-40E0A2E7E757}.Release|Any CPU.ActiveCfg = Release|Any CPU
		{93FA3598-0088-4B0F-83F7-40E0A2E7E757}.Release|Any CPU.Build.0 = Release|Any CPU
		{93FA3598-0088-4B0F-83F7-40E0A2E7E757}.Release|x64.ActiveCfg = Release|x64
		{93FA3598-0088-4B0F-83F7-40E0A2E7E757}.Release|x64.Build.0 = Release|x64
		{53B214E8-2A24-4433-BFE8-6F39D19D89D3}.Debug|Any CPU.ActiveCfg = Debug|Any CPU
		{53B214E8-2A24-4433-BFE8-6F39D19D89D3}.Debug|Any CPU.Build.0 = Debug|Any CPU
		{53B214E8-2A24-4433-BFE8-6F39D19D89D3}.Debug|x64.ActiveCfg = Debug|x64
		{53B214E8-2A24-4433-BFE8-6F39D19D89D3}.Debug|x64.Build.0 = Debug|x64
		{53B214E8-2A24-4433-BFE8-6F39D19D89D3}.Release|Any CPU.ActiveCfg = Release|Any CPU
		{53B214E8-2A24-4433-BFE8-6F39D19D89D3}.Release|Any CPU.Build.0 = Release|Any CPU
		{53B214E8-2A24-4433-BFE8-6F39D19D89D3}.Release|x64.ActiveCfg = Release|x64
		{53B214E8-2A24-4433-BFE8-6F39D19D89D3}.Release|x64.Build.0 = Release|x64
		{42608C60-EFEF-4F94-BA7F-9E2D10F5AE24}.Debug|Any CPU.ActiveCfg = Debug|Any CPU
		{42608C60-EFEF-4F94-BA7F-9E2D10F5AE24}.Debug|Any CPU.Build.0 = Debug|Any CPU
		{42608C60-EFEF-4F94-BA7F-9E2D10F5AE24}.Debug|x64.ActiveCfg = Debug|x64
		{42608C60-EFEF-4F94-BA7F-9E2D10F5AE24}.Debug|x64.Build.0 = Debug|x64
		{42608C60-EFEF-4F94-BA7F-9E2D10F5AE24}.Release|Any CPU.ActiveCfg = Release|Any CPU
		{42608C60-EFEF-4F94-BA7F-9E2D10F5AE24}.Release|Any CPU.Build.0 = Release|Any CPU
		{42608C60-EFEF-4F94-BA7F-9E2D10F5AE24}.Release|x64.ActiveCfg = Release|x64
		{42608C60-EFEF-4F94-BA7F-9E2D10F5AE24}.Release|x64.Build.0 = Release|x64
		{540905E1-B7A7-44C8-92B0-710C6F7690DC}.Debug|Any CPU.ActiveCfg = Debug|x64
		{540905E1-B7A7-44C8-92B0-710C6F7690DC}.Debug|x64.ActiveCfg = Debug|x64
		{540905E1-B7A7-44C8-92B0-710C6F7690DC}.Debug|x64.Build.0 = Debug|x64
		{540905E1-B7A7-44C8-92B0-710C6F7690DC}.Debug|x64.Deploy.0 = Debug|x64
		{540905E1-B7A7-44C8-92B0-710C6F7690DC}.Release|Any CPU.ActiveCfg = Release|x64
		{540905E1-B7A7-44C8-92B0-710C6F7690DC}.Release|x64.ActiveCfg = Release|x64
		{540905E1-B7A7-44C8-92B0-710C6F7690DC}.Release|x64.Build.0 = Release|x64
		{540905E1-B7A7-44C8-92B0-710C6F7690DC}.Release|x64.Deploy.0 = Release|x64
		{85D05D93-25F0-4468-AC4F-3571F4E2A02D}.Debug|Any CPU.ActiveCfg = Debug|Any CPU
		{85D05D93-25F0-4468-AC4F-3571F4E2A02D}.Debug|Any CPU.Build.0 = Debug|Any CPU
		{85D05D93-25F0-4468-AC4F-3571F4E2A02D}.Debug|x64.ActiveCfg = Debug|x64
		{85D05D93-25F0-4468-AC4F-3571F4E2A02D}.Debug|x64.Build.0 = Debug|x64
		{85D05D93-25F0-4468-AC4F-3571F4E2A02D}.Release|Any CPU.ActiveCfg = Release|Any CPU
		{85D05D93-25F0-4468-AC4F-3571F4E2A02D}.Release|Any CPU.Build.0 = Release|Any CPU
		{85D05D93-25F0-4468-AC4F-3571F4E2A02D}.Release|x64.ActiveCfg = Release|x64
		{85D05D93-25F0-4468-AC4F-3571F4E2A02D}.Release|x64.Build.0 = Release|x64
	EndGlobalSection
	GlobalSection(SolutionProperties) = preSolution
		HideSolutionNode = FALSE
	EndGlobalSection
	GlobalSection(NestedProjects) = preSolution
		{65338B9B-4990-4C3A-9BB1-2B9E30115157} = {83369B7E-5C21-4D49-A14C-E8A6A4892807}
		{DE643885-060D-4CF0-A5F2-5065AD97E22C} = {9BC0914F-3068-4148-B778-4CA27D828D39}
		{DF864130-1926-4B4E-92AF-B5D5C3AB152D} = {9BC0914F-3068-4148-B778-4CA27D828D39}
		{7F2B5F90-3922-43FD-A0F0-81D7C7DB92C0} = {9BC0914F-3068-4148-B778-4CA27D828D39}
		{E7E05651-1177-46C6-9878-C509C6887595} = {65338B9B-4990-4C3A-9BB1-2B9E30115157}
		{E75DB9C9-7842-4AE4-A29D-624F6B49F607} = {83369B7E-5C21-4D49-A14C-E8A6A4892807}
		{ADC2EC6E-E62E-4F23-A284-E586D6C6F317} = {83369B7E-5C21-4D49-A14C-E8A6A4892807}
		{6C2F2903-AE81-46C4-AA98-4E847CD4211C} = {83369B7E-5C21-4D49-A14C-E8A6A4892807}
		{C28B3E1F-A955-49A1-8CAE-2B0374F9444A} = {83369B7E-5C21-4D49-A14C-E8A6A4892807}
		{17DD1184-C1F7-41B6-8DFD-F159CE7D78CC} = {7F2B5F90-3922-43FD-A0F0-81D7C7DB92C0}
		{AB7728CE-164F-4D09-82DB-3CE6389D897C} = {DF864130-1926-4B4E-92AF-B5D5C3AB152D}
		{82BA322D-C3E2-493E-8BEE-BB48414C34DF} = {DF864130-1926-4B4E-92AF-B5D5C3AB152D}
		{E6C9AF6D-091C-4DAF-BCB6-BFFB0CF12843} = {DF864130-1926-4B4E-92AF-B5D5C3AB152D}
		{5C52D3AC-4D2B-42A3-9F2C-0262429D5422} = {DE643885-060D-4CF0-A5F2-5065AD97E22C}
		{AF354199-9267-4985-80F9-95F605655FAC} = {DE643885-060D-4CF0-A5F2-5065AD97E22C}
		{942CBB98-CA0F-437F-B9C8-AB744DE03938} = {DE643885-060D-4CF0-A5F2-5065AD97E22C}
		{3F8C726A-6466-4421-94E3-F106B7C8E113} = {2012300C-6E5D-47A0-9D57-B3F0A73AA1D4}
		{911F1779-3558-4590-836C-C75112D65FD8} = {2012300C-6E5D-47A0-9D57-B3F0A73AA1D4}
		{C271677B-2089-4760-9F2B-F06701979920} = {2012300C-6E5D-47A0-9D57-B3F0A73AA1D4}
		{9DF50717-ECD3-42D5-9065-AE2D758BE58A} = {2012300C-6E5D-47A0-9D57-B3F0A73AA1D4}
		{76D50149-6984-4597-880B-F7F92AA118EB} = {2012300C-6E5D-47A0-9D57-B3F0A73AA1D4}
		{DABC68C1-79D3-4324-A750-7CF72E0A0ACF} = {2012300C-6E5D-47A0-9D57-B3F0A73AA1D4}
		{B1A04084-448F-4765-9068-C8C7D5F0C6C6} = {83369B7E-5C21-4D49-A14C-E8A6A4892807}
		{4240DE34-A775-4B3E-A67A-37E50AC9850B} = {2012300C-6E5D-47A0-9D57-B3F0A73AA1D4}
		{2A3D4399-787C-4F97-8591-6A8021775AE0} = {83369B7E-5C21-4D49-A14C-E8A6A4892807}
		{FEA85222-5599-4DE3-A4AD-286C6B5A698B} = {65338B9B-4990-4C3A-9BB1-2B9E30115157}
		{0A746374-CF0D-43E3-B960-8665A7800022} = {65338B9B-4990-4C3A-9BB1-2B9E30115157}
		{B1A703F2-EF2B-4083-9A41-ABF897F94B7E} = {65338B9B-4990-4C3A-9BB1-2B9E30115157}
		{99BBC3D0-DB63-48B6-8A60-7DDB63CFA25E} = {65338B9B-4990-4C3A-9BB1-2B9E30115157}
		{B12D6A30-9773-4748-990C-C97D8B18740B} = {99BBC3D0-DB63-48B6-8A60-7DDB63CFA25E}
		{7588D4AD-282A-44DC-9035-E420E3151BC0} = {99BBC3D0-DB63-48B6-8A60-7DDB63CFA25E}
		{EC40A01A-17BA-4269-9376-07004FAC77F3} = {99BBC3D0-DB63-48B6-8A60-7DDB63CFA25E}
		{93FA3598-0088-4B0F-83F7-40E0A2E7E757} = {FE5B9A61-E336-45AF-8749-41D28F8065DB}
		{53B214E8-2A24-4433-BFE8-6F39D19D89D3} = {FE5B9A61-E336-45AF-8749-41D28F8065DB}
		{42608C60-EFEF-4F94-BA7F-9E2D10F5AE24} = {FE5B9A61-E336-45AF-8749-41D28F8065DB}
		{FE5B9A61-E336-45AF-8749-41D28F8065DB} = {65338B9B-4990-4C3A-9BB1-2B9E30115157}
		{540905E1-B7A7-44C8-92B0-710C6F7690DC} = {FE5B9A61-E336-45AF-8749-41D28F8065DB}
		{85D05D93-25F0-4468-AC4F-3571F4E2A02D} = {FE5B9A61-E336-45AF-8749-41D28F8065DB}
	EndGlobalSection
	GlobalSection(ExtensibilityGlobals) = postSolution
		SolutionGuid = {DC84FA00-A3A9-43A9-B63D-57053852DA18}
	EndGlobalSection
EndGlobal
