
Microsoft Visual Studio Solution File, Format Version 12.00
# Visual Studio 14
VisualStudioVersion = 14.0.22823.1
MinimumVisualStudioVersion = 10.0.40219.1
Project("{2150E333-8FDC-42A3-9474-1A3956D46DE8}") = "Source", "Source", "{6F835BCA-788A-4C38-933B-DBE71F40797F}"
EndProject
Project("{FAE04EC0-301F-11D3-BF4B-00C04F79EFBC}") = "Compiler", "Source\Compiler\Compiler.csproj", "{C3EF9C6F-9B39-4A8A-A196-6A403F265E25}"
EndProject
Project("{FAE04EC0-301F-11D3-BF4B-00C04F79EFBC}") = "StaticAnalysis", "Source\StaticAnalysis\StaticAnalysis.csproj", "{DA00A188-9D9E-4D4F-901C-C2A2CBC84CB6}"
EndProject
Project("{FAE04EC0-301F-11D3-BF4B-00C04F79EFBC}") = "Parsing", "Source\Parsing\Parsing.csproj", "{14E9DF49-1284-425C-A8B3-49BA437CA6AF}"
EndProject
Project("{FAE04EC0-301F-11D3-BF4B-00C04F79EFBC}") = "Compilation", "Source\Compilation\Compilation.csproj", "{06CCBE95-2E41-4188-BB97-AEE702C1BD25}"
EndProject
Project("{FAE04EC0-301F-11D3-BF4B-00C04F79EFBC}") = "DynamicAnalysis", "Source\DynamicAnalysis\DynamicAnalysis.csproj", "{6CF10554-1535-4FE0-A949-EEA5025D8604}"
EndProject
Project("{FAE04EC0-301F-11D3-BF4B-00C04F79EFBC}") = "Core", "Source\Core\Core.csproj", "{2E330C40-60EA-4A94-8813-9747B93A1795}"
EndProject
Project("{2150E333-8FDC-42A3-9474-1A3956D46DE8}") = "Remote", "Remote", "{B8C5B8E1-9501-451C-BAFA-C06F9B1555C6}"
EndProject
Project("{FAE04EC0-301F-11D3-BF4B-00C04F79EFBC}") = "RemoteManager", "Source\Remote\RemoteManager\RemoteManager.csproj", "{00ADC66D-16B6-4830-B65B-7585CC9206DC}"
EndProject
Project("{FAE04EC0-301F-11D3-BF4B-00C04F79EFBC}") = "RuntimeContainer", "Source\Remote\RuntimeContainer\RuntimeContainer.csproj", "{13008B9E-32F1-416F-A0E5-81B23A226D73}"
EndProject
Project("{2150E333-8FDC-42A3-9474-1A3956D46DE8}") = "Runtimes", "Runtimes", "{CC77E8C1-0AB8-441D-9D5E-2D119B48737E}"
EndProject
Project("{FAE04EC0-301F-11D3-BF4B-00C04F79EFBC}") = "Runtime", "Source\Runtimes\Runtime\Runtime.csproj", "{62445D0B-C2C6-42C9-BA73-35895E6EEB67}"
EndProject
Project("{FAE04EC0-301F-11D3-BF4B-00C04F79EFBC}") = "BugFindingRuntime", "Source\Runtimes\BugFindingRuntime\BugFindingRuntime.csproj", "{0E43E150-7D5A-46B5-B394-727DF8B7F104}"
EndProject
Project("{FAE04EC0-301F-11D3-BF4B-00C04F79EFBC}") = "VisualStudio", "Source\VisualStudio\VisualStudio.csproj", "{390D602E-3C83-4A35-9915-A5D646262BDB}"
EndProject
Global
	GlobalSection(SolutionConfigurationPlatforms) = preSolution
		Debug|Any CPU = Debug|Any CPU
		Release|Any CPU = Release|Any CPU
	EndGlobalSection
	GlobalSection(ProjectConfigurationPlatforms) = postSolution
		{C3EF9C6F-9B39-4A8A-A196-6A403F265E25}.Debug|Any CPU.ActiveCfg = Debug|Any CPU
		{C3EF9C6F-9B39-4A8A-A196-6A403F265E25}.Debug|Any CPU.Build.0 = Debug|Any CPU
		{C3EF9C6F-9B39-4A8A-A196-6A403F265E25}.Release|Any CPU.ActiveCfg = Release|Any CPU
		{C3EF9C6F-9B39-4A8A-A196-6A403F265E25}.Release|Any CPU.Build.0 = Release|Any CPU
		{DA00A188-9D9E-4D4F-901C-C2A2CBC84CB6}.Debug|Any CPU.ActiveCfg = Debug|Any CPU
		{DA00A188-9D9E-4D4F-901C-C2A2CBC84CB6}.Debug|Any CPU.Build.0 = Debug|Any CPU
		{DA00A188-9D9E-4D4F-901C-C2A2CBC84CB6}.Release|Any CPU.ActiveCfg = Release|Any CPU
		{DA00A188-9D9E-4D4F-901C-C2A2CBC84CB6}.Release|Any CPU.Build.0 = Release|Any CPU
		{14E9DF49-1284-425C-A8B3-49BA437CA6AF}.Debug|Any CPU.ActiveCfg = Debug|Any CPU
		{14E9DF49-1284-425C-A8B3-49BA437CA6AF}.Debug|Any CPU.Build.0 = Debug|Any CPU
		{14E9DF49-1284-425C-A8B3-49BA437CA6AF}.Release|Any CPU.ActiveCfg = Release|Any CPU
		{14E9DF49-1284-425C-A8B3-49BA437CA6AF}.Release|Any CPU.Build.0 = Release|Any CPU
		{06CCBE95-2E41-4188-BB97-AEE702C1BD25}.Debug|Any CPU.ActiveCfg = Debug|Any CPU
		{06CCBE95-2E41-4188-BB97-AEE702C1BD25}.Debug|Any CPU.Build.0 = Debug|Any CPU
		{06CCBE95-2E41-4188-BB97-AEE702C1BD25}.Release|Any CPU.ActiveCfg = Release|Any CPU
		{06CCBE95-2E41-4188-BB97-AEE702C1BD25}.Release|Any CPU.Build.0 = Release|Any CPU
		{6CF10554-1535-4FE0-A949-EEA5025D8604}.Debug|Any CPU.ActiveCfg = Debug|Any CPU
		{6CF10554-1535-4FE0-A949-EEA5025D8604}.Debug|Any CPU.Build.0 = Debug|Any CPU
		{6CF10554-1535-4FE0-A949-EEA5025D8604}.Release|Any CPU.ActiveCfg = Release|Any CPU
		{6CF10554-1535-4FE0-A949-EEA5025D8604}.Release|Any CPU.Build.0 = Release|Any CPU
		{2E330C40-60EA-4A94-8813-9747B93A1795}.Debug|Any CPU.ActiveCfg = Debug|Any CPU
		{2E330C40-60EA-4A94-8813-9747B93A1795}.Debug|Any CPU.Build.0 = Debug|Any CPU
		{2E330C40-60EA-4A94-8813-9747B93A1795}.Release|Any CPU.ActiveCfg = Release|Any CPU
		{2E330C40-60EA-4A94-8813-9747B93A1795}.Release|Any CPU.Build.0 = Release|Any CPU
		{00ADC66D-16B6-4830-B65B-7585CC9206DC}.Debug|Any CPU.ActiveCfg = Debug|Any CPU
		{00ADC66D-16B6-4830-B65B-7585CC9206DC}.Debug|Any CPU.Build.0 = Debug|Any CPU
		{00ADC66D-16B6-4830-B65B-7585CC9206DC}.Release|Any CPU.ActiveCfg = Release|Any CPU
		{00ADC66D-16B6-4830-B65B-7585CC9206DC}.Release|Any CPU.Build.0 = Release|Any CPU
		{13008B9E-32F1-416F-A0E5-81B23A226D73}.Debug|Any CPU.ActiveCfg = Debug|Any CPU
		{13008B9E-32F1-416F-A0E5-81B23A226D73}.Debug|Any CPU.Build.0 = Debug|Any CPU
		{13008B9E-32F1-416F-A0E5-81B23A226D73}.Release|Any CPU.ActiveCfg = Release|Any CPU
		{13008B9E-32F1-416F-A0E5-81B23A226D73}.Release|Any CPU.Build.0 = Release|Any CPU
		{62445D0B-C2C6-42C9-BA73-35895E6EEB67}.Debug|Any CPU.ActiveCfg = Debug|Any CPU
		{62445D0B-C2C6-42C9-BA73-35895E6EEB67}.Debug|Any CPU.Build.0 = Debug|Any CPU
		{62445D0B-C2C6-42C9-BA73-35895E6EEB67}.Release|Any CPU.ActiveCfg = Release|Any CPU
		{62445D0B-C2C6-42C9-BA73-35895E6EEB67}.Release|Any CPU.Build.0 = Release|Any CPU
		{0E43E150-7D5A-46B5-B394-727DF8B7F104}.Debug|Any CPU.ActiveCfg = Debug|Any CPU
		{0E43E150-7D5A-46B5-B394-727DF8B7F104}.Debug|Any CPU.Build.0 = Debug|Any CPU
		{0E43E150-7D5A-46B5-B394-727DF8B7F104}.Release|Any CPU.ActiveCfg = Release|Any CPU
		{0E43E150-7D5A-46B5-B394-727DF8B7F104}.Release|Any CPU.Build.0 = Release|Any CPU
		{390D602E-3C83-4A35-9915-A5D646262BDB}.Debug|Any CPU.ActiveCfg = Debug|Any CPU
		{390D602E-3C83-4A35-9915-A5D646262BDB}.Debug|Any CPU.Build.0 = Debug|Any CPU
		{390D602E-3C83-4A35-9915-A5D646262BDB}.Release|Any CPU.ActiveCfg = Release|Any CPU
		{390D602E-3C83-4A35-9915-A5D646262BDB}.Release|Any CPU.Build.0 = Release|Any CPU
	EndGlobalSection
	GlobalSection(SolutionProperties) = preSolution
		HideSolutionNode = FALSE
	EndGlobalSection
	GlobalSection(NestedProjects) = preSolution
		{C3EF9C6F-9B39-4A8A-A196-6A403F265E25} = {6F835BCA-788A-4C38-933B-DBE71F40797F}
		{DA00A188-9D9E-4D4F-901C-C2A2CBC84CB6} = {6F835BCA-788A-4C38-933B-DBE71F40797F}
		{14E9DF49-1284-425C-A8B3-49BA437CA6AF} = {6F835BCA-788A-4C38-933B-DBE71F40797F}
		{06CCBE95-2E41-4188-BB97-AEE702C1BD25} = {6F835BCA-788A-4C38-933B-DBE71F40797F}
		{6CF10554-1535-4FE0-A949-EEA5025D8604} = {6F835BCA-788A-4C38-933B-DBE71F40797F}
		{2E330C40-60EA-4A94-8813-9747B93A1795} = {6F835BCA-788A-4C38-933B-DBE71F40797F}
		{B8C5B8E1-9501-451C-BAFA-C06F9B1555C6} = {6F835BCA-788A-4C38-933B-DBE71F40797F}
		{00ADC66D-16B6-4830-B65B-7585CC9206DC} = {B8C5B8E1-9501-451C-BAFA-C06F9B1555C6}
		{13008B9E-32F1-416F-A0E5-81B23A226D73} = {B8C5B8E1-9501-451C-BAFA-C06F9B1555C6}
		{CC77E8C1-0AB8-441D-9D5E-2D119B48737E} = {6F835BCA-788A-4C38-933B-DBE71F40797F}
		{62445D0B-C2C6-42C9-BA73-35895E6EEB67} = {CC77E8C1-0AB8-441D-9D5E-2D119B48737E}
		{0E43E150-7D5A-46B5-B394-727DF8B7F104} = {CC77E8C1-0AB8-441D-9D5E-2D119B48737E}
		{390D602E-3C83-4A35-9915-A5D646262BDB} = {6F835BCA-788A-4C38-933B-DBE71F40797F}
	EndGlobalSection
EndGlobal
