
Microsoft Visual Studio Solution File, Format Version 12.00
# Visual Studio 14
VisualStudioVersion = 14.0.25420.1
MinimumVisualStudioVersion = 10.0.40219.1
Project("{FAE04EC0-301F-11D3-BF4B-00C04F79EFBC}") = "Chord", "Chord\Chord.csproj", "{71F4A122-D5A6-4F90-B288-A1B44A8A34BE}"
EndProject
Project("{FAE04EC0-301F-11D3-BF4B-00C04F79EFBC}") = "ReplicatingStorage", "ReplicatingStorage\ReplicatingStorage.csproj", "{2899D1E9-DB93-41C7-A96A-CB62430C711F}"
EndProject
Global
	GlobalSection(SolutionConfigurationPlatforms) = preSolution
		Debug|Any CPU = Debug|Any CPU
		Release|Any CPU = Release|Any CPU
	EndGlobalSection
	GlobalSection(ProjectConfigurationPlatforms) = postSolution
		{71F4A122-D5A6-4F90-B288-A1B44A8A34BE}.Debug|Any CPU.ActiveCfg = Debug|Any CPU
		{71F4A122-D5A6-4F90-B288-A1B44A8A34BE}.Debug|Any CPU.Build.0 = Debug|Any CPU
		{71F4A122-D5A6-4F90-B288-A1B44A8A34BE}.Release|Any CPU.ActiveCfg = Release|Any CPU
		{71F4A122-D5A6-4F90-B288-A1B44A8A34BE}.Release|Any CPU.Build.0 = Release|Any CPU
		{2899D1E9-DB93-41C7-A96A-CB62430C711F}.Debug|Any CPU.ActiveCfg = Debug|Any CPU
		{2899D1E9-DB93-41C7-A96A-CB62430C711F}.Debug|Any CPU.Build.0 = Debug|Any CPU
		{2899D1E9-DB93-41C7-A96A-CB62430C711F}.Release|Any CPU.ActiveCfg = Release|Any CPU
		{2899D1E9-DB93-41C7-A96A-CB62430C711F}.Release|Any CPU.Build.0 = Release|Any CPU
	EndGlobalSection
	GlobalSection(SolutionProperties) = preSolution
		HideSolutionNode = FALSE
	EndGlobalSection
EndGlobal
