
Microsoft Visual Studio Solution File, Format Version 12.00
# Visual Studio 14
VisualStudioVersion = 14.0.22310.1
MinimumVisualStudioVersion = 10.0.40219.1
Project("{FAE04EC0-301F-11D3-BF4B-00C04F79EFBC}") = "PSharpVisualStudioSupport", "PSharpVisualStudioSupport\PSharpVisualStudioSupport.csproj", "{B843EB2E-61EB-44EA-BC04-C80F968C1BEC}"
EndProject
Global
	GlobalSection(SolutionConfigurationPlatforms) = preSolution
		Debug|Any CPU = Debug|Any CPU
		Release|Any CPU = Release|Any CPU
	EndGlobalSection
	GlobalSection(ProjectConfigurationPlatforms) = postSolution
		{B843EB2E-61EB-44EA-BC04-C80F968C1BEC}.Debug|Any CPU.ActiveCfg = Debug|Any CPU
		{B843EB2E-61EB-44EA-BC04-C80F968C1BEC}.Debug|Any CPU.Build.0 = Debug|Any CPU
		{B843EB2E-61EB-44EA-BC04-C80F968C1BEC}.Release|Any CPU.ActiveCfg = Release|Any CPU
		{B843EB2E-61EB-44EA-BC04-C80F968C1BEC}.Release|Any CPU.Build.0 = Release|Any CPU
	EndGlobalSection
	GlobalSection(SolutionProperties) = preSolution
		HideSolutionNode = FALSE
	EndGlobalSection
EndGlobal
