
Microsoft Visual Studio Solution File, Format Version 12.00
# Visual Studio 14
VisualStudioVersion = 14.0.25420.1
MinimumVisualStudioVersion = 10.0.40219.1
Project("{2150E333-8FDC-42A3-9474-1A3956D46DE8}") = "Samples", "Samples", "{B8FF079A-CF0F-4407-B23B-6A7A5C91D691}"
EndProject
Project("{FAE04EC0-301F-11D3-BF4B-00C04F79EFBC}") = "FailureDetector.PSharpLibrary", "FailureDetector.PSharpLibrary\FailureDetector.PSharpLibrary.csproj", "{95ABF93A-014F-45DF-B437-BB4AF99B251F}"
EndProject
Project("{FAE04EC0-301F-11D3-BF4B-00C04F79EFBC}") = "FailureDetector.PSharpLanguage", "FailureDetector.PSharpLanguage\FailureDetector.PSharpLanguage.csproj", "{E662E48A-94E6-4826-9738-95B8C4B21C7C}"
EndProject
Global
	GlobalSection(SolutionConfigurationPlatforms) = preSolution
		Debug|Any CPU = Debug|Any CPU
		Release|Any CPU = Release|Any CPU
	EndGlobalSection
	GlobalSection(ProjectConfigurationPlatforms) = postSolution
		{95ABF93A-014F-45DF-B437-BB4AF99B251F}.Debug|Any CPU.ActiveCfg = Debug|Any CPU
		{95ABF93A-014F-45DF-B437-BB4AF99B251F}.Debug|Any CPU.Build.0 = Debug|Any CPU
		{95ABF93A-014F-45DF-B437-BB4AF99B251F}.Release|Any CPU.ActiveCfg = Release|Any CPU
		{95ABF93A-014F-45DF-B437-BB4AF99B251F}.Release|Any CPU.Build.0 = Release|Any CPU
		{E662E48A-94E6-4826-9738-95B8C4B21C7C}.Debug|Any CPU.ActiveCfg = Debug|Any CPU
		{E662E48A-94E6-4826-9738-95B8C4B21C7C}.Debug|Any CPU.Build.0 = Debug|Any CPU
		{E662E48A-94E6-4826-9738-95B8C4B21C7C}.Release|Any CPU.ActiveCfg = Release|Any CPU
		{E662E48A-94E6-4826-9738-95B8C4B21C7C}.Release|Any CPU.Build.0 = Release|Any CPU
	EndGlobalSection
	GlobalSection(SolutionProperties) = preSolution
		HideSolutionNode = FALSE
	EndGlobalSection
	GlobalSection(NestedProjects) = preSolution
		{95ABF93A-014F-45DF-B437-BB4AF99B251F} = {B8FF079A-CF0F-4407-B23B-6A7A5C91D691}
		{E662E48A-94E6-4826-9738-95B8C4B21C7C} = {B8FF079A-CF0F-4407-B23B-6A7A5C91D691}
	EndGlobalSection
EndGlobal
