
Microsoft Visual Studio Solution File, Format Version 12.00
# Visual Studio 15
VisualStudioVersion = 15.0.28307.572
MinimumVisualStudioVersion = 10.0.40219.1
Project("{FAE04EC0-301F-11D3-BF4B-00C04F79EFBC}") = "Broadcast", "Broadcast.csproj", "{CCBCD236-2DDE-4154-BBEE-29A28705DBA9}"
EndProject
Global
	GlobalSection(SolutionConfigurationPlatforms) = preSolution
		Debug|Any CPU = Debug|Any CPU
		Release|Any CPU = Release|Any CPU
	EndGlobalSection
	GlobalSection(ProjectConfigurationPlatforms) = postSolution
		{CCBCD236-2DDE-4154-BBEE-29A28705DBA9}.Debug|Any CPU.ActiveCfg = Debug|Any CPU
		{CCBCD236-2DDE-4154-BBEE-29A28705DBA9}.Debug|Any CPU.Build.0 = Debug|Any CPU
		{CCBCD236-2DDE-4154-BBEE-29A28705DBA9}.Release|Any CPU.ActiveCfg = Release|Any CPU
		{CCBCD236-2DDE-4154-BBEE-29A28705DBA9}.Release|Any CPU.Build.0 = Release|Any CPU
	EndGlobalSection
	GlobalSection(SolutionProperties) = preSolution
		HideSolutionNode = FALSE
	EndGlobalSection
	GlobalSection(ExtensibilityGlobals) = postSolution
		SolutionGuid = {17110C5E-7166-4EF2-8F8E-9984E3BA828A}
	EndGlobalSection
EndGlobal
