
Microsoft Visual Studio Solution File, Format Version 12.00
# Visual Studio 14
VisualStudioVersion = 14.0.24720.0
MinimumVisualStudioVersion = 10.0.40219.1
Project("{2150E333-8FDC-42A3-9474-1A3956D46DE8}") = "Test", "Test", "{8A2AF4EE-D9F8-4BD4-B858-F144C8448303}"
EndProject
Project("{FAE04EC0-301F-11D3-BF4B-00C04F79EFBC}") = "Visualizer", "Visualizer\Visualizer.csproj", "{E80DB647-D926-4CD1-80DF-989998B9A5EF}"
EndProject
Global
	GlobalSection(SolutionConfigurationPlatforms) = preSolution
		Debug|Any CPU = Debug|Any CPU
		Release|Any CPU = Release|Any CPU
	EndGlobalSection
	GlobalSection(ProjectConfigurationPlatforms) = postSolution
		{E80DB647-D926-4CD1-80DF-989998B9A5EF}.Debug|Any CPU.ActiveCfg = Debug|Any CPU
		{E80DB647-D926-4CD1-80DF-989998B9A5EF}.Debug|Any CPU.Build.0 = Debug|Any CPU
		{E80DB647-D926-4CD1-80DF-989998B9A5EF}.Release|Any CPU.ActiveCfg = Release|Any CPU
		{E80DB647-D926-4CD1-80DF-989998B9A5EF}.Release|Any CPU.Build.0 = Release|Any CPU
	EndGlobalSection
	GlobalSection(SolutionProperties) = preSolution
		HideSolutionNode = FALSE
	EndGlobalSection
	GlobalSection(NestedProjects) = preSolution
		{E80DB647-D926-4CD1-80DF-989998B9A5EF} = {8A2AF4EE-D9F8-4BD4-B858-F144C8448303}
	EndGlobalSection
EndGlobal
