
Microsoft Visual Studio Solution File, Format Version 12.00
# Visual Studio 14
VisualStudioVersion = 14.0.24720.0
MinimumVisualStudioVersion = 10.0.40219.1
Project("{2150E333-8FDC-42A3-9474-1A3956D46DE8}") = "Racy", "Racy", "{DC4C2532-36FC-4A5A-B670-8CE781DC24F3}"
EndProject
Project("{FAE04EC0-301F-11D3-BF4B-00C04F79EFBC}") = "BoundedAsyncRacy", "Racy\BoundedAsyncRacy\BoundedAsyncRacy.csproj", "{DF293A91-EC31-4C57-B543-DE1F5E4F08DE}"
EndProject
Project("{FAE04EC0-301F-11D3-BF4B-00C04F79EFBC}") = "ChainReplicationRacy", "Racy\ChainReplicationRacy\ChainReplicationRacy.csproj", "{F48197E1-CBC5-4150-9B33-268B45CA86DF}"
EndProject
Project("{FAE04EC0-301F-11D3-BF4B-00C04F79EFBC}") = "CheckSendEntry", "Racy\CheckSendEntry\CheckSendEntry.csproj", "{0BD9699B-F300-4EB3-B587-52861749E03C}"
EndProject
Project("{FAE04EC0-301F-11D3-BF4B-00C04F79EFBC}") = "ChordRacy", "Racy\ChordRacy\ChordRacy.csproj", "{CD74F3EB-4BA3-4B09-A2CD-A4527E58628C}"
EndProject
Project("{FAE04EC0-301F-11D3-BF4B-00C04F79EFBC}") = "GermanRacy", "Racy\GermanRacy\GermanRacy.csproj", "{60527035-2561-4B90-8D83-ABC482F9DE1D}"
EndProject
Project("{FAE04EC0-301F-11D3-BF4B-00C04F79EFBC}") = "ListRacy", "Racy\ListRacy\ListRacy.csproj", "{6CEEE6AA-7799-470E-A0BA-F644C33F501C}"
EndProject
Project("{FAE04EC0-301F-11D3-BF4B-00C04F79EFBC}") = "MultiPaxosRacy", "Racy\MultiPaxosRacy\MultiPaxosRacy.csproj", "{B333B290-3C34-46F2-ADDB-470E3310B366}"
EndProject
Project("{FAE04EC0-301F-11D3-BF4B-00C04F79EFBC}") = "BasicPaxosRacy", "Racy\RacyBenchmarks\BasicPaxosRacy.csproj", "{A65C6230-A01D-4F28-89B9-7CCBA02082DC}"
EndProject
Project("{FAE04EC0-301F-11D3-BF4B-00C04F79EFBC}") = "TupleListRacy", "Racy\TupleListRacy\TupleListRacy.csproj", "{49C42EA0-2ED9-4773-AEF6-923E41A9BA6E}"
EndProject
Global
	GlobalSection(SolutionConfigurationPlatforms) = preSolution
		Debug|Any CPU = Debug|Any CPU
		Release|Any CPU = Release|Any CPU
	EndGlobalSection
	GlobalSection(ProjectConfigurationPlatforms) = postSolution
		{DF293A91-EC31-4C57-B543-DE1F5E4F08DE}.Debug|Any CPU.ActiveCfg = Debug|Any CPU
		{DF293A91-EC31-4C57-B543-DE1F5E4F08DE}.Debug|Any CPU.Build.0 = Debug|Any CPU
		{DF293A91-EC31-4C57-B543-DE1F5E4F08DE}.Release|Any CPU.ActiveCfg = Release|Any CPU
		{DF293A91-EC31-4C57-B543-DE1F5E4F08DE}.Release|Any CPU.Build.0 = Release|Any CPU
		{F48197E1-CBC5-4150-9B33-268B45CA86DF}.Debug|Any CPU.ActiveCfg = Debug|Any CPU
		{F48197E1-CBC5-4150-9B33-268B45CA86DF}.Debug|Any CPU.Build.0 = Debug|Any CPU
		{F48197E1-CBC5-4150-9B33-268B45CA86DF}.Release|Any CPU.ActiveCfg = Release|Any CPU
		{F48197E1-CBC5-4150-9B33-268B45CA86DF}.Release|Any CPU.Build.0 = Release|Any CPU
		{0BD9699B-F300-4EB3-B587-52861749E03C}.Debug|Any CPU.ActiveCfg = Debug|Any CPU
		{0BD9699B-F300-4EB3-B587-52861749E03C}.Debug|Any CPU.Build.0 = Debug|Any CPU
		{0BD9699B-F300-4EB3-B587-52861749E03C}.Release|Any CPU.ActiveCfg = Release|Any CPU
		{0BD9699B-F300-4EB3-B587-52861749E03C}.Release|Any CPU.Build.0 = Release|Any CPU
		{CD74F3EB-4BA3-4B09-A2CD-A4527E58628C}.Debug|Any CPU.ActiveCfg = Debug|Any CPU
		{CD74F3EB-4BA3-4B09-A2CD-A4527E58628C}.Debug|Any CPU.Build.0 = Debug|Any CPU
		{CD74F3EB-4BA3-4B09-A2CD-A4527E58628C}.Release|Any CPU.ActiveCfg = Release|Any CPU
		{CD74F3EB-4BA3-4B09-A2CD-A4527E58628C}.Release|Any CPU.Build.0 = Release|Any CPU
		{60527035-2561-4B90-8D83-ABC482F9DE1D}.Debug|Any CPU.ActiveCfg = Debug|Any CPU
		{60527035-2561-4B90-8D83-ABC482F9DE1D}.Debug|Any CPU.Build.0 = Debug|Any CPU
		{60527035-2561-4B90-8D83-ABC482F9DE1D}.Release|Any CPU.ActiveCfg = Release|Any CPU
		{60527035-2561-4B90-8D83-ABC482F9DE1D}.Release|Any CPU.Build.0 = Release|Any CPU
		{6CEEE6AA-7799-470E-A0BA-F644C33F501C}.Debug|Any CPU.ActiveCfg = Debug|Any CPU
		{6CEEE6AA-7799-470E-A0BA-F644C33F501C}.Debug|Any CPU.Build.0 = Debug|Any CPU
		{6CEEE6AA-7799-470E-A0BA-F644C33F501C}.Release|Any CPU.ActiveCfg = Release|Any CPU
		{6CEEE6AA-7799-470E-A0BA-F644C33F501C}.Release|Any CPU.Build.0 = Release|Any CPU
		{B333B290-3C34-46F2-ADDB-470E3310B366}.Debug|Any CPU.ActiveCfg = Debug|Any CPU
		{B333B290-3C34-46F2-ADDB-470E3310B366}.Debug|Any CPU.Build.0 = Debug|Any CPU
		{B333B290-3C34-46F2-ADDB-470E3310B366}.Release|Any CPU.ActiveCfg = Release|Any CPU
		{B333B290-3C34-46F2-ADDB-470E3310B366}.Release|Any CPU.Build.0 = Release|Any CPU
		{A65C6230-A01D-4F28-89B9-7CCBA02082DC}.Debug|Any CPU.ActiveCfg = Debug|Any CPU
		{A65C6230-A01D-4F28-89B9-7CCBA02082DC}.Debug|Any CPU.Build.0 = Debug|Any CPU
		{A65C6230-A01D-4F28-89B9-7CCBA02082DC}.Release|Any CPU.ActiveCfg = Release|Any CPU
		{A65C6230-A01D-4F28-89B9-7CCBA02082DC}.Release|Any CPU.Build.0 = Release|Any CPU
		{49C42EA0-2ED9-4773-AEF6-923E41A9BA6E}.Debug|Any CPU.ActiveCfg = Debug|Any CPU
		{49C42EA0-2ED9-4773-AEF6-923E41A9BA6E}.Debug|Any CPU.Build.0 = Debug|Any CPU
		{49C42EA0-2ED9-4773-AEF6-923E41A9BA6E}.Release|Any CPU.ActiveCfg = Release|Any CPU
		{49C42EA0-2ED9-4773-AEF6-923E41A9BA6E}.Release|Any CPU.Build.0 = Release|Any CPU
	EndGlobalSection
	GlobalSection(SolutionProperties) = preSolution
		HideSolutionNode = FALSE
	EndGlobalSection
	GlobalSection(NestedProjects) = preSolution
		{DF293A91-EC31-4C57-B543-DE1F5E4F08DE} = {DC4C2532-36FC-4A5A-B670-8CE781DC24F3}
		{F48197E1-CBC5-4150-9B33-268B45CA86DF} = {DC4C2532-36FC-4A5A-B670-8CE781DC24F3}
		{0BD9699B-F300-4EB3-B587-52861749E03C} = {DC4C2532-36FC-4A5A-B670-8CE781DC24F3}
		{CD74F3EB-4BA3-4B09-A2CD-A4527E58628C} = {DC4C2532-36FC-4A5A-B670-8CE781DC24F3}
		{60527035-2561-4B90-8D83-ABC482F9DE1D} = {DC4C2532-36FC-4A5A-B670-8CE781DC24F3}
		{6CEEE6AA-7799-470E-A0BA-F644C33F501C} = {DC4C2532-36FC-4A5A-B670-8CE781DC24F3}
		{B333B290-3C34-46F2-ADDB-470E3310B366} = {DC4C2532-36FC-4A5A-B670-8CE781DC24F3}
		{A65C6230-A01D-4F28-89B9-7CCBA02082DC} = {DC4C2532-36FC-4A5A-B670-8CE781DC24F3}
		{49C42EA0-2ED9-4773-AEF6-923E41A9BA6E} = {DC4C2532-36FC-4A5A-B670-8CE781DC24F3}
	EndGlobalSection
EndGlobal
