
Microsoft Visual Studio Solution File, Format Version 12.00
# Visual Studio 14
VisualStudioVersion = 14.0.23107.0
MinimumVisualStudioVersion = 10.0.40219.1
Project("{2150E333-8FDC-42A3-9474-1A3956D46DE8}") = "PSharp", "PSharp", "{B8FF079A-CF0F-4407-B23B-6A7A5C91D691}"
EndProject
Project("{FAE04EC0-301F-11D3-BF4B-00C04F79EFBC}") = "PingPong", "PSharpLanguage\PingPong\PingPong.csproj", "{25D12E62-1FBF-48ED-B677-6B0C20908894}"
EndProject
Project("{FAE04EC0-301F-11D3-BF4B-00C04F79EFBC}") = "AbstractPong", "PSharpLanguage\AbstractPong\AbstractPong.csproj", "{B911057D-5673-4EAE-8205-40737B7CC3FA}"
EndProject
Project("{FAE04EC0-301F-11D3-BF4B-00C04F79EFBC}") = "BoundedAsync", "PSharpLanguage\BoundedAsync\BoundedAsync.csproj", "{BC173DF6-E567-4AB0-916E-D5980EDFBF45}"
EndProject
Project("{FAE04EC0-301F-11D3-BF4B-00C04F79EFBC}") = "FailureDetector", "PSharpLanguage\FailureDetector\FailureDetector.csproj", "{E662E48A-94E6-4826-9738-95B8C4B21C7C}"
EndProject
Project("{FAE04EC0-301F-11D3-BF4B-00C04F79EFBC}") = "German", "PSharpLanguage\German\German.csproj", "{3FC3A452-7AD6-4EB8-A2CD-45EEAD027393}"
EndProject
Project("{FAE04EC0-301F-11D3-BF4B-00C04F79EFBC}") = "MultiPaxos", "PSharpLanguage\MultiPaxos\MultiPaxos.csproj", "{09823B80-83E7-4340-B4E5-EAC95D28BCD0}"
EndProject
Project("{FAE04EC0-301F-11D3-BF4B-00C04F79EFBC}") = "SimpleAsyncAwait", "PSharpLanguage\SimpleAsyncAwait\SimpleAsyncAwait.csproj", "{F66F3853-D4F2-48D8-8E28-01CBF3C08BE7}"
EndProject
Project("{FAE04EC0-301F-11D3-BF4B-00C04F79EFBC}") = "TypesAndGenerics", "PSharpLanguage\TypesAndGenerics\TypesAndGenerics.csproj", "{E85AB36C-8600-4EDF-9237-83CBC5568752}"
EndProject
Global
	GlobalSection(SolutionConfigurationPlatforms) = preSolution
		Debug|Any CPU = Debug|Any CPU
		Release|Any CPU = Release|Any CPU
	EndGlobalSection
	GlobalSection(ProjectConfigurationPlatforms) = postSolution
		{25D12E62-1FBF-48ED-B677-6B0C20908894}.Debug|Any CPU.ActiveCfg = Debug|Any CPU
		{25D12E62-1FBF-48ED-B677-6B0C20908894}.Debug|Any CPU.Build.0 = Debug|Any CPU
		{25D12E62-1FBF-48ED-B677-6B0C20908894}.Release|Any CPU.ActiveCfg = Release|Any CPU
		{25D12E62-1FBF-48ED-B677-6B0C20908894}.Release|Any CPU.Build.0 = Release|Any CPU
		{B911057D-5673-4EAE-8205-40737B7CC3FA}.Debug|Any CPU.ActiveCfg = Debug|Any CPU
		{B911057D-5673-4EAE-8205-40737B7CC3FA}.Debug|Any CPU.Build.0 = Debug|Any CPU
		{B911057D-5673-4EAE-8205-40737B7CC3FA}.Release|Any CPU.ActiveCfg = Release|Any CPU
		{B911057D-5673-4EAE-8205-40737B7CC3FA}.Release|Any CPU.Build.0 = Release|Any CPU
		{BC173DF6-E567-4AB0-916E-D5980EDFBF45}.Debug|Any CPU.ActiveCfg = Debug|Any CPU
		{BC173DF6-E567-4AB0-916E-D5980EDFBF45}.Debug|Any CPU.Build.0 = Debug|Any CPU
		{BC173DF6-E567-4AB0-916E-D5980EDFBF45}.Release|Any CPU.ActiveCfg = Release|Any CPU
		{BC173DF6-E567-4AB0-916E-D5980EDFBF45}.Release|Any CPU.Build.0 = Release|Any CPU
		{E662E48A-94E6-4826-9738-95B8C4B21C7C}.Debug|Any CPU.ActiveCfg = Debug|Any CPU
		{E662E48A-94E6-4826-9738-95B8C4B21C7C}.Debug|Any CPU.Build.0 = Debug|Any CPU
		{E662E48A-94E6-4826-9738-95B8C4B21C7C}.Release|Any CPU.ActiveCfg = Release|Any CPU
		{E662E48A-94E6-4826-9738-95B8C4B21C7C}.Release|Any CPU.Build.0 = Release|Any CPU
		{3FC3A452-7AD6-4EB8-A2CD-45EEAD027393}.Debug|Any CPU.ActiveCfg = Debug|Any CPU
		{3FC3A452-7AD6-4EB8-A2CD-45EEAD027393}.Debug|Any CPU.Build.0 = Debug|Any CPU
		{3FC3A452-7AD6-4EB8-A2CD-45EEAD027393}.Release|Any CPU.ActiveCfg = Release|Any CPU
		{3FC3A452-7AD6-4EB8-A2CD-45EEAD027393}.Release|Any CPU.Build.0 = Release|Any CPU
		{09823B80-83E7-4340-B4E5-EAC95D28BCD0}.Debug|Any CPU.ActiveCfg = Debug|Any CPU
		{09823B80-83E7-4340-B4E5-EAC95D28BCD0}.Debug|Any CPU.Build.0 = Debug|Any CPU
		{09823B80-83E7-4340-B4E5-EAC95D28BCD0}.Release|Any CPU.ActiveCfg = Release|Any CPU
		{09823B80-83E7-4340-B4E5-EAC95D28BCD0}.Release|Any CPU.Build.0 = Release|Any CPU
		{F66F3853-D4F2-48D8-8E28-01CBF3C08BE7}.Debug|Any CPU.ActiveCfg = Debug|Any CPU
		{F66F3853-D4F2-48D8-8E28-01CBF3C08BE7}.Debug|Any CPU.Build.0 = Debug|Any CPU
		{F66F3853-D4F2-48D8-8E28-01CBF3C08BE7}.Release|Any CPU.ActiveCfg = Release|Any CPU
		{F66F3853-D4F2-48D8-8E28-01CBF3C08BE7}.Release|Any CPU.Build.0 = Release|Any CPU
		{E85AB36C-8600-4EDF-9237-83CBC5568752}.Debug|Any CPU.ActiveCfg = Debug|Any CPU
		{E85AB36C-8600-4EDF-9237-83CBC5568752}.Debug|Any CPU.Build.0 = Debug|Any CPU
		{E85AB36C-8600-4EDF-9237-83CBC5568752}.Release|Any CPU.ActiveCfg = Release|Any CPU
		{E85AB36C-8600-4EDF-9237-83CBC5568752}.Release|Any CPU.Build.0 = Release|Any CPU
	EndGlobalSection
	GlobalSection(SolutionProperties) = preSolution
		HideSolutionNode = FALSE
	EndGlobalSection
	GlobalSection(NestedProjects) = preSolution
		{25D12E62-1FBF-48ED-B677-6B0C20908894} = {B8FF079A-CF0F-4407-B23B-6A7A5C91D691}
		{B911057D-5673-4EAE-8205-40737B7CC3FA} = {B8FF079A-CF0F-4407-B23B-6A7A5C91D691}
		{BC173DF6-E567-4AB0-916E-D5980EDFBF45} = {B8FF079A-CF0F-4407-B23B-6A7A5C91D691}
		{E662E48A-94E6-4826-9738-95B8C4B21C7C} = {B8FF079A-CF0F-4407-B23B-6A7A5C91D691}
		{3FC3A452-7AD6-4EB8-A2CD-45EEAD027393} = {B8FF079A-CF0F-4407-B23B-6A7A5C91D691}
		{09823B80-83E7-4340-B4E5-EAC95D28BCD0} = {B8FF079A-CF0F-4407-B23B-6A7A5C91D691}
		{F66F3853-D4F2-48D8-8E28-01CBF3C08BE7} = {B8FF079A-CF0F-4407-B23B-6A7A5C91D691}
		{E85AB36C-8600-4EDF-9237-83CBC5568752} = {B8FF079A-CF0F-4407-B23B-6A7A5C91D691}
	EndGlobalSection
EndGlobal
