
Microsoft Visual Studio Solution File, Format Version 12.00
# Visual Studio 14
VisualStudioVersion = 14.0.22823.1
MinimumVisualStudioVersion = 10.0.40219.1
Project("{2150E333-8FDC-42A3-9474-1A3956D46DE8}") = "PSharpFramework", "PSharpFramework", "{4D36A902-54F2-45E8-94AB-1A1E38656E9A}"
EndProject
Project("{FAE04EC0-301F-11D3-BF4B-00C04F79EFBC}") = "LivenessCheck", "PSharpFramework\LivenessCheck\LivenessCheck.csproj", "{25D12E62-1FBF-48ED-B677-6B0C20908894}"
EndProject
Project("{FAE04EC0-301F-11D3-BF4B-00C04F79EFBC}") = "MultiPaxos", "PSharpFramework\MultiPaxos\MultiPaxos.csproj", "{A7A1F4B6-D6C3-4A90-AC2F-EC0D1B82BF50}"
EndProject
Project("{FAE04EC0-301F-11D3-BF4B-00C04F79EFBC}") = "PingPong", "PSharpFramework\PingPong\PingPong.csproj", "{585ACE29-62FC-4B07-91A9-E50E22BAA081}"
EndProject
Project("{FAE04EC0-301F-11D3-BF4B-00C04F79EFBC}") = "TaskParallelismCheck", "PSharpFramework\TaskParallelismCheck\TaskParallelismCheck.csproj", "{2422C5E3-FDC8-494C-8250-2F737560112B}"
EndProject
Global
	GlobalSection(SolutionConfigurationPlatforms) = preSolution
		Debug|Any CPU = Debug|Any CPU
		Release|Any CPU = Release|Any CPU
	EndGlobalSection
	GlobalSection(ProjectConfigurationPlatforms) = postSolution
		{25D12E62-1FBF-48ED-B677-6B0C20908894}.Debug|Any CPU.ActiveCfg = Debug|Any CPU
		{25D12E62-1FBF-48ED-B677-6B0C20908894}.Debug|Any CPU.Build.0 = Debug|Any CPU
		{25D12E62-1FBF-48ED-B677-6B0C20908894}.Release|Any CPU.ActiveCfg = Release|Any CPU
		{25D12E62-1FBF-48ED-B677-6B0C20908894}.Release|Any CPU.Build.0 = Release|Any CPU
		{A7A1F4B6-D6C3-4A90-AC2F-EC0D1B82BF50}.Debug|Any CPU.ActiveCfg = Debug|Any CPU
		{A7A1F4B6-D6C3-4A90-AC2F-EC0D1B82BF50}.Debug|Any CPU.Build.0 = Debug|Any CPU
		{A7A1F4B6-D6C3-4A90-AC2F-EC0D1B82BF50}.Release|Any CPU.ActiveCfg = Release|Any CPU
		{A7A1F4B6-D6C3-4A90-AC2F-EC0D1B82BF50}.Release|Any CPU.Build.0 = Release|Any CPU
		{585ACE29-62FC-4B07-91A9-E50E22BAA081}.Debug|Any CPU.ActiveCfg = Debug|Any CPU
		{585ACE29-62FC-4B07-91A9-E50E22BAA081}.Debug|Any CPU.Build.0 = Debug|Any CPU
		{585ACE29-62FC-4B07-91A9-E50E22BAA081}.Release|Any CPU.ActiveCfg = Release|Any CPU
		{585ACE29-62FC-4B07-91A9-E50E22BAA081}.Release|Any CPU.Build.0 = Release|Any CPU
		{2422C5E3-FDC8-494C-8250-2F737560112B}.Debug|Any CPU.ActiveCfg = Debug|Any CPU
		{2422C5E3-FDC8-494C-8250-2F737560112B}.Debug|Any CPU.Build.0 = Debug|Any CPU
		{2422C5E3-FDC8-494C-8250-2F737560112B}.Release|Any CPU.ActiveCfg = Release|Any CPU
		{2422C5E3-FDC8-494C-8250-2F737560112B}.Release|Any CPU.Build.0 = Release|Any CPU
	EndGlobalSection
	GlobalSection(SolutionProperties) = preSolution
		HideSolutionNode = FALSE
	EndGlobalSection
	GlobalSection(NestedProjects) = preSolution
		{25D12E62-1FBF-48ED-B677-6B0C20908894} = {4D36A902-54F2-45E8-94AB-1A1E38656E9A}
		{A7A1F4B6-D6C3-4A90-AC2F-EC0D1B82BF50} = {4D36A902-54F2-45E8-94AB-1A1E38656E9A}
		{585ACE29-62FC-4B07-91A9-E50E22BAA081} = {4D36A902-54F2-45E8-94AB-1A1E38656E9A}
		{2422C5E3-FDC8-494C-8250-2F737560112B} = {4D36A902-54F2-45E8-94AB-1A1E38656E9A}
	EndGlobalSection
EndGlobal
