
Microsoft Visual Studio Solution File, Format Version 12.00
# Visual Studio 15
VisualStudioVersion = 15.0.26403.7
MinimumVisualStudioVersion = 10.0.40219.1
Project("{2150E333-8FDC-42A3-9474-1A3956D46DE8}") = "Build", "Build", "{458F6344-4ADE-475F-8A31-4DF3D01CF364}"
	ProjectSection(SolutionItems) = preProject
		Language\build.props = Language\build.props
	EndProjectSection
EndProject
Project("{2150E333-8FDC-42A3-9474-1A3956D46DE8}") = "Samples", "Samples", "{9E10ABE5-82B5-4766-B182-C39D7A119932}"
EndProject
Project("{9A19103F-16F7-4668-BE54-9A1E7A4F7556}") = "BoundedAsync", "Language\BoundedAsync\BoundedAsync.csproj", "{58B5D257-01C4-45F1-8125-9C32ABF2D3C2}"
EndProject
Project("{9A19103F-16F7-4668-BE54-9A1E7A4F7556}") = "CacheCoherence", "Language\CacheCoherence\CacheCoherence.csproj", "{AD235CB3-A8BA-464A-87B1-4AB826A584E2}"
EndProject
Project("{9A19103F-16F7-4668-BE54-9A1E7A4F7556}") = "FailureDetector", "Language\FailureDetector\FailureDetector.csproj", "{C2D208C9-A51D-43F2-8500-15EEAA0E1514}"
EndProject
Project("{9A19103F-16F7-4668-BE54-9A1E7A4F7556}") = "MultiPaxos", "Language\MultiPaxos\MultiPaxos.csproj", "{4F2FE1A7-C5B6-47C9-A76F-56E58C942981}"
EndProject
Project("{9A19103F-16F7-4668-BE54-9A1E7A4F7556}") = "PingPong", "Language\PingPong\PingPong.csproj", "{58A37E71-3880-486A-9448-47168DEFCDB7}"
EndProject
Project("{9A19103F-16F7-4668-BE54-9A1E7A4F7556}") = "PingPong.AsyncAwait", "Language\PingPong.AsyncAwait\PingPong.AsyncAwait.csproj", "{84E03455-AB85-41D9-BA15-0A01CF5718CE}"
EndProject
Project("{9A19103F-16F7-4668-BE54-9A1E7A4F7556}") = "PingPong.CustomLogging", "Language\PingPong.CustomLogging\PingPong.CustomLogging.csproj", "{0F70D1E1-FA68-4DEB-9773-ECE745F9D524}"
EndProject
Project("{9A19103F-16F7-4668-BE54-9A1E7A4F7556}") = "PingPong.MixedMode", "Language\PingPong.MixedMode\PingPong.MixedMode.csproj", "{E1022548-5B26-403A-A228-497821D3C656}"
EndProject
Project("{9A19103F-16F7-4668-BE54-9A1E7A4F7556}") = "Raft", "Language\Raft\Raft.csproj", "{73A6B607-D1F3-4CCF-BE4F-C73C8561D615}"
EndProject
Project("{9A19103F-16F7-4668-BE54-9A1E7A4F7556}") = "ReplicatingStorage", "Language\ReplicatingStorage\ReplicatingStorage.csproj", "{D250E81F-F0CA-4342-8AD0-28F6A266FE7B}"
EndProject
Global
	GlobalSection(SolutionConfigurationPlatforms) = preSolution
		Debug|Any CPU = Debug|Any CPU
		Release|Any CPU = Release|Any CPU
	EndGlobalSection
	GlobalSection(ProjectConfigurationPlatforms) = postSolution
		{58B5D257-01C4-45F1-8125-9C32ABF2D3C2}.Debug|Any CPU.ActiveCfg = Debug|Any CPU
		{58B5D257-01C4-45F1-8125-9C32ABF2D3C2}.Debug|Any CPU.Build.0 = Debug|Any CPU
		{58B5D257-01C4-45F1-8125-9C32ABF2D3C2}.Release|Any CPU.ActiveCfg = Release|Any CPU
		{58B5D257-01C4-45F1-8125-9C32ABF2D3C2}.Release|Any CPU.Build.0 = Release|Any CPU
		{AD235CB3-A8BA-464A-87B1-4AB826A584E2}.Debug|Any CPU.ActiveCfg = Debug|Any CPU
		{AD235CB3-A8BA-464A-87B1-4AB826A584E2}.Debug|Any CPU.Build.0 = Debug|Any CPU
		{AD235CB3-A8BA-464A-87B1-4AB826A584E2}.Release|Any CPU.ActiveCfg = Release|Any CPU
		{AD235CB3-A8BA-464A-87B1-4AB826A584E2}.Release|Any CPU.Build.0 = Release|Any CPU
		{C2D208C9-A51D-43F2-8500-15EEAA0E1514}.Debug|Any CPU.ActiveCfg = Debug|Any CPU
		{C2D208C9-A51D-43F2-8500-15EEAA0E1514}.Debug|Any CPU.Build.0 = Debug|Any CPU
		{C2D208C9-A51D-43F2-8500-15EEAA0E1514}.Release|Any CPU.ActiveCfg = Release|Any CPU
		{C2D208C9-A51D-43F2-8500-15EEAA0E1514}.Release|Any CPU.Build.0 = Release|Any CPU
		{4F2FE1A7-C5B6-47C9-A76F-56E58C942981}.Debug|Any CPU.ActiveCfg = Debug|Any CPU
		{4F2FE1A7-C5B6-47C9-A76F-56E58C942981}.Debug|Any CPU.Build.0 = Debug|Any CPU
		{4F2FE1A7-C5B6-47C9-A76F-56E58C942981}.Release|Any CPU.ActiveCfg = Release|Any CPU
		{4F2FE1A7-C5B6-47C9-A76F-56E58C942981}.Release|Any CPU.Build.0 = Release|Any CPU
		{58A37E71-3880-486A-9448-47168DEFCDB7}.Debug|Any CPU.ActiveCfg = Debug|Any CPU
		{58A37E71-3880-486A-9448-47168DEFCDB7}.Debug|Any CPU.Build.0 = Debug|Any CPU
		{58A37E71-3880-486A-9448-47168DEFCDB7}.Release|Any CPU.ActiveCfg = Release|Any CPU
		{58A37E71-3880-486A-9448-47168DEFCDB7}.Release|Any CPU.Build.0 = Release|Any CPU
		{84E03455-AB85-41D9-BA15-0A01CF5718CE}.Debug|Any CPU.ActiveCfg = Debug|Any CPU
		{84E03455-AB85-41D9-BA15-0A01CF5718CE}.Debug|Any CPU.Build.0 = Debug|Any CPU
		{84E03455-AB85-41D9-BA15-0A01CF5718CE}.Release|Any CPU.ActiveCfg = Release|Any CPU
		{84E03455-AB85-41D9-BA15-0A01CF5718CE}.Release|Any CPU.Build.0 = Release|Any CPU
		{0F70D1E1-FA68-4DEB-9773-ECE745F9D524}.Debug|Any CPU.ActiveCfg = Debug|Any CPU
		{0F70D1E1-FA68-4DEB-9773-ECE745F9D524}.Debug|Any CPU.Build.0 = Debug|Any CPU
		{0F70D1E1-FA68-4DEB-9773-ECE745F9D524}.Release|Any CPU.ActiveCfg = Release|Any CPU
		{0F70D1E1-FA68-4DEB-9773-ECE745F9D524}.Release|Any CPU.Build.0 = Release|Any CPU
		{E1022548-5B26-403A-A228-497821D3C656}.Debug|Any CPU.ActiveCfg = Debug|Any CPU
		{E1022548-5B26-403A-A228-497821D3C656}.Debug|Any CPU.Build.0 = Debug|Any CPU
		{E1022548-5B26-403A-A228-497821D3C656}.Release|Any CPU.ActiveCfg = Release|Any CPU
		{E1022548-5B26-403A-A228-497821D3C656}.Release|Any CPU.Build.0 = Release|Any CPU
		{73A6B607-D1F3-4CCF-BE4F-C73C8561D615}.Debug|Any CPU.ActiveCfg = Debug|Any CPU
		{73A6B607-D1F3-4CCF-BE4F-C73C8561D615}.Debug|Any CPU.Build.0 = Debug|Any CPU
		{73A6B607-D1F3-4CCF-BE4F-C73C8561D615}.Release|Any CPU.ActiveCfg = Release|Any CPU
		{73A6B607-D1F3-4CCF-BE4F-C73C8561D615}.Release|Any CPU.Build.0 = Release|Any CPU
		{D250E81F-F0CA-4342-8AD0-28F6A266FE7B}.Debug|Any CPU.ActiveCfg = Debug|Any CPU
		{D250E81F-F0CA-4342-8AD0-28F6A266FE7B}.Debug|Any CPU.Build.0 = Debug|Any CPU
		{D250E81F-F0CA-4342-8AD0-28F6A266FE7B}.Release|Any CPU.ActiveCfg = Release|Any CPU
		{D250E81F-F0CA-4342-8AD0-28F6A266FE7B}.Release|Any CPU.Build.0 = Release|Any CPU
	EndGlobalSection
	GlobalSection(SolutionProperties) = preSolution
		HideSolutionNode = FALSE
	EndGlobalSection
	GlobalSection(NestedProjects) = preSolution
		{58B5D257-01C4-45F1-8125-9C32ABF2D3C2} = {9E10ABE5-82B5-4766-B182-C39D7A119932}
		{AD235CB3-A8BA-464A-87B1-4AB826A584E2} = {9E10ABE5-82B5-4766-B182-C39D7A119932}
		{C2D208C9-A51D-43F2-8500-15EEAA0E1514} = {9E10ABE5-82B5-4766-B182-C39D7A119932}
		{4F2FE1A7-C5B6-47C9-A76F-56E58C942981} = {9E10ABE5-82B5-4766-B182-C39D7A119932}
		{58A37E71-3880-486A-9448-47168DEFCDB7} = {9E10ABE5-82B5-4766-B182-C39D7A119932}
		{84E03455-AB85-41D9-BA15-0A01CF5718CE} = {9E10ABE5-82B5-4766-B182-C39D7A119932}
		{0F70D1E1-FA68-4DEB-9773-ECE745F9D524} = {9E10ABE5-82B5-4766-B182-C39D7A119932}
		{E1022548-5B26-403A-A228-497821D3C656} = {9E10ABE5-82B5-4766-B182-C39D7A119932}
		{73A6B607-D1F3-4CCF-BE4F-C73C8561D615} = {9E10ABE5-82B5-4766-B182-C39D7A119932}
		{D250E81F-F0CA-4342-8AD0-28F6A266FE7B} = {9E10ABE5-82B5-4766-B182-C39D7A119932}
	EndGlobalSection
	GlobalSection(ExtensibilityGlobals) = postSolution
		SolutionGuid = {B9407046-CB24-4B07-8031-2749696EC7D8}
	EndGlobalSection
EndGlobal
