
Microsoft Visual Studio Solution File, Format Version 12.00
# Visual Studio 14
VisualStudioVersion = 14.0.23107.0
MinimumVisualStudioVersion = 10.0.40219.1
Project("{2150E333-8FDC-42A3-9474-1A3956D46DE8}") = "UnmanagedPSharp", "UnmanagedPSharp", "{4D36A902-54F2-45E8-94AB-1A1E38656E9A}"
EndProject
Project("{8BC9CEB8-8B4A-11D0-8D11-00A0C91BC942}") = "PingPong", "UnmanagedPSharp\PingPong\PingPong.vcxproj", "{86255B6F-E155-4A9F-8240-7CA9E10BCC64}"
EndProject
Project("{8BC9CEB8-8B4A-11D0-8D11-00A0C91BC942}") = "Benchmarks", "Benchmarks\Benchmarks.vcxproj", "{EAD429FB-58E9-412C-A766-51D1C801A3D9}"
EndProject
Global
	GlobalSection(SolutionConfigurationPlatforms) = preSolution
		Debug|x64 = Debug|x64
		Debug|x86 = Debug|x86
		Release|x64 = Release|x64
		Release|x86 = Release|x86
	EndGlobalSection
	GlobalSection(ProjectConfigurationPlatforms) = postSolution
		{86255B6F-E155-4A9F-8240-7CA9E10BCC64}.Debug|x64.ActiveCfg = Debug|x64
		{86255B6F-E155-4A9F-8240-7CA9E10BCC64}.Debug|x64.Build.0 = Debug|x64
		{86255B6F-E155-4A9F-8240-7CA9E10BCC64}.Debug|x86.ActiveCfg = Debug|Win32
		{86255B6F-E155-4A9F-8240-7CA9E10BCC64}.Debug|x86.Build.0 = Debug|Win32
		{86255B6F-E155-4A9F-8240-7CA9E10BCC64}.Release|x64.ActiveCfg = Release|x64
		{86255B6F-E155-4A9F-8240-7CA9E10BCC64}.Release|x64.Build.0 = Release|x64
		{86255B6F-E155-4A9F-8240-7CA9E10BCC64}.Release|x86.ActiveCfg = Release|Win32
		{86255B6F-E155-4A9F-8240-7CA9E10BCC64}.Release|x86.Build.0 = Release|Win32
		{EAD429FB-58E9-412C-A766-51D1C801A3D9}.Debug|x64.ActiveCfg = Debug|x64
		{EAD429FB-58E9-412C-A766-51D1C801A3D9}.Debug|x64.Build.0 = Debug|x64
		{EAD429FB-58E9-412C-A766-51D1C801A3D9}.Debug|x86.ActiveCfg = Debug|Win32
		{EAD429FB-58E9-412C-A766-51D1C801A3D9}.Debug|x86.Build.0 = Debug|Win32
		{EAD429FB-58E9-412C-A766-51D1C801A3D9}.Release|x64.ActiveCfg = Release|x64
		{EAD429FB-58E9-412C-A766-51D1C801A3D9}.Release|x64.Build.0 = Release|x64
		{EAD429FB-58E9-412C-A766-51D1C801A3D9}.Release|x86.ActiveCfg = Release|Win32
		{EAD429FB-58E9-412C-A766-51D1C801A3D9}.Release|x86.Build.0 = Release|Win32
	EndGlobalSection
	GlobalSection(SolutionProperties) = preSolution
		HideSolutionNode = FALSE
	EndGlobalSection
	GlobalSection(NestedProjects) = preSolution
		{86255B6F-E155-4A9F-8240-7CA9E10BCC64} = {4D36A902-54F2-45E8-94AB-1A1E38656E9A}
		{EAD429FB-58E9-412C-A766-51D1C801A3D9} = {4D36A902-54F2-45E8-94AB-1A1E38656E9A}
	EndGlobalSection
EndGlobal
