
Microsoft Visual Studio Solution File, Format Version 12.00
# Visual Studio 14
VisualStudioVersion = 14.0.22310.1
MinimumVisualStudioVersion = 10.0.40219.1
Project("{2150E333-8FDC-42A3-9474-1A3956D46DE8}") = "PSharp", "PSharp", "{20E53419-703B-4C14-A484-AE2697DCE959}"
EndProject
Project("{2150E333-8FDC-42A3-9474-1A3956D46DE8}") = "P", "P", "{65348FA0-2C46-49F6-A548-FC8F9E4B0833}"
EndProject
Project("{FAE04EC0-301F-11D3-BF4B-00C04F79EFBC}") = "AbstractPong", "PSharp\AbstractPong\AbstractPong.csproj", "{B911057D-5673-4EAE-8205-40737B7CC3FA}"
EndProject
Project("{FAE04EC0-301F-11D3-BF4B-00C04F79EFBC}") = "BoundedAsync", "PSharp\BoundedAsync\BoundedAsync.csproj", "{3FC3A452-7AD6-4EB8-A2CD-45EEAD027393}"
EndProject
Project("{FAE04EC0-301F-11D3-BF4B-00C04F79EFBC}") = "TypesAndGenerics", "PSharp\TypesAndGenerics\TypesAndGenerics.csproj", "{E85AB36C-8600-4EDF-9237-83CBC5568752}"
EndProject
Project("{FAE04EC0-301F-11D3-BF4B-00C04F79EFBC}") = "PingPong", "PSharp\PingPong\PingPong.csproj", "{09823B80-83E7-4340-B4E5-EAC95D28BCD0}"
EndProject
Project("{FAE04EC0-301F-11D3-BF4B-00C04F79EFBC}") = "PGerman", "P\PGerman\PGerman.csproj", "{DB1C269A-F165-46BE-BB26-C0B89711423B}"
EndProject
Project("{FAE04EC0-301F-11D3-BF4B-00C04F79EFBC}") = "PLinearTopology", "P\PLinearTopology\PLinearTopology.csproj", "{EA6166B5-B8B5-49C1-AB00-7F4964978498}"
EndProject
Project("{FAE04EC0-301F-11D3-BF4B-00C04F79EFBC}") = "POpenWSN", "P\POpenWSN\POpenWSN.csproj", "{62D61258-B48B-42BA-900A-5368BDD40403}"
EndProject
Project("{FAE04EC0-301F-11D3-BF4B-00C04F79EFBC}") = "PElevator", "P\PElevator\PElevator.csproj", "{918DE77F-88E5-4F30-ACB1-059A1AEA7B3D}"
EndProject
Project("{FAE04EC0-301F-11D3-BF4B-00C04F79EFBC}") = "PBoundedAsync", "P\PBoundedAsync\PBoundedAsync.csproj", "{EED08DA7-945A-4790-A0FB-98E7668DF3AE}"
EndProject
Global
	GlobalSection(SolutionConfigurationPlatforms) = preSolution
		Debug|Any CPU = Debug|Any CPU
		Release|Any CPU = Release|Any CPU
	EndGlobalSection
	GlobalSection(ProjectConfigurationPlatforms) = postSolution
		{B911057D-5673-4EAE-8205-40737B7CC3FA}.Debug|Any CPU.ActiveCfg = Debug|Any CPU
		{B911057D-5673-4EAE-8205-40737B7CC3FA}.Debug|Any CPU.Build.0 = Debug|Any CPU
		{B911057D-5673-4EAE-8205-40737B7CC3FA}.Release|Any CPU.ActiveCfg = Release|Any CPU
		{B911057D-5673-4EAE-8205-40737B7CC3FA}.Release|Any CPU.Build.0 = Release|Any CPU
		{3FC3A452-7AD6-4EB8-A2CD-45EEAD027393}.Debug|Any CPU.ActiveCfg = Debug|Any CPU
		{3FC3A452-7AD6-4EB8-A2CD-45EEAD027393}.Debug|Any CPU.Build.0 = Debug|Any CPU
		{3FC3A452-7AD6-4EB8-A2CD-45EEAD027393}.Release|Any CPU.ActiveCfg = Release|Any CPU
		{3FC3A452-7AD6-4EB8-A2CD-45EEAD027393}.Release|Any CPU.Build.0 = Release|Any CPU
		{E85AB36C-8600-4EDF-9237-83CBC5568752}.Debug|Any CPU.ActiveCfg = Debug|Any CPU
		{E85AB36C-8600-4EDF-9237-83CBC5568752}.Debug|Any CPU.Build.0 = Debug|Any CPU
		{E85AB36C-8600-4EDF-9237-83CBC5568752}.Release|Any CPU.ActiveCfg = Release|Any CPU
		{E85AB36C-8600-4EDF-9237-83CBC5568752}.Release|Any CPU.Build.0 = Release|Any CPU
		{09823B80-83E7-4340-B4E5-EAC95D28BCD0}.Debug|Any CPU.ActiveCfg = Debug|Any CPU
		{09823B80-83E7-4340-B4E5-EAC95D28BCD0}.Debug|Any CPU.Build.0 = Debug|Any CPU
		{09823B80-83E7-4340-B4E5-EAC95D28BCD0}.Release|Any CPU.ActiveCfg = Release|Any CPU
		{09823B80-83E7-4340-B4E5-EAC95D28BCD0}.Release|Any CPU.Build.0 = Release|Any CPU
		{DB1C269A-F165-46BE-BB26-C0B89711423B}.Debug|Any CPU.ActiveCfg = Debug|Any CPU
		{DB1C269A-F165-46BE-BB26-C0B89711423B}.Debug|Any CPU.Build.0 = Debug|Any CPU
		{DB1C269A-F165-46BE-BB26-C0B89711423B}.Release|Any CPU.ActiveCfg = Release|Any CPU
		{DB1C269A-F165-46BE-BB26-C0B89711423B}.Release|Any CPU.Build.0 = Release|Any CPU
		{EA6166B5-B8B5-49C1-AB00-7F4964978498}.Debug|Any CPU.ActiveCfg = Debug|Any CPU
		{EA6166B5-B8B5-49C1-AB00-7F4964978498}.Debug|Any CPU.Build.0 = Debug|Any CPU
		{EA6166B5-B8B5-49C1-AB00-7F4964978498}.Release|Any CPU.ActiveCfg = Release|Any CPU
		{EA6166B5-B8B5-49C1-AB00-7F4964978498}.Release|Any CPU.Build.0 = Release|Any CPU
		{62D61258-B48B-42BA-900A-5368BDD40403}.Debug|Any CPU.ActiveCfg = Debug|Any CPU
		{62D61258-B48B-42BA-900A-5368BDD40403}.Debug|Any CPU.Build.0 = Debug|Any CPU
		{62D61258-B48B-42BA-900A-5368BDD40403}.Release|Any CPU.ActiveCfg = Release|Any CPU
		{62D61258-B48B-42BA-900A-5368BDD40403}.Release|Any CPU.Build.0 = Release|Any CPU
		{918DE77F-88E5-4F30-ACB1-059A1AEA7B3D}.Debug|Any CPU.ActiveCfg = Debug|Any CPU
		{918DE77F-88E5-4F30-ACB1-059A1AEA7B3D}.Debug|Any CPU.Build.0 = Debug|Any CPU
		{918DE77F-88E5-4F30-ACB1-059A1AEA7B3D}.Release|Any CPU.ActiveCfg = Release|Any CPU
		{918DE77F-88E5-4F30-ACB1-059A1AEA7B3D}.Release|Any CPU.Build.0 = Release|Any CPU
		{EED08DA7-945A-4790-A0FB-98E7668DF3AE}.Debug|Any CPU.ActiveCfg = Debug|Any CPU
		{EED08DA7-945A-4790-A0FB-98E7668DF3AE}.Debug|Any CPU.Build.0 = Debug|Any CPU
		{EED08DA7-945A-4790-A0FB-98E7668DF3AE}.Release|Any CPU.ActiveCfg = Release|Any CPU
		{EED08DA7-945A-4790-A0FB-98E7668DF3AE}.Release|Any CPU.Build.0 = Release|Any CPU
	EndGlobalSection
	GlobalSection(SolutionProperties) = preSolution
		HideSolutionNode = FALSE
	EndGlobalSection
	GlobalSection(NestedProjects) = preSolution
		{B911057D-5673-4EAE-8205-40737B7CC3FA} = {20E53419-703B-4C14-A484-AE2697DCE959}
		{3FC3A452-7AD6-4EB8-A2CD-45EEAD027393} = {20E53419-703B-4C14-A484-AE2697DCE959}
		{E85AB36C-8600-4EDF-9237-83CBC5568752} = {20E53419-703B-4C14-A484-AE2697DCE959}
		{09823B80-83E7-4340-B4E5-EAC95D28BCD0} = {20E53419-703B-4C14-A484-AE2697DCE959}
		{DB1C269A-F165-46BE-BB26-C0B89711423B} = {65348FA0-2C46-49F6-A548-FC8F9E4B0833}
		{EA6166B5-B8B5-49C1-AB00-7F4964978498} = {65348FA0-2C46-49F6-A548-FC8F9E4B0833}
		{62D61258-B48B-42BA-900A-5368BDD40403} = {65348FA0-2C46-49F6-A548-FC8F9E4B0833}
		{918DE77F-88E5-4F30-ACB1-059A1AEA7B3D} = {65348FA0-2C46-49F6-A548-FC8F9E4B0833}
		{EED08DA7-945A-4790-A0FB-98E7668DF3AE} = {65348FA0-2C46-49F6-A548-FC8F9E4B0833}
	EndGlobalSection
EndGlobal
