
Microsoft Visual Studio Solution File, Format Version 12.00
# Visual Studio 14
VisualStudioVersion = 14.0.22823.1
MinimumVisualStudioVersion = 10.0.40219.1
Project("{2150E333-8FDC-42A3-9474-1A3956D46DE8}") = "PSharp", "PSharp", "{20E53419-703B-4C14-A484-AE2697DCE959}"
EndProject
Project("{2150E333-8FDC-42A3-9474-1A3956D46DE8}") = "P", "P", "{65348FA0-2C46-49F6-A548-FC8F9E4B0833}"
EndProject
Project("{FAE04EC0-301F-11D3-BF4B-00C04F79EFBC}") = "AbstractPong", "PSharp\AbstractPong\AbstractPong.csproj", "{B911057D-5673-4EAE-8205-40737B7CC3FA}"
EndProject
Project("{FAE04EC0-301F-11D3-BF4B-00C04F79EFBC}") = "TypesAndGenerics", "PSharp\TypesAndGenerics\TypesAndGenerics.csproj", "{E85AB36C-8600-4EDF-9237-83CBC5568752}"
EndProject
Project("{FAE04EC0-301F-11D3-BF4B-00C04F79EFBC}") = "PingPong", "PSharp\PingPong\PingPong.csproj", "{09823B80-83E7-4340-B4E5-EAC95D28BCD0}"
EndProject
Project("{FAE04EC0-301F-11D3-BF4B-00C04F79EFBC}") = "PGerman", "P\PGerman\PGerman.csproj", "{DB1C269A-F165-46BE-BB26-C0B89711423B}"
EndProject
Project("{FAE04EC0-301F-11D3-BF4B-00C04F79EFBC}") = "PLinearTopology", "P\PLinearTopology\PLinearTopology.csproj", "{EA6166B5-B8B5-49C1-AB00-7F4964978498}"
EndProject
Project("{FAE04EC0-301F-11D3-BF4B-00C04F79EFBC}") = "POpenWSN", "P\POpenWSN\POpenWSN.csproj", "{62D61258-B48B-42BA-900A-5368BDD40403}"
EndProject
Project("{FAE04EC0-301F-11D3-BF4B-00C04F79EFBC}") = "PPushTest", "P\PPushTest\PPushTest.csproj", "{918DE77F-88E5-4F30-ACB1-059A1AEA7B3D}"
EndProject
Project("{FAE04EC0-301F-11D3-BF4B-00C04F79EFBC}") = "PElevator", "P\PElevator\PElevator.csproj", "{F7344B58-2F99-4BE5-8765-D2609AE61427}"
EndProject
Project("{FAE04EC0-301F-11D3-BF4B-00C04F79EFBC}") = "German", "PSharp\German\German.csproj", "{3FC3A452-7AD6-4EB8-A2CD-45EEAD027393}"
EndProject
Project("{FAE04EC0-301F-11D3-BF4B-00C04F79EFBC}") = "BoundedAsync", "PSharp\BoundedAsync\BoundedAsync.csproj", "{BC173DF6-E567-4AB0-916E-D5980EDFBF45}"
EndProject
Project("{2150E333-8FDC-42A3-9474-1A3956D46DE8}") = "Regressions", "Regressions", "{EB5D79F5-B903-4D9A-B53C-7432EDB569DA}"
EndProject
Project("{2150E333-8FDC-42A3-9474-1A3956D46DE8}") = "Feature1SMLevelDecls", "Feature1SMLevelDecls", "{A26EA41F-4903-44EE-8F13-0EA1C91EFE48}"
EndProject
Project("{2150E333-8FDC-42A3-9474-1A3956D46DE8}") = "Correct", "Correct", "{8E4B2EF8-A14D-420F-A20D-02C5709BA99D}"
EndProject
Project("{FAE04EC0-301F-11D3-BF4B-00C04F79EFBC}") = "PBoundedAsync", "P\PBoundedAsync\PBoundedAsync.csproj", "{9895122E-19EE-4AE6-9F92-4FA290CC9D57}"
EndProject
Project("{FAE04EC0-301F-11D3-BF4B-00C04F79EFBC}") = "BugRepro1", "Regressions\Feature1SMLevelDecls\Correct\BugRepro1\BugRepro1.csproj", "{47AA2263-8C4C-4118-B264-2A164CF16DAF}"
EndProject
Project("{FAE04EC0-301F-11D3-BF4B-00C04F79EFBC}") = "FunctionAny", "Regressions\Feature1SMLevelDecls\Correct\FunctionAny\FunctionAny.csproj", "{5DA4E449-B902-4806-A68B-9142E40B5ACC}"
EndProject
Project("{FAE04EC0-301F-11D3-BF4B-00C04F79EFBC}") = "MaxInstances_3", "Regressions\Feature1SMLevelDecls\Correct\MaxInstances_3\MaxInstances_3.csproj", "{EED08DA7-945A-4790-A0FB-98E7668DF3AE}"
EndProject
Project("{FAE04EC0-301F-11D3-BF4B-00C04F79EFBC}") = "MaxInstances_2", "Regressions\Feature1SMLevelDecls\Correct\MaxInstances_2\MaxInstances_2.csproj", "{A9A7FC8E-2F4C-47A7-8BF6-EF82D4E20751}"
EndProject
Project("{2150E333-8FDC-42A3-9474-1A3956D46DE8}") = "DynamicError", "DynamicError", "{BB26E861-0A2B-40E8-997C-42EE75EA880B}"
EndProject
Project("{FAE04EC0-301F-11D3-BF4B-00C04F79EFBC}") = "AlonBug", "Regressions\Feature1SMLevelDecls\Correct\AlonBug\AlonBug.csproj", "{D3BBA39C-CED1-4372-BF89-9D422046C220}"
EndProject
Project("{FAE04EC0-301F-11D3-BF4B-00C04F79EFBC}") = "AlonBug_Fails", "Regressions\Feature1SMLevelDecls\DynamicError\AlonBug\AlonBug_Fails.csproj", "{4E1B60A0-854F-48E6-940F-885FF797111D}"
EndProject
Project("{FAE04EC0-301F-11D3-BF4B-00C04F79EFBC}") = "MaxInstances_1", "Regressions\Feature1SMLevelDecls\DynamicError\MaxInstances_1\MaxInstances_1.csproj", "{3F348494-93D5-4E79-B973-CBC019FCDD3D}"
EndProject
Project("{FAE04EC0-301F-11D3-BF4B-00C04F79EFBC}") = "BugRepro", "Regressions\Feature1SMLevelDecls\DynamicError\BugRepro\BugRepro.csproj", "{DC3E931E-5A3C-44C7-A185-35F54D14042C}"
EndProject
Global
	GlobalSection(SolutionConfigurationPlatforms) = preSolution
		Debug|Any CPU = Debug|Any CPU
		Release|Any CPU = Release|Any CPU
	EndGlobalSection
	GlobalSection(ProjectConfigurationPlatforms) = postSolution
		{B911057D-5673-4EAE-8205-40737B7CC3FA}.Debug|Any CPU.ActiveCfg = Debug|Any CPU
		{B911057D-5673-4EAE-8205-40737B7CC3FA}.Debug|Any CPU.Build.0 = Debug|Any CPU
		{B911057D-5673-4EAE-8205-40737B7CC3FA}.Release|Any CPU.ActiveCfg = Release|Any CPU
		{B911057D-5673-4EAE-8205-40737B7CC3FA}.Release|Any CPU.Build.0 = Release|Any CPU
		{E85AB36C-8600-4EDF-9237-83CBC5568752}.Debug|Any CPU.ActiveCfg = Debug|Any CPU
		{E85AB36C-8600-4EDF-9237-83CBC5568752}.Debug|Any CPU.Build.0 = Debug|Any CPU
		{E85AB36C-8600-4EDF-9237-83CBC5568752}.Release|Any CPU.ActiveCfg = Release|Any CPU
		{E85AB36C-8600-4EDF-9237-83CBC5568752}.Release|Any CPU.Build.0 = Release|Any CPU
		{09823B80-83E7-4340-B4E5-EAC95D28BCD0}.Debug|Any CPU.ActiveCfg = Debug|Any CPU
		{09823B80-83E7-4340-B4E5-EAC95D28BCD0}.Debug|Any CPU.Build.0 = Debug|Any CPU
		{09823B80-83E7-4340-B4E5-EAC95D28BCD0}.Release|Any CPU.ActiveCfg = Release|Any CPU
		{09823B80-83E7-4340-B4E5-EAC95D28BCD0}.Release|Any CPU.Build.0 = Release|Any CPU
		{DB1C269A-F165-46BE-BB26-C0B89711423B}.Debug|Any CPU.ActiveCfg = Debug|Any CPU
		{DB1C269A-F165-46BE-BB26-C0B89711423B}.Debug|Any CPU.Build.0 = Debug|Any CPU
		{DB1C269A-F165-46BE-BB26-C0B89711423B}.Release|Any CPU.ActiveCfg = Release|Any CPU
		{DB1C269A-F165-46BE-BB26-C0B89711423B}.Release|Any CPU.Build.0 = Release|Any CPU
		{EA6166B5-B8B5-49C1-AB00-7F4964978498}.Debug|Any CPU.ActiveCfg = Debug|Any CPU
		{EA6166B5-B8B5-49C1-AB00-7F4964978498}.Debug|Any CPU.Build.0 = Debug|Any CPU
		{EA6166B5-B8B5-49C1-AB00-7F4964978498}.Release|Any CPU.ActiveCfg = Release|Any CPU
		{EA6166B5-B8B5-49C1-AB00-7F4964978498}.Release|Any CPU.Build.0 = Release|Any CPU
		{62D61258-B48B-42BA-900A-5368BDD40403}.Debug|Any CPU.ActiveCfg = Debug|Any CPU
		{62D61258-B48B-42BA-900A-5368BDD40403}.Debug|Any CPU.Build.0 = Debug|Any CPU
		{62D61258-B48B-42BA-900A-5368BDD40403}.Release|Any CPU.ActiveCfg = Release|Any CPU
		{62D61258-B48B-42BA-900A-5368BDD40403}.Release|Any CPU.Build.0 = Release|Any CPU
		{918DE77F-88E5-4F30-ACB1-059A1AEA7B3D}.Debug|Any CPU.ActiveCfg = Debug|Any CPU
		{918DE77F-88E5-4F30-ACB1-059A1AEA7B3D}.Debug|Any CPU.Build.0 = Debug|Any CPU
		{918DE77F-88E5-4F30-ACB1-059A1AEA7B3D}.Release|Any CPU.ActiveCfg = Release|Any CPU
		{918DE77F-88E5-4F30-ACB1-059A1AEA7B3D}.Release|Any CPU.Build.0 = Release|Any CPU
		{F7344B58-2F99-4BE5-8765-D2609AE61427}.Debug|Any CPU.ActiveCfg = Debug|Any CPU
		{F7344B58-2F99-4BE5-8765-D2609AE61427}.Debug|Any CPU.Build.0 = Debug|Any CPU
		{F7344B58-2F99-4BE5-8765-D2609AE61427}.Release|Any CPU.ActiveCfg = Release|Any CPU
		{F7344B58-2F99-4BE5-8765-D2609AE61427}.Release|Any CPU.Build.0 = Release|Any CPU
		{3FC3A452-7AD6-4EB8-A2CD-45EEAD027393}.Debug|Any CPU.ActiveCfg = Debug|Any CPU
		{3FC3A452-7AD6-4EB8-A2CD-45EEAD027393}.Debug|Any CPU.Build.0 = Debug|Any CPU
		{3FC3A452-7AD6-4EB8-A2CD-45EEAD027393}.Release|Any CPU.ActiveCfg = Release|Any CPU
		{3FC3A452-7AD6-4EB8-A2CD-45EEAD027393}.Release|Any CPU.Build.0 = Release|Any CPU
		{BC173DF6-E567-4AB0-916E-D5980EDFBF45}.Debug|Any CPU.ActiveCfg = Debug|Any CPU
		{BC173DF6-E567-4AB0-916E-D5980EDFBF45}.Debug|Any CPU.Build.0 = Debug|Any CPU
		{BC173DF6-E567-4AB0-916E-D5980EDFBF45}.Release|Any CPU.ActiveCfg = Release|Any CPU
		{BC173DF6-E567-4AB0-916E-D5980EDFBF45}.Release|Any CPU.Build.0 = Release|Any CPU
		{9895122E-19EE-4AE6-9F92-4FA290CC9D57}.Debug|Any CPU.ActiveCfg = Debug|Any CPU
		{9895122E-19EE-4AE6-9F92-4FA290CC9D57}.Debug|Any CPU.Build.0 = Debug|Any CPU
		{9895122E-19EE-4AE6-9F92-4FA290CC9D57}.Release|Any CPU.ActiveCfg = Release|Any CPU
		{9895122E-19EE-4AE6-9F92-4FA290CC9D57}.Release|Any CPU.Build.0 = Release|Any CPU
		{47AA2263-8C4C-4118-B264-2A164CF16DAF}.Debug|Any CPU.ActiveCfg = Debug|Any CPU
		{47AA2263-8C4C-4118-B264-2A164CF16DAF}.Debug|Any CPU.Build.0 = Debug|Any CPU
		{47AA2263-8C4C-4118-B264-2A164CF16DAF}.Release|Any CPU.ActiveCfg = Release|Any CPU
		{47AA2263-8C4C-4118-B264-2A164CF16DAF}.Release|Any CPU.Build.0 = Release|Any CPU
		{5DA4E449-B902-4806-A68B-9142E40B5ACC}.Debug|Any CPU.ActiveCfg = Debug|Any CPU
		{5DA4E449-B902-4806-A68B-9142E40B5ACC}.Debug|Any CPU.Build.0 = Debug|Any CPU
		{5DA4E449-B902-4806-A68B-9142E40B5ACC}.Release|Any CPU.ActiveCfg = Release|Any CPU
		{5DA4E449-B902-4806-A68B-9142E40B5ACC}.Release|Any CPU.Build.0 = Release|Any CPU
		{EED08DA7-945A-4790-A0FB-98E7668DF3AE}.Debug|Any CPU.ActiveCfg = Debug|Any CPU
		{EED08DA7-945A-4790-A0FB-98E7668DF3AE}.Debug|Any CPU.Build.0 = Debug|Any CPU
		{EED08DA7-945A-4790-A0FB-98E7668DF3AE}.Release|Any CPU.ActiveCfg = Release|Any CPU
		{EED08DA7-945A-4790-A0FB-98E7668DF3AE}.Release|Any CPU.Build.0 = Release|Any CPU
		{A9A7FC8E-2F4C-47A7-8BF6-EF82D4E20751}.Debug|Any CPU.ActiveCfg = Debug|Any CPU
		{A9A7FC8E-2F4C-47A7-8BF6-EF82D4E20751}.Debug|Any CPU.Build.0 = Debug|Any CPU
		{A9A7FC8E-2F4C-47A7-8BF6-EF82D4E20751}.Release|Any CPU.ActiveCfg = Release|Any CPU
		{A9A7FC8E-2F4C-47A7-8BF6-EF82D4E20751}.Release|Any CPU.Build.0 = Release|Any CPU
		{D3BBA39C-CED1-4372-BF89-9D422046C220}.Debug|Any CPU.ActiveCfg = Debug|Any CPU
		{D3BBA39C-CED1-4372-BF89-9D422046C220}.Debug|Any CPU.Build.0 = Debug|Any CPU
		{D3BBA39C-CED1-4372-BF89-9D422046C220}.Release|Any CPU.ActiveCfg = Release|Any CPU
		{D3BBA39C-CED1-4372-BF89-9D422046C220}.Release|Any CPU.Build.0 = Release|Any CPU
		{4E1B60A0-854F-48E6-940F-885FF797111D}.Debug|Any CPU.ActiveCfg = Debug|Any CPU
		{4E1B60A0-854F-48E6-940F-885FF797111D}.Debug|Any CPU.Build.0 = Debug|Any CPU
		{4E1B60A0-854F-48E6-940F-885FF797111D}.Release|Any CPU.ActiveCfg = Release|Any CPU
		{4E1B60A0-854F-48E6-940F-885FF797111D}.Release|Any CPU.Build.0 = Release|Any CPU
		{3F348494-93D5-4E79-B973-CBC019FCDD3D}.Debug|Any CPU.ActiveCfg = Debug|Any CPU
		{3F348494-93D5-4E79-B973-CBC019FCDD3D}.Debug|Any CPU.Build.0 = Debug|Any CPU
		{3F348494-93D5-4E79-B973-CBC019FCDD3D}.Release|Any CPU.ActiveCfg = Release|Any CPU
		{3F348494-93D5-4E79-B973-CBC019FCDD3D}.Release|Any CPU.Build.0 = Release|Any CPU
		{DC3E931E-5A3C-44C7-A185-35F54D14042C}.Debug|Any CPU.ActiveCfg = Debug|Any CPU
		{DC3E931E-5A3C-44C7-A185-35F54D14042C}.Debug|Any CPU.Build.0 = Debug|Any CPU
		{DC3E931E-5A3C-44C7-A185-35F54D14042C}.Release|Any CPU.ActiveCfg = Release|Any CPU
		{DC3E931E-5A3C-44C7-A185-35F54D14042C}.Release|Any CPU.Build.0 = Release|Any CPU
	EndGlobalSection
	GlobalSection(SolutionProperties) = preSolution
		HideSolutionNode = FALSE
	EndGlobalSection
	GlobalSection(NestedProjects) = preSolution
		{B911057D-5673-4EAE-8205-40737B7CC3FA} = {20E53419-703B-4C14-A484-AE2697DCE959}
		{E85AB36C-8600-4EDF-9237-83CBC5568752} = {20E53419-703B-4C14-A484-AE2697DCE959}
		{09823B80-83E7-4340-B4E5-EAC95D28BCD0} = {20E53419-703B-4C14-A484-AE2697DCE959}
		{DB1C269A-F165-46BE-BB26-C0B89711423B} = {65348FA0-2C46-49F6-A548-FC8F9E4B0833}
		{EA6166B5-B8B5-49C1-AB00-7F4964978498} = {65348FA0-2C46-49F6-A548-FC8F9E4B0833}
		{62D61258-B48B-42BA-900A-5368BDD40403} = {65348FA0-2C46-49F6-A548-FC8F9E4B0833}
		{918DE77F-88E5-4F30-ACB1-059A1AEA7B3D} = {65348FA0-2C46-49F6-A548-FC8F9E4B0833}
		{F7344B58-2F99-4BE5-8765-D2609AE61427} = {65348FA0-2C46-49F6-A548-FC8F9E4B0833}
		{3FC3A452-7AD6-4EB8-A2CD-45EEAD027393} = {20E53419-703B-4C14-A484-AE2697DCE959}
		{BC173DF6-E567-4AB0-916E-D5980EDFBF45} = {20E53419-703B-4C14-A484-AE2697DCE959}
		{A26EA41F-4903-44EE-8F13-0EA1C91EFE48} = {EB5D79F5-B903-4D9A-B53C-7432EDB569DA}
		{8E4B2EF8-A14D-420F-A20D-02C5709BA99D} = {A26EA41F-4903-44EE-8F13-0EA1C91EFE48}
		{9895122E-19EE-4AE6-9F92-4FA290CC9D57} = {65348FA0-2C46-49F6-A548-FC8F9E4B0833}
		{47AA2263-8C4C-4118-B264-2A164CF16DAF} = {8E4B2EF8-A14D-420F-A20D-02C5709BA99D}
		{5DA4E449-B902-4806-A68B-9142E40B5ACC} = {8E4B2EF8-A14D-420F-A20D-02C5709BA99D}
		{EED08DA7-945A-4790-A0FB-98E7668DF3AE} = {8E4B2EF8-A14D-420F-A20D-02C5709BA99D}
		{A9A7FC8E-2F4C-47A7-8BF6-EF82D4E20751} = {8E4B2EF8-A14D-420F-A20D-02C5709BA99D}
		{BB26E861-0A2B-40E8-997C-42EE75EA880B} = {A26EA41F-4903-44EE-8F13-0EA1C91EFE48}
		{D3BBA39C-CED1-4372-BF89-9D422046C220} = {8E4B2EF8-A14D-420F-A20D-02C5709BA99D}
		{4E1B60A0-854F-48E6-940F-885FF797111D} = {BB26E861-0A2B-40E8-997C-42EE75EA880B}
		{3F348494-93D5-4E79-B973-CBC019FCDD3D} = {BB26E861-0A2B-40E8-997C-42EE75EA880B}
		{DC3E931E-5A3C-44C7-A185-35F54D14042C} = {BB26E861-0A2B-40E8-997C-42EE75EA880B}
	EndGlobalSection
EndGlobal
