
Microsoft Visual Studio Solution File, Format Version 12.00
# Visual Studio 14
VisualStudioVersion = 14.0.22310.1
MinimumVisualStudioVersion = 10.0.40219.1
Project("{FAE04EC0-301F-11D3-BF4B-00C04F79EFBC}") = "AbstractPong", "AbstractPong\AbstractPong.csproj", "{B911057D-5673-4EAE-8205-40737B7CC3FA}"
EndProject
Project("{FAE04EC0-301F-11D3-BF4B-00C04F79EFBC}") = "BoundedAsync", "BoundedAsync\BoundedAsync.csproj", "{3FC3A452-7AD6-4EB8-A2CD-45EEAD027393}"
EndProject
Project("{FAE04EC0-301F-11D3-BF4B-00C04F79EFBC}") = "PBoundedAsync", "PBoundedAsync\PBoundedAsync.csproj", "{918DE77F-88E5-4F30-ACB1-059A1AEA7B3D}"
EndProject
Project("{FAE04EC0-301F-11D3-BF4B-00C04F79EFBC}") = "TypesAndGenerics", "TypesAndGenerics\TypesAndGenerics.csproj", "{E85AB36C-8600-4EDF-9237-83CBC5568752}"
EndProject
Project("{FAE04EC0-301F-11D3-BF4B-00C04F79EFBC}") = "PingPong", "PingPong\PingPong.csproj", "{09823B80-83E7-4340-B4E5-EAC95D28BCD0}"
EndProject
Global
	GlobalSection(SolutionConfigurationPlatforms) = preSolution
		Debug|Any CPU = Debug|Any CPU
		Release|Any CPU = Release|Any CPU
	EndGlobalSection
	GlobalSection(ProjectConfigurationPlatforms) = postSolution
		{B911057D-5673-4EAE-8205-40737B7CC3FA}.Debug|Any CPU.ActiveCfg = Debug|Any CPU
		{B911057D-5673-4EAE-8205-40737B7CC3FA}.Debug|Any CPU.Build.0 = Debug|Any CPU
		{B911057D-5673-4EAE-8205-40737B7CC3FA}.Release|Any CPU.ActiveCfg = Release|Any CPU
		{B911057D-5673-4EAE-8205-40737B7CC3FA}.Release|Any CPU.Build.0 = Release|Any CPU
		{3FC3A452-7AD6-4EB8-A2CD-45EEAD027393}.Debug|Any CPU.ActiveCfg = Debug|Any CPU
		{3FC3A452-7AD6-4EB8-A2CD-45EEAD027393}.Debug|Any CPU.Build.0 = Debug|Any CPU
		{3FC3A452-7AD6-4EB8-A2CD-45EEAD027393}.Release|Any CPU.ActiveCfg = Release|Any CPU
		{3FC3A452-7AD6-4EB8-A2CD-45EEAD027393}.Release|Any CPU.Build.0 = Release|Any CPU
		{918DE77F-88E5-4F30-ACB1-059A1AEA7B3D}.Debug|Any CPU.ActiveCfg = Debug|Any CPU
		{918DE77F-88E5-4F30-ACB1-059A1AEA7B3D}.Debug|Any CPU.Build.0 = Debug|Any CPU
		{918DE77F-88E5-4F30-ACB1-059A1AEA7B3D}.Release|Any CPU.ActiveCfg = Release|Any CPU
		{918DE77F-88E5-4F30-ACB1-059A1AEA7B3D}.Release|Any CPU.Build.0 = Release|Any CPU
		{E85AB36C-8600-4EDF-9237-83CBC5568752}.Debug|Any CPU.ActiveCfg = Debug|Any CPU
		{E85AB36C-8600-4EDF-9237-83CBC5568752}.Debug|Any CPU.Build.0 = Debug|Any CPU
		{E85AB36C-8600-4EDF-9237-83CBC5568752}.Release|Any CPU.ActiveCfg = Release|Any CPU
		{E85AB36C-8600-4EDF-9237-83CBC5568752}.Release|Any CPU.Build.0 = Release|Any CPU
		{09823B80-83E7-4340-B4E5-EAC95D28BCD0}.Debug|Any CPU.ActiveCfg = Debug|Any CPU
		{09823B80-83E7-4340-B4E5-EAC95D28BCD0}.Debug|Any CPU.Build.0 = Debug|Any CPU
		{09823B80-83E7-4340-B4E5-EAC95D28BCD0}.Release|Any CPU.ActiveCfg = Release|Any CPU
		{09823B80-83E7-4340-B4E5-EAC95D28BCD0}.Release|Any CPU.Build.0 = Release|Any CPU
	EndGlobalSection
	GlobalSection(SolutionProperties) = preSolution
		HideSolutionNode = FALSE
	EndGlobalSection
EndGlobal
