
Microsoft Visual Studio Solution File, Format Version 12.00
# Visual Studio 15
VisualStudioVersion = 15.0.27130.2010
MinimumVisualStudioVersion = 10.0.40219.1
Project("{FAE04EC0-301F-11D3-BF4B-00C04F79EFBC}") = "ReliableServices", "ReliableServices\ReliableServices.csproj", "{BAB409E2-3370-401D-96BF-9A10A7BFFC91}"
EndProject
Project("{2150E333-8FDC-42A3-9474-1A3956D46DE8}") = "PSharp", "PSharp", "{39BBF28E-8EC4-4EB1-826F-224AC5101D69}"
EndProject
Project("{9A19103F-16F7-4668-BE54-9A1E7A4F7556}") = "Core", "..\..\Core\Core.csproj", "{7095295A-CD08-4F57-97D3-E482265B421E}"
EndProject
Project("{9A19103F-16F7-4668-BE54-9A1E7A4F7556}") = "TestingServices", "..\..\TestingServices\TestingServices.csproj", "{C24174D7-A37A-46E7-A54E-2844251E8B6E}"
EndProject
Project("{FAE04EC0-301F-11D3-BF4B-00C04F79EFBC}") = "StateManagerMock", "StateManagerMock\StateManagerMock.csproj", "{B1A703F2-EF2B-4083-9A41-ABF897F94B7E}"
EndProject
Project("{FAE04EC0-301F-11D3-BF4B-00C04F79EFBC}") = "ReliableStateMachines.Tests.Unit", "ReliableStateMachines.Tests.Unit\ReliableStateMachines.Tests.Unit.csproj", "{549041C7-9D11-4753-A8D3-3812835FFA40}"
EndProject
Global
	GlobalSection(SolutionConfigurationPlatforms) = preSolution
		Debug|Any CPU = Debug|Any CPU
		Debug|x64 = Debug|x64
		Release|Any CPU = Release|Any CPU
		Release|x64 = Release|x64
	EndGlobalSection
	GlobalSection(ProjectConfigurationPlatforms) = postSolution
		{BAB409E2-3370-401D-96BF-9A10A7BFFC91}.Debug|Any CPU.ActiveCfg = Debug|Any CPU
		{BAB409E2-3370-401D-96BF-9A10A7BFFC91}.Debug|Any CPU.Build.0 = Debug|Any CPU
		{BAB409E2-3370-401D-96BF-9A10A7BFFC91}.Debug|x64.ActiveCfg = Debug|x64
		{BAB409E2-3370-401D-96BF-9A10A7BFFC91}.Debug|x64.Build.0 = Debug|x64
		{BAB409E2-3370-401D-96BF-9A10A7BFFC91}.Release|Any CPU.ActiveCfg = Release|Any CPU
		{BAB409E2-3370-401D-96BF-9A10A7BFFC91}.Release|Any CPU.Build.0 = Release|Any CPU
		{BAB409E2-3370-401D-96BF-9A10A7BFFC91}.Release|x64.ActiveCfg = Release|x64
		{BAB409E2-3370-401D-96BF-9A10A7BFFC91}.Release|x64.Build.0 = Release|x64
		{7095295A-CD08-4F57-97D3-E482265B421E}.Debug|Any CPU.ActiveCfg = Debug|Any CPU
		{7095295A-CD08-4F57-97D3-E482265B421E}.Debug|Any CPU.Build.0 = Debug|Any CPU
		{7095295A-CD08-4F57-97D3-E482265B421E}.Debug|x64.ActiveCfg = Debug|Any CPU
		{7095295A-CD08-4F57-97D3-E482265B421E}.Debug|x64.Build.0 = Debug|Any CPU
		{7095295A-CD08-4F57-97D3-E482265B421E}.Release|Any CPU.ActiveCfg = Release|Any CPU
		{7095295A-CD08-4F57-97D3-E482265B421E}.Release|Any CPU.Build.0 = Release|Any CPU
		{7095295A-CD08-4F57-97D3-E482265B421E}.Release|x64.ActiveCfg = Release|Any CPU
		{7095295A-CD08-4F57-97D3-E482265B421E}.Release|x64.Build.0 = Release|Any CPU
		{C24174D7-A37A-46E7-A54E-2844251E8B6E}.Debug|Any CPU.ActiveCfg = Debug|Any CPU
		{C24174D7-A37A-46E7-A54E-2844251E8B6E}.Debug|Any CPU.Build.0 = Debug|Any CPU
		{C24174D7-A37A-46E7-A54E-2844251E8B6E}.Debug|x64.ActiveCfg = Debug|Any CPU
		{C24174D7-A37A-46E7-A54E-2844251E8B6E}.Debug|x64.Build.0 = Debug|Any CPU
		{C24174D7-A37A-46E7-A54E-2844251E8B6E}.Release|Any CPU.ActiveCfg = Release|Any CPU
		{C24174D7-A37A-46E7-A54E-2844251E8B6E}.Release|Any CPU.Build.0 = Release|Any CPU
		{C24174D7-A37A-46E7-A54E-2844251E8B6E}.Release|x64.ActiveCfg = Release|Any CPU
		{C24174D7-A37A-46E7-A54E-2844251E8B6E}.Release|x64.Build.0 = Release|Any CPU
		{B1A703F2-EF2B-4083-9A41-ABF897F94B7E}.Debug|Any CPU.ActiveCfg = Debug|Any CPU
		{B1A703F2-EF2B-4083-9A41-ABF897F94B7E}.Debug|Any CPU.Build.0 = Debug|Any CPU
		{B1A703F2-EF2B-4083-9A41-ABF897F94B7E}.Debug|x64.ActiveCfg = Debug|Any CPU
		{B1A703F2-EF2B-4083-9A41-ABF897F94B7E}.Debug|x64.Build.0 = Debug|Any CPU
		{B1A703F2-EF2B-4083-9A41-ABF897F94B7E}.Release|Any CPU.ActiveCfg = Release|Any CPU
		{B1A703F2-EF2B-4083-9A41-ABF897F94B7E}.Release|Any CPU.Build.0 = Release|Any CPU
		{B1A703F2-EF2B-4083-9A41-ABF897F94B7E}.Release|x64.ActiveCfg = Release|Any CPU
		{B1A703F2-EF2B-4083-9A41-ABF897F94B7E}.Release|x64.Build.0 = Release|Any CPU
		{549041C7-9D11-4753-A8D3-3812835FFA40}.Debug|Any CPU.ActiveCfg = Debug|Any CPU
		{549041C7-9D11-4753-A8D3-3812835FFA40}.Debug|Any CPU.Build.0 = Debug|Any CPU
		{549041C7-9D11-4753-A8D3-3812835FFA40}.Debug|x64.ActiveCfg = Debug|Any CPU
		{549041C7-9D11-4753-A8D3-3812835FFA40}.Debug|x64.Build.0 = Debug|Any CPU
		{549041C7-9D11-4753-A8D3-3812835FFA40}.Release|Any CPU.ActiveCfg = Release|Any CPU
		{549041C7-9D11-4753-A8D3-3812835FFA40}.Release|Any CPU.Build.0 = Release|Any CPU
		{549041C7-9D11-4753-A8D3-3812835FFA40}.Release|x64.ActiveCfg = Release|Any CPU
		{549041C7-9D11-4753-A8D3-3812835FFA40}.Release|x64.Build.0 = Release|Any CPU
	EndGlobalSection
	GlobalSection(SolutionProperties) = preSolution
		HideSolutionNode = FALSE
	EndGlobalSection
	GlobalSection(NestedProjects) = preSolution
		{7095295A-CD08-4F57-97D3-E482265B421E} = {39BBF28E-8EC4-4EB1-826F-224AC5101D69}
		{C24174D7-A37A-46E7-A54E-2844251E8B6E} = {39BBF28E-8EC4-4EB1-826F-224AC5101D69}
	EndGlobalSection
	GlobalSection(ExtensibilityGlobals) = postSolution
		SolutionGuid = {4A93451B-3795-4BFA-A2FD-FC961F52510A}
	EndGlobalSection
EndGlobal
