
Microsoft Visual Studio Solution File, Format Version 12.00
# Visual Studio 14
VisualStudioVersion = 14.0.24720.0
MinimumVisualStudioVersion = 10.0.40219.1
Project("{FAE04EC0-301F-11D3-BF4B-00C04F79EFBC}") = "AsyncAwait", "AsyncAwait\AsyncAwait.csproj", "{7155089C-3B5D-421B-B231-919382459B3D}"
EndProject
Project("{FAE04EC0-301F-11D3-BF4B-00C04F79EFBC}") = "AsyncAwaitStateMachine", "AsyncAwaitStateMachine\AsyncAwaitStateMachine.csproj", "{28B3D298-51FD-433D-965B-5381FEBE774A}"
EndProject
Global
	GlobalSection(SolutionConfigurationPlatforms) = preSolution
		Debug|Any CPU = Debug|Any CPU
		Release|Any CPU = Release|Any CPU
	EndGlobalSection
	GlobalSection(ProjectConfigurationPlatforms) = postSolution
		{7155089C-3B5D-421B-B231-919382459B3D}.Debug|Any CPU.ActiveCfg = Debug|Any CPU
		{7155089C-3B5D-421B-B231-919382459B3D}.Debug|Any CPU.Build.0 = Debug|Any CPU
		{7155089C-3B5D-421B-B231-919382459B3D}.Release|Any CPU.ActiveCfg = Release|Any CPU
		{7155089C-3B5D-421B-B231-919382459B3D}.Release|Any CPU.Build.0 = Release|Any CPU
		{28B3D298-51FD-433D-965B-5381FEBE774A}.Debug|Any CPU.ActiveCfg = Debug|Any CPU
		{28B3D298-51FD-433D-965B-5381FEBE774A}.Debug|Any CPU.Build.0 = Debug|Any CPU
		{28B3D298-51FD-433D-965B-5381FEBE774A}.Release|Any CPU.ActiveCfg = Release|Any CPU
		{28B3D298-51FD-433D-965B-5381FEBE774A}.Release|Any CPU.Build.0 = Release|Any CPU
	EndGlobalSection
	GlobalSection(SolutionProperties) = preSolution
		HideSolutionNode = FALSE
	EndGlobalSection
EndGlobal
