
Microsoft Visual Studio Solution File, Format Version 12.00
# Visual Studio 14
VisualStudioVersion = 14.0.25420.1
MinimumVisualStudioVersion = 10.0.40219.1
Project("{2150E333-8FDC-42A3-9474-1A3956D46DE8}") = "Samples", "Samples", "{B8FF079A-CF0F-4407-B23B-6A7A5C91D691}"
EndProject
Project("{FAE04EC0-301F-11D3-BF4B-00C04F79EFBC}") = "CacheCoherence.PSharpLibrary", "CacheCoherence.PSharpLibrary\CacheCoherence.PSharpLibrary.csproj", "{CC95520D-F5BE-40B7-8161-3DCC89B9FE66}"
EndProject
Project("{FAE04EC0-301F-11D3-BF4B-00C04F79EFBC}") = "CacheCoherence.PSharpLanguage", "CacheCoherence.PSharpLanguage\CacheCoherence.PSharpLanguage.csproj", "{3FC3A452-7AD6-4EB8-A2CD-45EEAD027393}"
EndProject
Global
	GlobalSection(SolutionConfigurationPlatforms) = preSolution
		Debug|Any CPU = Debug|Any CPU
		Release|Any CPU = Release|Any CPU
	EndGlobalSection
	GlobalSection(ProjectConfigurationPlatforms) = postSolution
		{CC95520D-F5BE-40B7-8161-3DCC89B9FE66}.Debug|Any CPU.ActiveCfg = Debug|Any CPU
		{CC95520D-F5BE-40B7-8161-3DCC89B9FE66}.Debug|Any CPU.Build.0 = Debug|Any CPU
		{CC95520D-F5BE-40B7-8161-3DCC89B9FE66}.Release|Any CPU.ActiveCfg = Release|Any CPU
		{CC95520D-F5BE-40B7-8161-3DCC89B9FE66}.Release|Any CPU.Build.0 = Release|Any CPU
		{3FC3A452-7AD6-4EB8-A2CD-45EEAD027393}.Debug|Any CPU.ActiveCfg = Debug|Any CPU
		{3FC3A452-7AD6-4EB8-A2CD-45EEAD027393}.Debug|Any CPU.Build.0 = Debug|Any CPU
		{3FC3A452-7AD6-4EB8-A2CD-45EEAD027393}.Release|Any CPU.ActiveCfg = Release|Any CPU
		{3FC3A452-7AD6-4EB8-A2CD-45EEAD027393}.Release|Any CPU.Build.0 = Release|Any CPU
	EndGlobalSection
	GlobalSection(SolutionProperties) = preSolution
		HideSolutionNode = FALSE
	EndGlobalSection
	GlobalSection(NestedProjects) = preSolution
		{CC95520D-F5BE-40B7-8161-3DCC89B9FE66} = {B8FF079A-CF0F-4407-B23B-6A7A5C91D691}
		{3FC3A452-7AD6-4EB8-A2CD-45EEAD027393} = {B8FF079A-CF0F-4407-B23B-6A7A5C91D691}
	EndGlobalSection
EndGlobal
