
Microsoft Visual Studio Solution File, Format Version 12.00
# Visual Studio 14
VisualStudioVersion = 14.0.25420.1
MinimumVisualStudioVersion = 10.0.40219.1
Project("{2150E333-8FDC-42A3-9474-1A3956D46DE8}") = "Samples", "Samples", "{B8FF079A-CF0F-4407-B23B-6A7A5C91D691}"
EndProject
Project("{FAE04EC0-301F-11D3-BF4B-00C04F79EFBC}") = "Chord.PSharpLibrary", "Chord.PSharpLibrary\Chord.PSharpLibrary.csproj", "{C851A75E-F49D-4A5D-9BF4-BB7746292BE6}"
EndProject
Global
	GlobalSection(SolutionConfigurationPlatforms) = preSolution
		Debug|Any CPU = Debug|Any CPU
		Release|Any CPU = Release|Any CPU
	EndGlobalSection
	GlobalSection(ProjectConfigurationPlatforms) = postSolution
		{C851A75E-F49D-4A5D-9BF4-BB7746292BE6}.Debug|Any CPU.ActiveCfg = Debug|Any CPU
		{C851A75E-F49D-4A5D-9BF4-BB7746292BE6}.Debug|Any CPU.Build.0 = Debug|Any CPU
		{C851A75E-F49D-4A5D-9BF4-BB7746292BE6}.Release|Any CPU.ActiveCfg = Release|Any CPU
		{C851A75E-F49D-4A5D-9BF4-BB7746292BE6}.Release|Any CPU.Build.0 = Release|Any CPU
	EndGlobalSection
	GlobalSection(SolutionProperties) = preSolution
		HideSolutionNode = FALSE
	EndGlobalSection
	GlobalSection(NestedProjects) = preSolution
		{C851A75E-F49D-4A5D-9BF4-BB7746292BE6} = {B8FF079A-CF0F-4407-B23B-6A7A5C91D691}
	EndGlobalSection
EndGlobal
