
Microsoft Visual Studio Solution File, Format Version 12.00
# Visual Studio 14
VisualStudioVersion = 14.0.25420.1
MinimumVisualStudioVersion = 10.0.40219.1
Project("{FAE04EC0-301F-11D3-BF4B-00C04F79EFBC}") = "ProcessScheduler", "SpinBenchmarks\ProcessScheduler.csproj", "{16D49C02-E35E-4E91-8B1C-839071952AF8}"
EndProject
Project("{FAE04EC0-301F-11D3-BF4B-00C04F79EFBC}") = "LeaderElection", "LeaderElection\LeaderElection.csproj", "{D4A4FDF5-5C29-4698-A4FF-8C5C18592533}"
EndProject
Project("{FAE04EC0-301F-11D3-BF4B-00C04F79EFBC}") = "SlidingWindowProtocol", "SlidingWindowProtocol\SlidingWindowProtocol.csproj", "{8C7839EC-E844-4D0A-BEB7-FA8891FDF3F4}"
EndProject
Global
	GlobalSection(SolutionConfigurationPlatforms) = preSolution
		Debug|Any CPU = Debug|Any CPU
		Release|Any CPU = Release|Any CPU
	EndGlobalSection
	GlobalSection(ProjectConfigurationPlatforms) = postSolution
		{16D49C02-E35E-4E91-8B1C-839071952AF8}.Debug|Any CPU.ActiveCfg = Debug|Any CPU
		{16D49C02-E35E-4E91-8B1C-839071952AF8}.Debug|Any CPU.Build.0 = Debug|Any CPU
		{16D49C02-E35E-4E91-8B1C-839071952AF8}.Release|Any CPU.ActiveCfg = Release|Any CPU
		{16D49C02-E35E-4E91-8B1C-839071952AF8}.Release|Any CPU.Build.0 = Release|Any CPU
		{D4A4FDF5-5C29-4698-A4FF-8C5C18592533}.Debug|Any CPU.ActiveCfg = Debug|Any CPU
		{D4A4FDF5-5C29-4698-A4FF-8C5C18592533}.Debug|Any CPU.Build.0 = Debug|Any CPU
		{D4A4FDF5-5C29-4698-A4FF-8C5C18592533}.Release|Any CPU.ActiveCfg = Release|Any CPU
		{D4A4FDF5-5C29-4698-A4FF-8C5C18592533}.Release|Any CPU.Build.0 = Release|Any CPU
		{8C7839EC-E844-4D0A-BEB7-FA8891FDF3F4}.Debug|Any CPU.ActiveCfg = Debug|Any CPU
		{8C7839EC-E844-4D0A-BEB7-FA8891FDF3F4}.Debug|Any CPU.Build.0 = Debug|Any CPU
		{8C7839EC-E844-4D0A-BEB7-FA8891FDF3F4}.Release|Any CPU.ActiveCfg = Release|Any CPU
		{8C7839EC-E844-4D0A-BEB7-FA8891FDF3F4}.Release|Any CPU.Build.0 = Release|Any CPU
	EndGlobalSection
	GlobalSection(SolutionProperties) = preSolution
		HideSolutionNode = FALSE
	EndGlobalSection
EndGlobal
