
Microsoft Visual Studio Solution File, Format Version 12.00
# Visual Studio 15
VisualStudioVersion = 15.0.28307.757
MinimumVisualStudioVersion = 10.0.40219.1
Project("{9A19103F-16F7-4668-BE54-9A1E7A4F7556}") = "PartialOrderSlicingClient", "PartialOrderSlicingClient.csproj", "{8BB04FFD-4271-4745-886B-2385209B2F56}"
EndProject
Global
	GlobalSection(SolutionConfigurationPlatforms) = preSolution
		Debug|Any CPU = Debug|Any CPU
		Release|Any CPU = Release|Any CPU
	EndGlobalSection
	GlobalSection(ProjectConfigurationPlatforms) = postSolution
		{8BB04FFD-4271-4745-886B-2385209B2F56}.Debug|Any CPU.ActiveCfg = Debug|Any CPU
		{8BB04FFD-4271-4745-886B-2385209B2F56}.Debug|Any CPU.Build.0 = Debug|Any CPU
		{8BB04FFD-4271-4745-886B-2385209B2F56}.Release|Any CPU.ActiveCfg = Release|Any CPU
		{8BB04FFD-4271-4745-886B-2385209B2F56}.Release|Any CPU.Build.0 = Release|Any CPU
	EndGlobalSection
	GlobalSection(SolutionProperties) = preSolution
		HideSolutionNode = FALSE
	EndGlobalSection
	GlobalSection(ExtensibilityGlobals) = postSolution
		SolutionGuid = {E06A0462-4FDC-4635-BD59-B92ECF4BDEE5}
	EndGlobalSection
EndGlobal
