
Microsoft Visual Studio Solution File, Format Version 12.00
# Visual Studio 14
VisualStudioVersion = 14.0.25420.1
MinimumVisualStudioVersion = 10.0.40219.1
Project("{2150E333-8FDC-42A3-9474-1A3956D46DE8}") = "Samples", "Samples", "{B8FF079A-CF0F-4407-B23B-6A7A5C91D691}"
EndProject
Project("{FAE04EC0-301F-11D3-BF4B-00C04F79EFBC}") = "Raft.PSharpLibrary", "Raft.PSharpLibrary\Raft.PSharpLibrary.csproj", "{30E6C291-9479-437D-9E51-C0855B5C9447}"
EndProject
Project("{FAE04EC0-301F-11D3-BF4B-00C04F79EFBC}") = "Raft.PSharpLanguage", "Raft.PSharpLanguage\Raft.PSharpLanguage.csproj", "{214E1042-FEF1-442E-B72C-532AE52B9933}"
EndProject
Global
	GlobalSection(SolutionConfigurationPlatforms) = preSolution
		Debug|Any CPU = Debug|Any CPU
		Release|Any CPU = Release|Any CPU
	EndGlobalSection
	GlobalSection(ProjectConfigurationPlatforms) = postSolution
		{30E6C291-9479-437D-9E51-C0855B5C9447}.Debug|Any CPU.ActiveCfg = Debug|Any CPU
		{30E6C291-9479-437D-9E51-C0855B5C9447}.Debug|Any CPU.Build.0 = Debug|Any CPU
		{30E6C291-9479-437D-9E51-C0855B5C9447}.Release|Any CPU.ActiveCfg = Release|Any CPU
		{30E6C291-9479-437D-9E51-C0855B5C9447}.Release|Any CPU.Build.0 = Release|Any CPU
		{214E1042-FEF1-442E-B72C-532AE52B9933}.Debug|Any CPU.ActiveCfg = Debug|Any CPU
		{214E1042-FEF1-442E-B72C-532AE52B9933}.Debug|Any CPU.Build.0 = Debug|Any CPU
		{214E1042-FEF1-442E-B72C-532AE52B9933}.Release|Any CPU.ActiveCfg = Release|Any CPU
		{214E1042-FEF1-442E-B72C-532AE52B9933}.Release|Any CPU.Build.0 = Release|Any CPU
	EndGlobalSection
	GlobalSection(SolutionProperties) = preSolution
		HideSolutionNode = FALSE
	EndGlobalSection
	GlobalSection(NestedProjects) = preSolution
		{30E6C291-9479-437D-9E51-C0855B5C9447} = {B8FF079A-CF0F-4407-B23B-6A7A5C91D691}
		{214E1042-FEF1-442E-B72C-532AE52B9933} = {B8FF079A-CF0F-4407-B23B-6A7A5C91D691}
	EndGlobalSection
EndGlobal
