
Microsoft Visual Studio Solution File, Format Version 12.00
# Visual Studio 14
VisualStudioVersion = 14.0.24720.0
MinimumVisualStudioVersion = 10.0.40219.1
Project("{FAE04EC0-301F-11D3-BF4B-00C04F79EFBC}") = "RaceDetection", "RaceDetection\RaceDetection.csproj", "{333151E2-BBE0-427F-B8B1-5F5F287BA22E}"
EndProject
Project("{FAE04EC0-301F-11D3-BF4B-00C04F79EFBC}") = "Base", "Base\Base.csproj", "{30B8E8D1-D548-4620-8323-D60FCAA55A82}"
EndProject
Project("{FAE04EC0-301F-11D3-BF4B-00C04F79EFBC}") = "ProgramTrace", "ProgramTrace\ProgramTrace.csproj", "{5C71EA90-56D6-43D3-88FB-5624E791E25E}"
EndProject
Project("{FAE04EC0-301F-11D3-BF4B-00C04F79EFBC}") = "Offline", "Offline\Offline.csproj", "{21A293BF-608B-4FF5-9512-BE21380CE470}"
EndProject
Global
	GlobalSection(SolutionConfigurationPlatforms) = preSolution
		Debug|Any CPU = Debug|Any CPU
		Release|Any CPU = Release|Any CPU
	EndGlobalSection
	GlobalSection(ProjectConfigurationPlatforms) = postSolution
		{333151E2-BBE0-427F-B8B1-5F5F287BA22E}.Debug|Any CPU.ActiveCfg = Debug|Any CPU
		{333151E2-BBE0-427F-B8B1-5F5F287BA22E}.Debug|Any CPU.Build.0 = Debug|Any CPU
		{333151E2-BBE0-427F-B8B1-5F5F287BA22E}.Release|Any CPU.ActiveCfg = Release|Any CPU
		{333151E2-BBE0-427F-B8B1-5F5F287BA22E}.Release|Any CPU.Build.0 = Release|Any CPU
		{30B8E8D1-D548-4620-8323-D60FCAA55A82}.Debug|Any CPU.ActiveCfg = Debug|Any CPU
		{30B8E8D1-D548-4620-8323-D60FCAA55A82}.Debug|Any CPU.Build.0 = Debug|Any CPU
		{30B8E8D1-D548-4620-8323-D60FCAA55A82}.Release|Any CPU.ActiveCfg = Release|Any CPU
		{30B8E8D1-D548-4620-8323-D60FCAA55A82}.Release|Any CPU.Build.0 = Release|Any CPU
		{5C71EA90-56D6-43D3-88FB-5624E791E25E}.Debug|Any CPU.ActiveCfg = Debug|Any CPU
		{5C71EA90-56D6-43D3-88FB-5624E791E25E}.Debug|Any CPU.Build.0 = Debug|Any CPU
		{5C71EA90-56D6-43D3-88FB-5624E791E25E}.Release|Any CPU.ActiveCfg = Release|Any CPU
		{5C71EA90-56D6-43D3-88FB-5624E791E25E}.Release|Any CPU.Build.0 = Release|Any CPU
		{21A293BF-608B-4FF5-9512-BE21380CE470}.Debug|Any CPU.ActiveCfg = Debug|Any CPU
		{21A293BF-608B-4FF5-9512-BE21380CE470}.Debug|Any CPU.Build.0 = Debug|Any CPU
		{21A293BF-608B-4FF5-9512-BE21380CE470}.Release|Any CPU.ActiveCfg = Release|Any CPU
		{21A293BF-608B-4FF5-9512-BE21380CE470}.Release|Any CPU.Build.0 = Release|Any CPU
	EndGlobalSection
	GlobalSection(SolutionProperties) = preSolution
		HideSolutionNode = FALSE
	EndGlobalSection
EndGlobal
