
Microsoft Visual Studio Solution File, Format Version 12.00
# Visual Studio 14
VisualStudioVersion = 14.0.25420.1
MinimumVisualStudioVersion = 10.0.40219.1
Project("{2150E333-8FDC-42A3-9474-1A3956D46DE8}") = "Samples", "Samples", "{B8FF079A-CF0F-4407-B23B-6A7A5C91D691}"
EndProject
Project("{FAE04EC0-301F-11D3-BF4B-00C04F79EFBC}") = "PingPong.PSharpLibrary", "PingPong.PSharpLibrary\PingPong.PSharpLibrary.csproj", "{10C7093E-9C35-48DC-B23B-DFBF5994591E}"
EndProject
Project("{FAE04EC0-301F-11D3-BF4B-00C04F79EFBC}") = "PingPong.PSharpLanguage", "PingPong.PSharpLanguage\PingPong.PSharpLanguage.csproj", "{84B8D8D7-9747-41C3-9C98-4F1E55D3FC64}"
EndProject
Project("{FAE04EC0-301F-11D3-BF4B-00C04F79EFBC}") = "PingPong.CustomLogging", "PingPong.CustomLogging\PingPong.CustomLogging.csproj", "{E16E1D11-CD1F-4A3C-A2DE-C54B749D7885}"
EndProject
Project("{FAE04EC0-301F-11D3-BF4B-00C04F79EFBC}") = "PingPong.MixedMode", "PingPong.MixedMode\PingPong.MixedMode.csproj", "{25D12E62-1FBF-48ED-B677-6B0C20908894}"
EndProject
Project("{FAE04EC0-301F-11D3-BF4B-00C04F79EFBC}") = "PingPong.AsyncAwait", "PingPong.AsyncAwait\PingPong.AsyncAwait.csproj", "{8E689F58-4D2A-4050-9D66-93A1C35CA374}"
EndProject
Global
	GlobalSection(SolutionConfigurationPlatforms) = preSolution
		Debug|Any CPU = Debug|Any CPU
		Release|Any CPU = Release|Any CPU
	EndGlobalSection
	GlobalSection(ProjectConfigurationPlatforms) = postSolution
		{10C7093E-9C35-48DC-B23B-DFBF5994591E}.Debug|Any CPU.ActiveCfg = Debug|Any CPU
		{10C7093E-9C35-48DC-B23B-DFBF5994591E}.Debug|Any CPU.Build.0 = Debug|Any CPU
		{10C7093E-9C35-48DC-B23B-DFBF5994591E}.Release|Any CPU.ActiveCfg = Release|Any CPU
		{10C7093E-9C35-48DC-B23B-DFBF5994591E}.Release|Any CPU.Build.0 = Release|Any CPU
		{84B8D8D7-9747-41C3-9C98-4F1E55D3FC64}.Debug|Any CPU.ActiveCfg = Debug|Any CPU
		{84B8D8D7-9747-41C3-9C98-4F1E55D3FC64}.Debug|Any CPU.Build.0 = Debug|Any CPU
		{84B8D8D7-9747-41C3-9C98-4F1E55D3FC64}.Release|Any CPU.ActiveCfg = Release|Any CPU
		{84B8D8D7-9747-41C3-9C98-4F1E55D3FC64}.Release|Any CPU.Build.0 = Release|Any CPU
		{E16E1D11-CD1F-4A3C-A2DE-C54B749D7885}.Debug|Any CPU.ActiveCfg = Debug|Any CPU
		{E16E1D11-CD1F-4A3C-A2DE-C54B749D7885}.Debug|Any CPU.Build.0 = Debug|Any CPU
		{E16E1D11-CD1F-4A3C-A2DE-C54B749D7885}.Release|Any CPU.ActiveCfg = Release|Any CPU
		{E16E1D11-CD1F-4A3C-A2DE-C54B749D7885}.Release|Any CPU.Build.0 = Release|Any CPU
		{25D12E62-1FBF-48ED-B677-6B0C20908894}.Debug|Any CPU.ActiveCfg = Debug|Any CPU
		{25D12E62-1FBF-48ED-B677-6B0C20908894}.Debug|Any CPU.Build.0 = Debug|Any CPU
		{25D12E62-1FBF-48ED-B677-6B0C20908894}.Release|Any CPU.ActiveCfg = Release|Any CPU
		{25D12E62-1FBF-48ED-B677-6B0C20908894}.Release|Any CPU.Build.0 = Release|Any CPU
		{8E689F58-4D2A-4050-9D66-93A1C35CA374}.Debug|Any CPU.ActiveCfg = Debug|Any CPU
		{8E689F58-4D2A-4050-9D66-93A1C35CA374}.Debug|Any CPU.Build.0 = Debug|Any CPU
		{8E689F58-4D2A-4050-9D66-93A1C35CA374}.Release|Any CPU.ActiveCfg = Release|Any CPU
		{8E689F58-4D2A-4050-9D66-93A1C35CA374}.Release|Any CPU.Build.0 = Release|Any CPU
	EndGlobalSection
	GlobalSection(SolutionProperties) = preSolution
		HideSolutionNode = FALSE
	EndGlobalSection
	GlobalSection(NestedProjects) = preSolution
		{10C7093E-9C35-48DC-B23B-DFBF5994591E} = {B8FF079A-CF0F-4407-B23B-6A7A5C91D691}
		{84B8D8D7-9747-41C3-9C98-4F1E55D3FC64} = {B8FF079A-CF0F-4407-B23B-6A7A5C91D691}
		{E16E1D11-CD1F-4A3C-A2DE-C54B749D7885} = {B8FF079A-CF0F-4407-B23B-6A7A5C91D691}
		{25D12E62-1FBF-48ED-B677-6B0C20908894} = {B8FF079A-CF0F-4407-B23B-6A7A5C91D691}
		{8E689F58-4D2A-4050-9D66-93A1C35CA374} = {B8FF079A-CF0F-4407-B23B-6A7A5C91D691}
	EndGlobalSection
EndGlobal
