
Microsoft Visual Studio Solution File, Format Version 12.00
# Visual Studio 14
VisualStudioVersion = 14.0.25420.1
MinimumVisualStudioVersion = 10.0.40219.1
Project("{2150E333-8FDC-42A3-9474-1A3956D46DE8}") = "Samples", "Samples", "{B8FF079A-CF0F-4407-B23B-6A7A5C91D691}"
EndProject
Project("{FAE04EC0-301F-11D3-BF4B-00C04F79EFBC}") = "ReplicatingStorage.PSharpLibrary", "ReplicatingStorage.PSharpLibrary\ReplicatingStorage.PSharpLibrary.csproj", "{4F4ECEC3-A83A-4A27-AC55-D6888D314BA9}"
EndProject
Project("{FAE04EC0-301F-11D3-BF4B-00C04F79EFBC}") = "ReplicatingStorage.PSharpLanguage", "ReplicatingStorage.PSharpLanguage\ReplicatingStorage.PSharpLanguage.csproj", "{AD7C880A-7B3C-4DA4-B847-D7A324CEE0EA}"
EndProject
Global
	GlobalSection(SolutionConfigurationPlatforms) = preSolution
		Debug|Any CPU = Debug|Any CPU
		Release|Any CPU = Release|Any CPU
	EndGlobalSection
	GlobalSection(ProjectConfigurationPlatforms) = postSolution
		{4F4ECEC3-A83A-4A27-AC55-D6888D314BA9}.Debug|Any CPU.ActiveCfg = Debug|Any CPU
		{4F4ECEC3-A83A-4A27-AC55-D6888D314BA9}.Debug|Any CPU.Build.0 = Debug|Any CPU
		{4F4ECEC3-A83A-4A27-AC55-D6888D314BA9}.Release|Any CPU.ActiveCfg = Release|Any CPU
		{4F4ECEC3-A83A-4A27-AC55-D6888D314BA9}.Release|Any CPU.Build.0 = Release|Any CPU
		{AD7C880A-7B3C-4DA4-B847-D7A324CEE0EA}.Debug|Any CPU.ActiveCfg = Debug|Any CPU
		{AD7C880A-7B3C-4DA4-B847-D7A324CEE0EA}.Debug|Any CPU.Build.0 = Debug|Any CPU
		{AD7C880A-7B3C-4DA4-B847-D7A324CEE0EA}.Release|Any CPU.ActiveCfg = Release|Any CPU
		{AD7C880A-7B3C-4DA4-B847-D7A324CEE0EA}.Release|Any CPU.Build.0 = Release|Any CPU
	EndGlobalSection
	GlobalSection(SolutionProperties) = preSolution
		HideSolutionNode = FALSE
	EndGlobalSection
	GlobalSection(NestedProjects) = preSolution
		{4F4ECEC3-A83A-4A27-AC55-D6888D314BA9} = {B8FF079A-CF0F-4407-B23B-6A7A5C91D691}
		{AD7C880A-7B3C-4DA4-B847-D7A324CEE0EA} = {B8FF079A-CF0F-4407-B23B-6A7A5C91D691}
	EndGlobalSection
EndGlobal
